AQJTa3kDAAgACgAKAAAAIAAADFhzaGEzLTI1NmFlczI1Ni9vZmJDYXJnby5sb2NrPC+Esf/+nKCCd5OyxW7A9YJLFHXEAMa9VEuXN2aCBWnl6oYnXsfY3SQL9HctlRybe/CXF00PqMJjLmMXet61MZ6rPqHgSXUXZn0VjARxhEhocaRCoxf0v4kH5YeyhQ6u7spL5iqCDF3ysU5hgvULdLh/lIn8FrlSxH5qku0T97RcyynYtpWOaSWbXAEmpyzU0V4Fs1u4GYejldILESGR2RYNcG8yh3IUeT7WHkLaBDYfYIvi26ZIOaFR78IJ9OJrjrf+bile33e1V5FmFEK1AdGVNBtpQXkFNee6x0Jiuft8X7nTzPpaG8vm+vAFLrYAymSjdthfMFzS43Id+5XdN40bo86T6jm1NFo8LT2ULfZF3sC3ihyWmVPT/G6cqSop91i67zEgDEh0y4yyPsDGhi6GeR8gx9B1FOROVE2nUl71plMhvdUB/UldMAWkkwoSFnnVeDGbDdCTfQe52rV0d06KZuXje7rdoaW+57QgLB5WbERdOCF2yrnWUWw8Nut07w/JwXV4L3juNSZCPn7ek5nUuL9DtV0eC84QqaslXmVnLZNc2zvSAoKfhl/1Iuege9cmherSM49dT+2Mo47bq+tmQ6kW8+Mwvco5uFrk8o8exmTbGsF5grbLouLhSi+NHOuFc6gYBY0RDixzISAWAZy8OVizR2GLEXOlTDNzCxod1A/OmZ5CnHW6FC9yyj7aEb8faKpZQZtverAl6YC/0sn89RccKpBfwBSRfDiYv+K7eFkL3advPgYKjhOZ5+Jg/RdDSnmQsIVxMJQv2NnjeNVAiWnol9IiY3ElkemH1vV9kg8ZA1Ro7Z7WKvcScT7yvMKTBGrxqW4pKag1RS6/GXGLNYngLrjSd9SsdKtoLINGuG/FKhuyhilLlTOBTgiAnVQSIy0BQe5oJzBQevIBm9KebvLxZZ9YOhazBz2wos8XyTy59sZxeHJylx5fjVEkR5179H5O5PIQeRlWL4SWsWpolbfI1UF8GmT4LAM7zHoRaZ408Kx0K5goHxSlgHJiJddZLyDdCEUL0va0cChkdw11iIhSn/o948gZEcZtIklbBf+MHJIGZWm6o1chEdrT/gFWiiRQLMcP/cBMTjhUcSaeTFCol3dHhK4zkeX7afG3WznugKAzT25LGBBbvndmKZTvSWbtL6/CeW9nphxcLDbysIHvTR1pc2E79qhxOS/S0ZPGcSCZ8dBZ2jeBMNZEuTy2E5BjB8TmrXDOMlsRUCOt1U69tz/EuZZY+rf3Ng0hfeb/gcPM+e4wd9jjBdm+UL6ETlMS7Y3LnW/MLysL9jrJPTMsilsxw1Mlq4c3VsSAfFyXHpZaVn/kWf8cWx+rjtejMb5pYOo2Nx0qZDF2mc7s0zdxcS0w11FIPxtgy+vBff7VWtNaPYvbMzPdMEwVp0oBUQfufvAQqyRMbytAZMLSbs512mHmHN3FRsBBOXd2cO2Zd79vxKIJ9Ta5r5vKir/4cxIqqbIcm8bQ1b0RDWjslK8p55SfNY0T+3gx/m6k9vydRM+Q5bdyxyc7ZKpl19YmE1qvmokk2C4NvncIyUQG1632KbOWq6KekqIX8wsRKbVCnv8HKRsVGm2dgjMnwiNassTxWIJcKxTzUU2pdf7HzpCrz/7EL87k9M7QyuiKv95XMnYN8jUS71bNAddsD3ZKZwH4Lt1l7abSzYZyd5aKA/zZOeBOW7fa/gR6Im7CPFnhbpArKroXI0/jjkHarg9voowF2xjbRQ1Vp8FWcKxcq0+Jjij7gm7pHWjre/reS43n18/iPL3la60MVpl7kz65jvD83O8tooA1ikeb6F5NgM99sTESqxiGAVl9ijRiMU42cu4WEhIqUGARgFsmwrSdnx58kXVziySsMhtETTW9HBzTbKbIu/Hvhjj2GyTZQDVODlBliKpBXaxXb3ypUYelHzt5MrvfzAMS6R0DH58vypy+Jwluuk96sH3MukC9QuU1J9biFwAQUNOER6yr/nkrVII/9opqpEaUVhcxvkn6OUdEpor9Asun2JtQo03/rIJuKU7DoEzQw5D3qbpGtS0T8REqfBop0STHgfSbPz8SgBiaXoTwrdkV1G4xYknBsH79SkBE7KLNcsfB27OqZsrgBQamf1U7HramFEYc56iIX4dKWVW60VTO20g9rHBPiy/9mG+QwiLdUeP287I9ShSBYvCZgAWYuyJ/I8/MPbT09yxiV5e0CfDNx4FNRgEFYZtAaDtWTTFqyoswa14oDzXth68IrgTDIFt3GSTp3XOVYNt0Z3Tn6uT+oM3WPiJO5wPWtXEXOqW2ZMW2KFHpSfxY45F5obyFuTkHSa8WKh+qklspcemKJKgaGMXfjeP08EPaWC30SgvFGj8tYMr7GY6CLUrl0SuNhbrIvv403tRbhEpNxFBjkEamxS6kp0U4uaSP/+hd2Cvb7QP3rjTp2XLhfCDRkp+e9NecUuYVZo/r5fuksHIhbMk3+stUdNkQv/VCVZrGKa4uv3pW5zon9bvHzzTeCzSdtXqxzo16M8oxSm0LvcLBetfyxs7UWho+ZcEzKItzWT+QSyT2rJcZAF4DuPxMP7maaQYldMvtEjugWmCQgKavKxXl3YDTYgom2xbER8vNi3O38y78lszzQjrnGZn4q3DTJZvwErN/aNWyXuNCa03IWBFY9xgbLJODwlqjqWA6UNl3V5fQ7UqnT8ryTDQuo47rDUqyEB5z48J6hE8uFa+/zJ0YLIimhNcEn653iuEw2TrPUmvXlRoLeSmqcfqEhoqvyoY2fUyvxmXPpKnLUpRfre3z0Gc3+Q7h403Do5NwuJ1z7g4LBE6d63frZ5v40C3kRbm1xNBkkQiNBuNbiZLSaCwfCBpGI5zQOWjomS6cXXEdd0xJnwhGtO1D3zSAI/eIXZN7r+K8KdxmIe6wvT/d1wwPTTAeTnXm9tMjpQh9HZzUnkhAYS4oIKgmXqlaWkwRIQ5nLitWIUdtp8MEWPLy7kjee/GQZfpYWlTuSNOqoEN6o/jZ4H6Zb12wmpDRxgK9JRHXvJCs6AwPy4yUlYSU9LXwoAsG5Rm7+yBlHiVRFWIuZ/PD7fDiziuzl4QmAmZjMoXEfR9GTIsMkaDXopC2Udt7m3dqXJESY5aXJjyaYemTCmGmJuL/sKGiNwFAOIFcbqw5ApkTjmJoR/Yx7mdxeg1DF2bKCD01Txax8Uok3iUHwf6pMNl20xPEY09X4rL32W1/WmztYbNdLdg7v4tk+ypxCdMNtMC/GRdch2K7DYi494gL4U2sXyhjW8MDJMrfBlA+Q9fg6pso/8EkdHo5veVoPHu+OZSyk6MQUs+Ll+JhKw3Ftyz/8aSOZLspKTQ7P8bm4SUC2i89iU4hxLdd9U4oeSc99QLFyodoT0+CeeQ7BpmQRcsnWVXOeP/fXdr6MpvM6BUeImpOZdRLOETdyDyqT3GpPoOJbf12gXIv7GKEUleZiPzbRGr3POjMtJGnt0TI6yVl8LP5/AnIcySFyBxaG4ytcDvQBA8aK1U+gzGaWuUhTo3VvebHqZd4wqYNFN9LsvffZEULn6UtW5p+9aZ3UBmkHK6P+hiHSR4m8XkdWyU4Clx9+QY8/9nfpKJF1xGkOyb86zo9ozztgL5SeD4v+RzJ7FLAIVfdoALcfqUP/GWbj+Md7KcCN4YnU49LUu4JiKuwtjGdiWD3x5VIdwYkOpBSqxy2b13TZ3T4qXiePKtK1jc/stpW+m7umfeEqHqhVEbeD2i5M2+nlFHH4Vc5uWkhCUiMlPTAIE17yKwYZ/fp5B0qeA+tza0esPWTNwwLfCXfhv1avkzbsjv3jVAaKhkMmlZ7uIU1rWq33ZSDOQU6qH8QPNNbZhNuE17qsrG3ny5pJ2YFis/9sIMf8Oa6J8Yoa0pPh7bjI0KXa10Fj5s1m+PdEPsnvQZNDhMalNu4U7YBVhRqYpLD16EKeNuO6ga+yJh8GJeVp7BasnltrMkc+oP+pCQPsIOeKbkteC6pbChFZF44e+BGCt80GPNQmhg0jkN62wFzZS/rBTqEt89jtY9MHDkDR4C6gNlJxzG8J98Ghwhq5KRB2tbSvpmO7LMvgKCVmCFWQ0dTphHxVE90Kfwj9NxulGg7zfGnnAPkeHGSUCIFPuXIm35GDIQRRT2T1KnvruaSagG1o8mSEvVfcvgLDPKbCmKlVQZEH0qxlZCZVZR7hJ5qZnBRbV+XVvS4fVFJmzCmPpkdKZYIgESjXLcWADu5jQEjfbZfp0JmuovWoXZJNfO+PSgT