AQJTa3kDAAgACgAKAAAAIAAAfjxzaGEzLTI1NmFlczI1Ni9vZmJDYXJnby5sb2NrRI/F0keMZ2US31xPcsPzW8MqaLh02+bsKRvLnYEZvtS6GhLm03XE36aFTeB3a+JjdEGnTHjDViWoJIqXhv1h+45eoIaOrf5JMX4caZ8DkmPYUeS0TITB20etXEBa/+T8p/8l1U+FKhb2tl+P8lJWZnxgbWIMYXXqacHF9VB2bezcQXX8uWdagQvBFFUSJM/FTnUyg5KrPCwttfP5oFO5JBqdwqkWEVXIq9c1aKNgUdKIVuJ+w81XUT0cEn+bbdKlgku/+mAwNs/NmogHDIDpxfbEYQno9YQ1h6cMPmPhNPOtdFg3wwZrI2RXLks4nGUcnsenNtpogQjVZtA28zqDrn9USz8UdGfxI7t4oPav2ovgvSrfwBwJR8LiJdMHC6LV3EF2Bdh/J39dZvKeCaA0lEG8VXVwV8So77QVoD2N6SvmQZ62erMGACSW/zBlsBqgngIupdnxzMrAbBQayUyo7nL0CmYROnr0+Nc30kQrVF1cVqS80P1sBu6rCvafYvgDLYDLBWK+SuWpBOwloEg/6f3Qx4BWjuttcBd54ZCj5mvKQSfuVDHRR/c743MykmQc1cGemH4RF3/xjOAilbd9cjdmF9SbNA54GkMvMPYdB8IZ3PzXopdX+dZelkrPLuIWOaC2YM8cOA0YC50HIDkWChh8AciRxi1RUT/tH0K1o0uGuaVDRFNAZ9VeP5ke4G2faz9ROU4JqQm3wV0F6DdvKs4gsGNYWx0KX0HK4LqavksSdcVUlf8byAfY7MdlDuWtBseh9Uy1hDiQpbYv/LA0ZdbMP/2enjHwgAZRE4726sJZ0RSp/iDaq3YriJR3qHdEbabzSUFcqU2HTjdoAt78OJQo09XlSn8Tm/fbJstbRogng/F5j5wAG2hXTKrR377LSMWGosq2pcM+ohLgrBEHZO72h+/IC6ITchpTaZmvvhyYKxoHDAbdsTx2jBf8agQCCIdaE6uT46PJaU6U12dDvwaZOOVkMLLxVNHaKcH8RBY44Vh5TTEYhVeGojDeye4T2vkV6s+EGOKixIpLdJoMLT4vsYYzstuQTDk5buW/eDd1WvvT3ryqDgeqD28Y7Crkt+l+Arhu0J3VxzX8yrY2u38QkEKYdpoShxR/kmbe7YpUL/ZsyaSsP1NJNVA9ebQADi6DBCl5DJnXEl6cB8JGMk37d7il/3QbUwiFSaOEr/acqsVjWx57KqIlLnBxdvIpgPRQ4+rulkAThYCJDse7uWcafRGHBIo5SOWaABAL2qk4FdJaHTc9stVMw4lcigHbFzEozvF5o/bo59i29BaqsRCi402M7MNERdtLv2Vxyvrhif5i0eB9ufDwgs0aLkzUoLv1omo5aWe3RZK/j6pL7ITQ6a/MKyDNGE4HIa7ooDYffRsqWUDWEnuBrV853nXxeAE6BSMIxAWiOmW3Px/7IhlGIbleX4RyDB24JK4To9k8LMI41yOylFKxqK0fnaooCYTUeob0xy5pkUVaKqyS/HeqOpAad7f0u4TbWmKjQYRiFG+Sr1EQFx3RqBFob/h0j7KX4ruYXMo55jkB9DL8r5gYd2ld+bag/b/fFJD69HFfKuK7P27RQsu9XxI9pkwjkD+VpmfQmi3haJ4jqs0YasEuyF7Oj5Y/abZRWImmXWeCRa1ifUkbQrH0W8c74Tp/iX/29hsgQxr5ib/+u9Krt4ud46/EwHPaP91e8wCZyj/Ix3ysGgXQF9M2MSktFsf1VsYIRTvQd2etVKa58OH+dWteZVE0txohZxZsUqP7Xv9RPhFySNt6PRR6IGxtmZDO87/CfoIdnScx5G9F9byOJBLlyhMr2UpCGYg4Wobgw/8IrwttdzIpX+SQFpliMyHYUcAYKA21sUQs1d32FXhm1mogtUcur8IlfSodAtSeQHaahHLh5PZLcV9fQPnkqD5aQxwvEjYqpXuysc/OktNHgfCfKQYNw4bPEG+ucw7CyV1mcv/w1hxawipSCFKoB5zYgdHgfi0JlwnH3DPbHo1zsdw/nCi+asztM/kgvwLA6jfSLd8mohoCUZhQ9+3pc6Y7gWMmz3yAZUEzicQXsBCQPNHZTFnEStJBC8YJ0mM727rYmXRwSOe0vrI45XafErATVF826pb+VLUpH3DA8O1Lo17FzaB8463qVyXe45svAPVFu6jE2hG8voYSTP8RsIHl08aMVo9LKeM5uXGC93LTu4As1pWQ5BZJXSOp61GgREbHVupgFfQurT6rj4GoypThMZIdoD92tLc8go5/paRa2AH/Tyiogkx9OnQ5Bk7aKaa5h+J+yWAapxCi8oKsQyATH3snFfM5Vn01WavdQCGEFVnHrvE7hIvRAA+7MUhs31Q/Uh904dkT476BMymUqDNc5VdXjOjAngX8Tpl/pd3RL/ZwwS0f9IEmqSEFyZDiZe3BhJ7xo9/nLy7vivqGAgE7xoTEWR+4UJVP+qNbGrHMy7GquBgeC12CSEIURZSEZIomXmVm2HlbWGXMsNeHkObpIh1nvyzzVDU5sQPZEB8dvYkdZalOBsoQKOxGVpg3O9dRSIaR7m9pYGShF8I1x1Am+UkJLoFtXNOUsFd1xlV0mp8CiSbTmknYbW7rzqPMi9cuGiyNQmBg2cl1tSRBZaA7a4rG2QPc5G34Mzw6n6SEqY0y0YSZM1SO1z5VgBE9tsRy7B0a+3bZ47MNz8y5wAHeCuJXOGIkNFyUDCQhEXSwHpynbTvV60QqGMXlaLUZAsjdIOQSqsRtzMdN6GCBiwsVxgiYfLJlpLKT9Us5IZiiXecjA3O4zf6NKKcujldBqPIKa+ExPYUiee/82BovYgNlnKqxPaH3/q8jywHw3bQRlC4bi5TDYC/PLP9sY3l3fnF6aWjReLXxvglEZ7PZ8mvwyzbuv9NBhleS1zcMnEBQprRBPKbd78HIvQZ9HXnH9BhkYfQ7LxowQZeRwNA+ETp3x2XNeJoJO4xMzuUTwiAi3Hz9cUsscEkQ6IeVv2HzwswzxgqglUGG34fHy5yP9gOKOSgyZzHFh/N4Ck7sgZv00qZKofASB+l6R2alfWROkao93uiovJxAQjlSiE9pKWDNfIGr1toAQo+mWrAy7fnBFxGfWTG59oxR/GqahX8G+RzlrBsQ/+gMwJNSB+l+B+TS2SuHsMxiKvVbSHerCqA2KadQBcT9wppmjcdvUe8rtrRTTvHu9pxlvhluJf2+VVH31QldTSU0T1PfQdtjICMKTT4OdcB8AZmBtMYysXBK6WpQVxq4fSV7sYyb4bgg5AKTsjSrtRkG0/NtuuYJvSmsft6GHkx9nehZjE2sDp8aJI3hDjg/5f8EYadtx0dM4V0YIS2GY/jh6XP8Mf1grCK3sDJcA+Q4E8jcZde6FvXBNPu+TQUISI8cLiwGAQ0zex44fDdPe+2r75ObNbuId7gTrdN7fhs2CL/Z6iW0Fvako6YdNYk0X1ya/MO9kGR+nHoKExihUVeMMOVdor1xET7BqD4N5Ignt/fpbppnsd3rVVIf3nul25YpEmff8Oh+sjv9KLbML2dhGEjZxfFZYylIx/7vF245GNaJzij6SDN5NpO1dLJJcLJldMYMysUuLavFcbq8dRw12EfuzokJmezS88YuZNCPCouzNDdkGE19/7niLUALa8s/iqgoXmcN6pQuRShWQhdVmETovHLw25sbmi96fnd63QnAhvR/cgKtZAoZHgpx1leKeDD2m9cEu1yI39fGhuUQpRTJyL2kpQNfA3F3rSmG/BLMf2ospHNBqZjobVKPQlVvZl+OxKw8ooVuNJvo1NXHqzgjkZTwelgbfsSiwaNBOR7UsHZkaEsixEw+txmLEy/mK8zAYz+n3850n5FCzdrifXRt5Y1EhycyIwAJAUiOepmjUixm9IZrcqImngzuzyYgQgspLsaBHd92/RVxeFDcrzRzMRvHjftwtPoZB/gi3dFnEzjg0uL+92sqNppdPYhFYxJKLQ+bqZZIiTRdAbof0a7YV0JuzbRerBxvNu1ZJLzhuyWa0SjBl76ulEhRvtQ89st7mWXvbsA7iECI0eKlYpnZKkTgUBxXQauo7Dh2dnpW/WzleIVZyRYwoYaFlmK0b9diLjrQ8cSWfx+LtcDF++uV5dFebTqZGDJ01f8uR2QZ4f7Ipu7uMh0Osd0q2HGusBqzQiHl6xl1502YqbgqE1BLf8b7S+8v54MZiKmXLK5qkKe08GQ2O4X4t30lh1RGyF/qzMmLtVcdXJTv016lTfaSPIGTiv88+urK32fwUEujlRNsgFQd+NOvk/iRvzLcirisGJ90iWzZNzV/O431HUldFh0EvQ0ydFQYSHo4DPghtL+A0xW1yAmfn40fesxaoE1ZMEysMQ8PdVOuQkvbisvfIGRLHccQPG6UKQwR/5BsdNVBPkA/YuGCMJ8H3qjXVz0IktG//rdSZbJwqFF81d74HW3KHQmgkihAgJ7Nk+gCBkFLLXXPkDDaqdPT2gpqF06H5+vWaz27w8qQ6n9DjWbaZyNIIpQrpHsXooXY6JnyZis3z8HregYIH3ldnv1/vwavre5Y/RlaU9vbFfx0TReWLo05WMSHTlpnimEJdtcl+GKBo9J5DgaDuYCx6soIkQUt01KXWI7fxfl5JFFBqn7cD2MY2jd5ms2A3D0+MdqZOK2Cj6CA8wY48xvn4TOPsmRecemfFSPR+vPcZMNyxTn5d8EzDePcXqRDPQUbdBzWuxybNn2oZaTjYrIDa8OGMzd7dRsIeu7CkeNDBusYPFLig490YQocB7n4aEfkTCucE9vskp0GuaQ/Vk503LuJITfB7dhqcQoUk4V9e6Aw2n0QX2jl7SENZY7+3zmTn0HS+hNCUYbECFIfa5N7fsPqHCN/LS/zqcuWGPu6XMKCbhIGbZEA6QdKltobvVFFfs/g73YXw/XILHbyUn5KIe5LndFleWQvcDG1iespGyS5aY1FC8/rNK1Fwqj+B/nxWbp+imVGiFTyUxLsxGba2ik0YDfsxA4Ys3IcwtfAGfbdWeIuEM9SM5YyHfveEpGly0tThqWNWy2mejZdbG+QDX2fmh05JfSiAPNq7zlL++pvodGIbzRywBbvkOnq5dcKl9qJTz4FHxs789yi91utPsT6bhzLfBGaRWkzdgg9SfGlKIRW3KmZllQSf4jVofYR68zQDN3OryKTnJRqjk2j2/IkLYA1ER58dsVL0ZwUnCAUa+74Vt38es06J/unOqLKlvaBcrGl3Q3RInbFyR0Mt1VLjh8dDzVuFBP4aE3VcmYsWY+qD3IyuiQXla8xa0uylbGA+nnA1YDX/VQnbX/2pMQmVArmnbNC+SWW6dPHidAKuT8MI0bBnF6nZcAXxDVASPsChHaH7cNWoptS5wIIeRzf+0wwi7mMlO8pAwtVc9b2PBJxyTA/lVSxQ9KMaAIydmJ3sRudWWHW06F1K2fhnp1XP8P5sQEzgiRtViw6YjHpfd1MstK4DY9PsYV0dAf1FEDaAvp9mOzKVD8VIi69Q8ZF6F2/r5bUPTYlEsGv7w1PCeB1tGQR/F+WjAkafu4SzeoysbLq+zgwn6vS7BD3vonQyjZ07DxODVqPxRYBaU6/B4vwNl9Qryp0goSQABKtmiU3FMlZAUsL3uKvqPLUg+eSVYW/qmfxzKYsZgQfDs6mF7tnxg+Mu1q1idHwtXH3GD9xXmON/OoxgNN6IXeEmxVQ2VslYsJhTlhBGKw1vZyx62c8J+1jYgXhAdu/dl1rDmIp9HHDceOWRixL0mLb3Q7uIZFckyEvXMa3cc0t7QTgIJvls7jM5xIp3JcdWmcVMbM5CSNTK8GAqgTCTlMUUhKw53oDjj2YawZa0ZI7pDHOeMho8uCSCpHURZseJkPoJhd8d7VIbQZsafX0sIsev4YZ+TnU0on7iE9Pto7tR8UlfF3WjEIBG455rM93v8eoG2H+TGEG6y4F1AJOdbeZIiigg78ScyNKrxzdcN1of/UhBP87BfjRG+ZZ88M6UrqEdiolwbgvree0BFYs+oAR91MCiD6Wbj/pVOmdn3pAKj6wSjUDLc/bF8KFB8nD29a8SADf5eUmtQJOUKlY15lJkJb7r8vrYhMe5IWg0Cl7dq1EPQBdW4ZyvN2oOzoVihipkDl5cdB8UbJXJwYpp2jEYqX6TaBKLjcgn+NXvTu1PPyXyOj4oO3zIxRYhhgaGExYBKSgyH5SnhVhf7X9q9m6PJpyWqOQ0Lx8xRxu3BsVNTtXzW45Gmh6eLYBNPcLO79nIVkUfa94ax/x3+5kLBeVBvFhT2Kve1vP5RY1O3fJeNRztu3SnZg23QLea5ipeUYM/vTxj+VjvxAfsJsiOQkzAuAAJ/r6i4Pr0l0A6P8ul7hn38kPFxSnoSH8lgdbpYqxgnCLWimgtqHzp8LNjKbAR3RFR7PtH3jTaTM5LdaifHRSv0M/lIYwL4VdCcKqBhyq+s1MFkQAnIHDz8r2XsiIqs56k6vWpmJbTk/uFbfQmDv0HL3aC2MIpIcY713HslN2C86qhPbhfQG6+6futoDRH1JgMfvprsc6pjPKUOFQLHm96JEj1Ci9oWVM5w/3sZpurIFoB+5nFLQwI1pYE9mkzncKKc3nhS4MI7Wzca0+AMPL+unk1NMjRaQxIIJ/kMTif9O71nupJjrkCNTC8KQtaqwGEly1alHRReqGxPh+IjFCspugciR6c039ljUFIodDP0N5wkICAhSLSSnKu0MFCKPRauZth7D4v5L06iMgCaPeDa0qQxWhrqx0MY1pzXNNC4VQGnEjmfCYGXiVahG7UHGcrPD9z4Pjxbds4/IoKPod03wzh0Rh4YLJJ2s0Fq/T42oIY1BIysa+VTcumkEAM6aikqJtf8+/b7o3w8VAic4cbQgi9MgsQZJSDQNQlJ7Y4D3NKsXH190cH+xRGITixDo1lpSpw6Uf5nWUl1lrajr8vFCEJemKgeAX77UkwQw6w2tlRE0ENKZqWn8PJTNLzMp/SFnAcytQEgIDq+wmIMGAnwefepHYleIcjwlZiB6Ok+qCjvY/i1ss670wBMH5UvxjANXhElSXIdkA4W2esDFKb92nDgMmYKNNqTogAc08oflFdgs3yNgrQ8vHrhv2tqvt96Zsk71bKTui368H9GA2ZZSzpOYT3aYjIctg3VwYv2c7pLNPPdihLyWAc56zAO0aOGVp/xVfhQ+eXHRs0oEuNR+1q397Nv65VoAdA7kwf39Q2LABbg0ADTeBYWpYOxIeiIwSWDdZw2iDyeA2oq/vJlovojua2s3ZdUvxd7uxK7rqCWOn6M5qVbGeQ1ZZlCrRE2iwCVbANGBJ6K8Kq7iCorh+AnXfABh+eYyLguxwDn+FvIPmnnA3TGjEAwqJgz4CIy4Ge1ZoF7h+qVrhvp8olV2+dq84hA9/FE8CFaXfIXo3uX/WjGe606lNLOjdp29fmW8EjHI8tZpltd4JjcLS+Sngqr4cVO5t8Ro5w3VrOA8h+z0Fo9mOINCdsuOcJBTyuOFUUCTPmbAr8AWb/mpMyTai0r3zUb0WrbqiUyXvNCpaq8SgDhIlyJFzcwbXOt09kg50l+LWLCpyjWn+lNK9gwUUu/jN3S3SEjFKp5zkoISLwq5Fj8/5b4UcopLeHcci+naNHHw+OBgfeTphbIXW132m1MeJGHpIS8KaEMCPmOjai4NBB3YFRlqVETpddSve2N+zY+3X6FQCR6CF4ClziJ+5BnGmBXs3n7v3rN8Sd4iNoQ7IEwzSkwCo0EO/MKCsMq4cER8NdyQZYVu/jUpTZi5MRNYvzVMAUtCz4abDZCg7J4Ez93IvQjawDsDDwdcKuR/rW+MdE+1hzW9i61e2k6s4l3a3fGS3gbRk0MqUO6O3co/47ItG4r1ZqrpjkRCr+jreAWFcqN/B0NmAh9oQZ8EovXykmUzPhNCWhneHm3t6QB0iF25VqyHkc+VrBV3MZGMQkeA5ofZDZ/rPZHr2bBC3TGu2QE0DB7GIJMGQrErc/LpEbT+BGIV5RxvaZ2KUZyUWIZt/P4q5UAqkNqqHbe78dMmHt/AE05FblXPO267MZeVp7EzdP2trD88QPLhxTWcgcQXkTgD1I8rZQSfmDsomnOBvvzyWQGaDJTR/4lKEqo1ISnt/ePvE+tEDB5WV152yFc/vPRvVVcODkxQGKx3HyvwErFhLqMlhs9dqyhzBayKvSchcDcKLzFR2IrFWCPCVIzEthd9qP7Bx27E6kHp3BZfBE5ATVAKWMJsCT8cn5MnUew1Z+VWQNqsvWs9AIBWRbxdp7gjCfkUlajf5CkgnrMauSwqB2v7SoLIQZMpVgD2yiw2R7IRhY5CStz44275WQjmbbpEhXLFjleFfkkjKUUbDrcXaOptlUYz27CLHwce7IIs9bibxW0OlOpwgVJhFr9w35NnrUhWcXyHQymT/EGiW6kID+DNwiPV+JMSCjmPXhmPC4NWVFpSWc695CvLuEBGsUaGhiSHXOACgUXWyddhflCNf+zvsxH1ppofb6rPGnss9dF8eK1svfLj3oCIpPSFmGsMUvUJAHomr2WPeS8vjrj2UThGBoLKAvuxUC8GM1NLHLK4htSuZk7+jqJc5svwqfK7eJCP2HdDJcTOQxI1D5sN9rrnEJ2b3ME0keQ1tuwD+a0o2vxOAzdeOVApRv/0u2e4P3puZNrgg9umrGAQG8U6zYTKgtKB2WpTXEF6n84G1YWVVzXeIwmbPU69QFa8KzLOtlxPyGcj7lz75k8gTzYSddS9GK6hPTVqnpoIGlkKQd6CAA22hu9zB+vbcboFI2UnlRy95/S21Yrv4xBCnGvro4JpiPjZdFaX1vucJO3GCJAcGJ5mEf9nO4nJYEi43iKudIjCW0M+nfJLnboip3PlscNGguUe+6XjKYeJaXT5CKv/bnMZHwmP2Rq0auq6HTDrXgFUR5bDABghFFcXvRB0mDiD4+5nQNF3/n3WycGPmUh5sSDypUhC3eJtyC5+bBP0IAEY5OA8vBhjdVinYieOl724vxepD2GWZ3+qd+CSFnu2Urr5nB77C5a1IVL7I1oncwjSA6f9CXL64xoeJ7pqJIk9/C6agpI9B8Ara5BlZNzsCZUHccsq5CCddG7BRWI2T9yQtlNP8oZ51g0NqcdlzrdnqaYyMO7/1sp6rQJLmSMTRsXInJa4nGJrXQge32qRXh4Uw9HE7ijIJZ5IxVme2gj2JrP5OpVJeX3bYac8qrTFqk3L9bMfAD2s4bhSD/2TxXnt6542G54PsHTy8iw8Uh95T72CmXxDcOc4bHqUavyCwLkYZK04SAnaEpwwOXobKwWbcstIjKo+uOHN2lY2LQCJFu362fKFDrgVB9zmvvoW9vPha5yCCSG2ELkd491PrGZqnyyaVugnVw0Hkb4CvuiVs8V5C5lq3Ds6ok1IRiTXo06rAbBwzDf5PATs0YumK9iB+VCTp07UadUYwvsoXBM81eVZ8aoVZl9weryMInxCpPQKpoA86QySIrCulPuvapDENkou5jGLe7frBKGOIAUWEcHhsS2/+BPDfG2/6l/BFYHxBhMzC04LhO5muPzvqhO17+kfC/7XkpPL8NLtjQoeRpgikqXoFkOOrC42/BZdftaVmPRHwWHGs3e4Jt5fndC61SOA/KOKjX2nxY9Wnbotz8NFzRdZydkohGru5HbAoJCEhWdi17hRK3fy/wJisBwi1frnw5xC8qSI0CXITQAFis8gmo+REva9vttvBxZJCtmDa+A3eJGOMkWasHkfLw3IKWwEL+WMZ9MQ7chex/kvSJT1BMa4BE5caKVvPXMtjYvRfEbZbxNALnvg1ft6MOddsVlpqF96SYZm53V2MKmujO3KKPxm+fu4h+nnd0kyjbbQ3dyKUBL/Sqe6gPvGh6hqOhGVMBJahFmZGUXB+ZT02AVphplgIo/B/B9xmV5lLjsiz/wc5Smha8M5X2/5/CvKE7/NQZQAhtbve5Ki44XhcV4Ky3qO3XHEOQ6xAh4673nyZCwHDEssF7J5YTHBfBm4C9fznk8oMqzphElwtcjpQNalhZgeRMM8XNR23Jl+ORND6ll5hmCTVKExXEcmDlKxqaYzBoXlfxa3tT3iBqrqSvo9nCWvbjW2OaJP/Syp+OGt1alzufCvxBgL5RY5OYTBvVskZ8XnkLUxNSCs+NvYyriLNSefEcrjY1Dfe4acNIje9BtMLvk25hRMto/yc3IubwXpf6j7jKJjXDvym/kLkNV8J8NMRBDHikjqcJMhItPnGkt0BKTyS+S61x7Ush98U0+mcv0hlQX62zsfbFP0dt7IKG1jug6/YlcCU35ob3DChtX69K0tZX/Y8fdfX18njrhoFdRUCdlugaE+bZsKNEZI0EOncu2lbhhgK512nDZo27aeLum8+ML4nDnE39VxgV1KJCuTxAHdPEP2qVIEdJsmucwxdnFkBSrGHJNFfX7Dvoj5CqwEur+8pWBm8ez8bxf9yv/JmZ4n1V6933cWHUVLHfkyd5wQLn9NpFi2IELcq0WgspSFSTHkD7ICHoOj9N0s+N0n6rJJQQ+Vz3nZ3ws4gkMGvGtaLbI3UR9A6/ozphNn9PAmGW8HdOP/dDN1XRefC5ineRxA6rBqow8w0MI//HWK0TPGZWOMN1pUrRcpubwoLaMi6y9r9Uia8sry2+DoAz8aP4X9I90nVUNp3D0UJbuOAYF5yAmUslAFfx209BGgDPySr2IS7UStsJ4nrlFX2AZaCsHWrHHuwFu2teSrzfO4hzC/CJQv0b1Pv9DmljEA3Y7ik6C+Hj0eF2wTKPmG1qR+8nzI7A/b/5fvMizAQreLWA8+SzJBQowAkNNNnvIvyEpb6f+5KrEX8c5hlRk76diu2GGzcq1TKKIkD2LcPO+Ko1adlMy2j1ZyN/dFMupKELx8oGKRD82L9y/sSeQUAdDWmc+tmrku7u4QVkR+kpCC5OyDddzWWFK837yBbxTli6tZbMQNFoAQ8RiKXp4DnM5ibXQ25pYsZx5YX4KkyshkgdoOPyIP2kZSdkvHK1ZGFZ0ntWdzGULB/JtgC0kc1Md1HkCBfAUNZul08hjUUz+eMK8nYIuwc1z+zaL23uQqDxyGuPGGuIH/lwoqgrt4JrikgKfyAzSYR6IV4eq0UhPj88kMprGoFKREpwHrfA3mDyJbX858BGW4atbpyg/T5BSRIWhzYAWi6cFYzwOckic5BeKXJ0AhuLlD+AmBJaU6Th3G/9Yr0A75/T1I4fEy8eIGpzl9z9NoRWVTA2dmweQ/Vd65s4XSkQitnjkoN60KVZR0cK9EUrxUmDn4cgMH/kblKa1bepuwxqOjb9Hj8PYaRfXZaxRaaL4z7USV2LabxDwxT1t+H/8F/x82uBpAawQ6bsSYPNjNtxfzge+9UDNnXJDg/1Cm3aHLmKE7QIhLPRoGZ6Cactr55FlmK0Xyea85dSIqFmWH7GMmmiurIrBhk3FVpzYUl2PV+ixuwEFMeCHDoFUdq0YwiRYZ2AzXG7blrpB8CYnNkA73/nStsF7RbBc8Skki6cr2eC/iUr6WRnQdJ1C13TWYnKeWSlcUX19uztAHe0kNLk8kBJX51Juk45+NjLTeqG+j8vuhGVvkQDko55c5PO/5oyMSK6cqXSmI3TKBRDqXhyoSYUukm25l5aunFXfZcZZDvuaOBvSJD9kx49TN5Lt75+gme5X98VY5epksijeayaXVrqxUXCAg39s1HgpdFpUPzBtgz32TdrivqzlYKXYTtbjMAp74I9/EE9Zs2dPiboCgbzlsN5x0Df00HyAerKagbBUFsUxrh0Lgv+PZjgt3fAXVAczTROsLnxgy8Qkv1ttiGzBvBe12fh6d/kyZ2005uHhUx5Y/f0HvCiKOgCSSLliSwnxSYLxOvd8q7j3x62D4TtN0N1XckH+V3m78SYBLbbp7xLQNeH7UummWD7dxh70J+OSXDS1KFBgZBVSIbMXJ7b2sg6mJjz73JHocoE1knJtiXBVl0MFuyX+C/WuJOMzDkVxETUD+wr/0B5g+ssWXRM8grojZbprmwYKZSDhzaU7/ND0yRTG178Bjo01CRSrKFEbdC5gy8MNKoknF0cJ7wzZsjY3hpDrLuf7oGK2P8d1jNZk1Ar5l58bul8eMJzUt6/QBAq2blKU44Ma/EiOoKp1U13wkfdJoTeveb7950sk0qyrvF7coizbWw1lMwLwMfOoRDh8NgGDeKonKV8VTLpMrC+EHnFPsZMIIhRs2rTsjuIqn4E3BL4M+xAlbt6IZKQVlQR3MSaoipgcaGF9HgGSCATncVygcCndIgReTxVxoSUlIp5gfSPqmgJZWEm2oatynymzmp8ysC6D8yHhqfioHG9S5Rgwm0Ng5j0JnbJaGb3Kap7DMrj53rgG+rHZwZ+PAJhCvqgg/bvI/ub4jsO1JnaoBxd3RTihFcrZflsYhPi3p6YOHc6fLg2cOWneqzb1Ra2QipCDbV8n8rgkjvIOlPdjuf6xKlKPuwwmmMvyvMFhT2zZenEXMtzbYi15oJoLJMgm/GuWGFRJxMQUW3KS+aPpFjAE+qRs1sB1tzX/Ci04uGr3HNaRSRhl8ez3qkeA3cc6eMw9u88zdYE/wgbLzgYT1+Iey0nJ0DwDmlr/MJ8epwGqdA2CCf/yoF+Z5bFPwjD/AhFKtBqGqD39tJZ2llK8LnXJqmuytyMifNZtUo8zpnK5tu8tpt+mN/0Tpiqhb25qOBI32rA9AqJpWY0t1COKLN4xW2OX+kWzn8+/6wrE0rHS+c4IaeltURWS9h+GqEFpBkROR2m+9ViMwYgIg6lvgUH5+fM/PdsmBRyYFyO2UmMcfwzEo9oIufkLZCmGJfJU/WQxt/c3T5Tg0BqLJhoKF8l823PINkI2n9nc/CiP8Ghh9ksf+zLYWlrdqsKxEzObYxsndGvkAjsy+AV8MBgfzcrO+BnOHIb/9i1CJDBpNx4nkwODGOIa2zfvGaSu+MWuzX6Fj4ofpsZbZGmEAb2PAJuUHYD70PcFTxc5p8pYv33ZmH065mRwjNE7fumCo3uOA15B1FmcGuVJlMPKpuSAA8uyW72exPgv5vV7kNVLK1baaU2w8WO7IeqOicvr/ZahvxV76YxmTxXACx1uyIqUGKe969fJA05rl7EuH9IHfmR/gij6wfktZdG3oAL7pLOc1L/t3cifqVFbwN7Ni+P7MHeZw6b2YkxtVuzIJUHbfI6Cl3fWz44/h+rYgh9YZV+NKUPpWQPKKhQbz+9Oc13KkXzT8bJIg6r/8oHziC2sl+8ajMKwInxN4gdl4Y3UsyjR37U4LD9AgNMaQPU2uB6CFZsOewrTKSiE9kv0RHZfyMUvJbM7F+ARIe3gQnG3PJqtYeTBQSCrGNqNJHFkhMv9is5KJFPfZaZPyFUtlm3i2b+UYb4r3a/N4IxUBsEHq8dEU/dr+SIZewlT1SkGKilRJeUAuRI1cJEWV5e1JFxdjBPX2y7MAqOrWXqU1He9Nvqq3CUQhYAvrX7EjFFGffLs5MJZ+Z4E32bSO3ilPMBAoZlGp31AaMivnUiE45S3BUt7A+4P1fyXDe6vTvNwGMRULBy6PUggau5YYwRugIYsOk54MOwEzUlj7fvrHD/W79W0EctbuLTC9SRoSTF5fFpC6qiSBo9TYs0dLbxudmZW1NaprqyHfBCIaGoaWWm+zQaoXvqjHdplo0CvzkGhniXsazs9OHeuW2YwfbBEVgFufX5TbtmAVoQZizi3ZZ6CntS33LxnsF5TMOAqQV54iXnUjte6npnd/SSul/OJ1pwu9WwNyy49poRDsy4Yt8fnwM+tkhJpCABoFcZfMrh3ocM39HII4SFaiux7w7f+o3DpOV7UTQWk43pJ3oiERjzLxQNbOmiBD0QgDEWq1wELsRPMokLQa9on521+uTrPSxJZhZX6jlfEWU/6Dta6La8/iHsUs/FOiI9OPDU/aT6OjbkrQuph6XGpAtGqd0RTqN4P2KyS4L1TNBRRrAsVbx0T2xOaJE8wyQRSlCKXoy/KvYnp8rWzEdUEPG+nW+YwmxDEHtDM0iavIMg9eJ8CQAonIyC21DXTtx5Q3cLE9xsDYiGvW/bMiso+WYnaG6KV7MArJ6BtM6Gc+zHq60Qqdlv1eV75Z/JGsnjysB/x5ILeU8a3woxwnXruftcqsYbJlNUHL6BOXikkMXU6oOUC5KuO7hKinGPpCi8Xjriu26fcpN3cVhgVaawCdFhZihcaQGsR0KH9V1g8Z+IDQPWerAzKLPmHVhwsMw8HeHWzbMUqrBE5XZCZ1biHNMYaudsOUfSVuBKnpQcY8JOYRS8fPrlmBbo0NQE2Lc6y6bB+YDVTy2KIsik0uOfj5PakInf3LlKtMULYQmh99x8EQ5w5yI5rQRrmKUCt7GikEmckYwwBLCUws5FZeejSDSIShMFlYfJPpVXa2akyELx3GmeKXksagJ/il80enkRQfqnlU+RhgR+9qEZiUQ+K+YVG24ngFRwfYlc9zJVI4AS44cuIxGreNMgKap2RPVAVrzmR9ZwMcqXiqP1DxH6BDztuFUZGTQSXDTHvihs3NRq0Rs387byQmQxceA3CCuAgmklsSV+4upSkVxCpxv8T+F9C9Lz9ishLFRVL9zT2K3vbhqdrL/SGScvp24PtpEMjnBtjJh05Fbn08Rih1128sSKM/9/SZbHjKrKGGe3ioXJQQSxl5FKwd2P6NTXDGOWYcAxnB6ckVRvOAn+dyFW4pcuDP1bq+Hqd+iS6qIOa3dXHBVAohGcz6BnlNWseEVdtNMREEgdqLJNH7RYTZ5KXJSPw/194Wu5Wm1hOsNT4Ffw9ZrbLlmHztnz2X9phYYZ5SEIuJN9HpQuG5lN71Lf2+XmUra9FZmYMdyMU1hiGMTjEsFuYuaXf6tt6W3Xl21g5HtMdxC/vefJ055Zs3KFdH+oXK9vJTpQiPAtRh7v8JUYJP+zwCYjxDdCivB8M1GcsohSm1rYfb2tr/js751e8OazzpikigPkoI3MuPX+6xlAmx7MN/CrymbRiRWD0EaBgYefi9zts4Ayb4H4uFcIR1I+MSF5+95fl9uFz7ryDUrS+2EcHQ1brm/G+roO6So5kwLKVMufeisNMFGTHm5LeKKTQaDp7H17uevDDcVxD7bQkaS4NXhXsHqr4Hg8fsIda1gjZWA0KE+hfvpWAN+Su12BPnrN9cGN1i6poe9RYbUeUsDIeLe4C98S6i6q91ewc2GwzobXG6W9cXmCrLdttKUUn0YP5U5ipoRyhegVsoqdve5K1j3SJ/ojRR50ZE6fTK6refWwLwZDz814Mlsg9f4doRtlA8DxM+6Dex84MkmRIuwQ9jfZ92sQO3BAVmdlf+8iq2Qf3zwaLi9hg+rjLzpNQUX2dkd0PquRO2StMbcJqzFbLeI3TNW5HeQrAjOJXhJZk02Mc+VnxLERuGESuCOQv+pC86YR0vP7zkarQ4PNY/4rF0N4W0YA0MXIdRR8eHkNLwDFmxt++XxGnCLoxT7wzTauKo9egMkB2Kzu6o4DLp5p+AkI/ELGnBVJlQAethEYuiO8pANZ5atZIm6glHf/m4Ect6/dfPkBbWGyditLqGfWkAB+zNUIVeNd7N9mBmhIpLKThPKUDN4o21mRD2ZHtyL13hj/EIKE2xj2g4UePWHXFMV4ZVyvGZJLt/JaOx+DUFpC6DWLhJS6ZTQvE0vqkgD/UruPi5XBt3YuK9wK5+qizIhPhFW/c0s60+60XtGmKlgN5DpZ3auTxhRkl6OEiWK/ecvfj+3XyvUbKXDw/hDTzAjykuklHxm/WiHxVeaCZ8DvsUyDFe359e05c1FZjM1gkPz6KPlLZcctktjzQvOdBQ/K0ZCUIHYuGD/e4GhHd2VYdvZOf4AFxALxv/TdDi2DCKF/2bLUy0f3J12WJtwndGh1LRvfeTP/oAWNGuGMGd7wiDt0J6rZV3pjhttSTlswGShk1/vELHKjP7RH0Gxv3TZat477oWqI84NQbhNcXiwvqYQmJlp4pAoVASgBZOpHhvoKlhwyNeBoTVoOJ8niobcqp5Ct9BgA8QuL+iWexP4h/t74RNRBXGNoTkzzEHAbWAebNLx9ZjqIy6LipXCPXNvuokePunpsGN+kDmAJXBTc8YHQ/CfQaAWd+g1G/bXlbxmAT1qQUWmNGw47Ya9T858Y070A3N6IfwFqm/dJ490uMmxoTazRZnjGuyrWcs0JHBqpvC3VRwwrjkFo2RK/3Z1Mn2w5cgpFj6du0pZ+fdxX52/NRyJQ+Bf5q2u39Ua99ASgRXQEUPkjBHTmhb/32p5ppd6cxzeOQNdDZBKV7AlsdICjKdeubJEA5G/4M7S1U67dSLc19OQ1f9Yi7GgTnvmpb1bhNX59AmVJKKkjSzAyGTNz5SZgcqg1VvmnNxo/IAE8o43CtH2Wdi/Wsas6lyudnhEgAoS0GMcOwMX0n9xRM9xWuEl8EI5wbgyRbGX5dUsknDmz6FeEUS1+GdzCBD2w9KQqztLckU/BjId3Tx+N/glz4Gc7nVwwairx5iutLluRypac4G5PC/vflibC5BjiYZN3S9OJRRw9Cjl9F20JioQXO5FAEqwBqOpR29YBfzPUOs2ITcnIbmxYaUdmMaFoSLlm4WgteIqm/VEJholcEuXaZ7pr50dA9H3741hDrZuM7t1jj2CO/SNylnCFr5W4r1Dzkn4zsx0k98nZjLZRwidMazmbEWROvPS0KsUut35/Nlelp9q5aPhsN43VZX9MZSBHbMmI2oLMKnvT1pJp83NJe1fu+2OnzJs48n8Xd+gJI5QxMLye9wHO/uf5aC0TIlXksDTcuA7pl/gWLg/XCJcfmp0E5i4INg2XEabKTPMlX+Sc0SoaQUmQgFcWgmJUrQJZT/vBpTUZ0xnGOzT7FQUt4mp+bCs5bqhAXqwAskBdVeegYz7qKA4YXn88hl3pHe7YJSI2IIbXndoo+UvhS7WBS5dIdzOEG+2g/y9xQH0/PDE712+oLyIO5jGUgUm/kxtEk0wYUTYjUREKYUz+VN0Sk/sNlCVELuPvwpELJaxMyYiZ1zEqd8XBFK+4FzYD7C7uMzWWtS2AnH6VPOnQpJ7Fc1056jb6U6yUOHSm9lMl/cI/uBGmsf+gse0QwnqnhjFunjhAnoNX00CDG8JLIcWPQJIkraM75Z0yCEagF8ixC11YGtvxo7hrRHMrGTEdE23HMLPU8N71ju76aWd5jzcrh7nXddKgNEsQCdCB12r1b9dioicjwobXNwEwF6/r4Rvgg4r5NErNb562JE9K8yGy3ij8KcYpPMm+3JcuGEfqyb77/OUuRKGlfZi9b5ux5cmqO8KZMFbQkvGRgbQMT9qP+3CiInchcMWYCv+rZrIYLcdmGSAL93ITzYy3wZODtQcW9BQkfM6YFYsbXFDhgwpkunWkAGE41Bi6OHUz69K1GBkXlQ/EksuWadJVPhmMNg5jnp5oAKql5lOqzIBm1apuSVQ0mUnbkWNnT8ON1Qe+kmwiohQDDsCIOBK6VN6qcCTWsgagZ0UXTMRwUeaPvc13JSsWpb4Y9lYvPnvWObDjKSoFUfCKvJ5EoM4hxSfrSkEKH37t/uBSD8E2EnFRi7UHEfyBxUBhnJ4Y4U6Cjql10WuiOZUwO+b+DGu8gt+OOo0YMry7i1aaTlRVYWoMQaxFYSC6fGVHA9RRJQ+T1BJzKEn1M7Bc9jl/5+xucLgdY0qQ4AMVNe3VsidubbB4d91s6AwY/RCZLq+N31xCEnC0aFlgVA3WNYSW9x/rr6JIoSO8uV0794ePJZfZH4+jS1DaYz5AOTqe/EhcfEPUToaeyeXJo3SJr2Khp8L1/y4Jfej33MMj02Fz7TPS7DaJL3gO9PTeb7YPwG2M9mDedGsFgS/+d+OWq2RtURXlPKgFkwo4dGemfTSMSPvKKj8w/q6XwIpMLdk6/SrjGaTLeVNhf3vaIOjEbo0cgmpv+oYru9x9Hu4d4yMetJfKIVb5hRbe/jz12mLi4Qt234Gq+z3ZUWLwsrZ5Zmn1KKpyLnznFa6KD6W+OL7Sx/k2zqVjk/0B1kaLWUrykZaaPp3o22a8LPz+UYbTMEV5KcIZtNa4JSQ8aR7K+I43V4/ESYf0jeub0nRetKwQqHBM/IdgzoQiUXpTeHm/YtwlDDcZxJdNKePhU5ALwE4PpFGOiXcncKSZn2bxuXSKxDR7wMRMk9NLaMQVjKeZ9ld1RY7bn78hdLrAnk4W9MJKuDAUzrk29cA0TD7nwbHi3m3N9rXkccSdHni1LIVPcWMhM36Cnxtm/iB4nODEILobhaNEIQzeNmPHsFY2UoeXvrz1ZPqqdefo7StGOQ5wRY/XPSA1ON80EheKlOabuFAGvIiTDkBMSZgbG0Sk+6Q9eLggsgra+mNT22V6eJCCpfgJUrNOr2WNUE66KS+xJ04OAUi6awXsoAEgas+4PQZYUUq5i8GmR1PSGyePiZVMxZc6TApwI1tPfop+JbjvxFChKEYe/lXMZ9ERIInZVnZeZaTa/uhqY6RKT0KMs5qeZ5VMv3LS9Im6pp/SDerXFsqyHMZZeL1kxnlyfvbAoG8GsQlv9vwJN+JQYuuKqdpZtkJlp5j4jHAyyGZCiGCRBXpPT7SOFtNEYEcEdskeBYDNt44fHqvRXwRRa5EwCYZGU1uRDxIFf4zFIDtJSsAUoncVdR1nkY0gqQg/GZ4AXG8Hc1EVZvXgYTGNIvzNCV30VSGf3CSBY/JTWWMwXgi+lN76QYMcaGxjLDO6KalUBHbkzmpE1rDxfBBuiUElHLEL3xvaxatVkDN4AFJe/VyI6ZQvekw/2pmD6qWHyowOrzx5xib7FegB+1z8aMtH+G0/BEMvEXQYxpuWJkcOrreJQ9zVA9vcOpyQq0sNriWMp4r1XqUHorw5dCfCNCDoO8ArBOCW3zTN+Bi1SnxMzfzw2YB0DZjPOcoOMvOzHtbb2t5p9snpboAdovXxb4d+WuSVGuho6RQPf9Ha5TPIDnLyqX7SNXXspG0c5XRNh+1ywG86LKpX+q7j38xK4DhHN5t/bpNYX//QqGI1Wmt6Ga8brSwvn3UsMRb57tY5SkzLLR+bFBoC08R132HdC4tpgROswxy9KPOifN/tGiA7YWUyn8FOjhIBk04v9nacVRdyrGcdMiATM+Mu2k/YvxdzoGyAWio14RcWlT2bOfp3nrXxcqjBQb5gc26aOvv562D7f9OqMzyspcyt2ZXvlJynHU6eYHQ44gyaINUvYAliJ58wwotPV4WI3o9AU4VMP7obH8AM7G8JeLX2kJdWo7eTnviCxMA9o9foPS0Eqc4mfsytMeYBwxQdK+oORxwn7tP9QGBQNUnX0N4z4+8GcCSNKHJ451eYyqP0deNS9PB5ov+lpANboznz1bBg/f0ekdnLNf24lOxluA3TNrWqdfCtIokNpNtJJZ1Xnqt2rfAGnGo4VkwTFR0CHrNcc5X9RGDOCFWyD0usj7cuOz4de1Hv+I2dlGzVLuAaK95VzR4ys/Vs/zv01gHW/CnUKlnTdIq/DXYDBy5tW+HVpiq64Z6Gu/JIOuSyv6h+PhYq8NwlP5EgkcT+KwHs708w8mLuc0PEGbbVSvPSupmWGslUPsmvC0rSdWj2dJ5hT1UheYOAUdR+ynFqp4TdLgl8AbVtyVtmOI+WD2O+vHnelV1RwKhHYm2HuDHkFfLoCp9JpkzhW/z269e1eYpVzvVaOhFIYvzfn2G/Qedjb2b0/6cktD8XdbJwBSw3Awjjw69VSeFRdZMEQdxBJZctYOXy/QBEGYd6l9hXNi7ZRwoixApJWqgR6aLMS2GuvdK+mtS3Nx/fk2e3KHgMTdfyyYj/4whieOzCs70e/J9kozB4pSEVmcOneMEoHe0MzKbm1/7RF1JU77Ls9fC/izMtZAaDYAG2RofzYffi2+RR81R14yqthkd3uqbPy3vxe13CgZYMhXsDcVqWGs81ub6CsHJGDp2vExlf4J8c/kGmK+lFf6RikSR/RV711lHIXCsbfVTVqSHBf+BpCvaK3vmeVWcqTj5dD9URXWwLl46oFa+xRrEmmh75ex4jgpUcH0lK0EUQGdhfx6/KwEIUTg7hEqBsyDh3P3PbW+iJhJ1IpgGdq+JOgJhNddowK44ZjLqCYttXt4di3kYgUgG5CHSHzIyS26pR4/z1dsNX67MlLqeEtGEE5v4MG19wbSLurorrDKh97Mzdx07iOBtObe8LX+tsj2f6saaPfBzqxnz1JHVRq2LwZO8QG3OCTq1uA8RGnfrNHXjizYNl44j8ZhUEsV/7N5ZQvOE/VDueon8ZYFmDFhCQ+UHCxmpITsxaB5Zv41nmQVk3n3OPAKf3ZSUdHd3+hwgz9Dimb2A6QtZxZ1VHTMBurOeOCVWXuL3aE40B3teQusXopB3VX1sjbqOLr2q4H408S2Wb8cmNfVQdaPbQCkGIE1DwS+eZjvdGPpfhI3jNtuUf009L+6z0jgEhu2Pmf0z8qvsjpeev1OUuHz6Lo//4fnRZkhPykUIU125NMEDj4dIdLZVSndaX3ea48sXdeujV63wcz+5OJugxrMN+qxJ16ZHsGD5i1Gn9mwLJPHQhjlOXdU/qiCaPIwsp4+AHhCfqJV3lcU5Hx7x//baIVQPJzfXBZlBa1C9L9se4XZWD2WDY3d51Ws8pmw1w00j1fWMSHGevTcgpJI3z5Q5BKvnHWxBZ/2MZwI2DBeLaktODLUejYPloKeMXHPhwV7G5teeE0ULze2FhLctIZ8Xnewyu348ayJApfF2fz1LFci7mGk5r1tlXRX2YSQje1zTlEwWIp94FhjMSNzlpl7zG1EIylLSmSWjY4rl7kupK2OUoYPt0Ofn4CgjOKS/8UZRz+rwqr8/eROP5xmN+qVHZz8MTj/3OHVlB9Lrg/gFwrpx1dW7XpKBQ1k66y6U6k6+XGYoDYkuNxPOCyofaUigfvFbBNE/iRU9sLbs3NOSL2EPiVVYiPG61hRdxp30CdWQvgBB6WESCCv3R4D/loznyycUPxEva/oYfdsKjKU4WKvYj2arVlIcIG94qDYP3Vk20QtkAJBGiGM1f1i5sDaCJnt69pUQtZmHXfP5H/TJmvcLAskPOpeNgsyr7O5osDFivx9KeNVeBBYBeRo4mpt6LzsA0Cra5Sjct82iM05RbZojsnxJDFXVwJj3gv99tF99Jr6+mw1PUks0Wh6vdXA2a+ZWegelrGuyQMqx4YS9l1166Rqx7SGd9TVniENEiptdbuuuhuVIoQHYXUlJcZrnjG5LDpttwlBO1MXmBAp1ckcoXC3SZF80U8SFvoCc1riBfJHXFCziHVaVjsyy7xNA0J+ekNADRdpMFwJCRVFLu4iFiTaYr4UyjoT1ykqwyIg33aQkHMmmA0JX4WYvCUKurwu8petwU8X7RxZZnLJk1TLN/MmxTeq9kNi7DnBbwHjeJ9wp1zYOLDX8Y4UmCXnUO5/cbXjMWlIWAqn7wZcxPi3DPoPPa8RMtWNIiEz2hrlSN+ED28eCWOhg3eEpL82zWb9kibD9fL6DBB+IR8J66c01nUV/Q4fpTlNLtpg4r6FHAIS+X3SqMyKb6GAMIdgO6wtQiE97D8tfwLXb2yfrUxE1/9N/lWlHf7ZlBrNhFB7/fDCpsZ8s2ZsLpCP9h3EfXaUc9Jjd4KiP06I2DOU6AqJp52sTqywn0vrgxzcRMrNIoEEZmB7+2n8l5N1VQhy8ONWiAqP/Rdih0GgGdcyzMQMAy+KvxgPfwIa+9z42CPjB5VugFZcKRyb2WXfo06266KQJSHDpoTQyrT6h0cb1nhb4xeLKu/5y8UjftDlT6jJaRnfejNnNj4UNqheAB+L6LEuSAQ2FEN6fk4RECaqIXt/c5/l06CqU6iZD554c0a+I4JGmz8RjdgcIAFSWKaV16M1N5RjIXfVtd4JKgNMxFXIDUwQc7U9dCmcyMA7leIuLgs08JiRvb3zTczq7VKRDeKaIdzZbA8VriHYNiYf1SoftwHMvuikgvBiZe8tZu5dDzvdTUekrYSrYTvIdIaZSVSFDtgt82TWk/UCLNh80mV5+BIANq72pLYzt70mXZNgFqF6U6OGIfV1H8056sORtAoMWvuzyZgEUGJWuSK3F3LsX3DUeEbf6SRus0jcTCBwkS9UXuI+TJGW0VUtEPQFRXYBEtH4styQVKBUokWlU8GLD8raTzJ0yLj9bocDTQiqqXmR7ndjuH2tnDzD7YTfpa0gtjhST0tBarN6QOlhcx5rk93hViQ5TZIXjpxP0APmsEySpU4aBVKC5L9kFi+b9ZFp/gHnJEDgu+djhVD2Q/UYvS5uzMZm7YycySsM2c5pQTm06PxtMYDG6MD4UA8d2zX3PzLzLF7cTY/g1apeVP+M4Yo2RMmVcQoXFkiz6euAD9h6d/hpnn/DK8PLTPFV56wBgugUyZ4ZwVzRypbgxKB88EYppKO0SX9K5E4ml2rJsOQqfQ1yauW1mcCK0Hq6BOCMdjxDnU+MDy22kyOvyp89wdJ2KcsGz15mPQCzXwnvUUYKZXdmuCV8re+YvsS1uoxOXKM8lbGM78ibE6xi/BXfSDK1PTQbC9J4UcuT0niGv2eb5R920M6lGm3mdzzDFPsEzNb2btRjAm6On3m5U6a2AbiL6uB4R0v+KaSTGQ95xjdy80SjmJoXuTb7dubXLJJqw9YN5QpQ2ljTAPNb1KT4ALOE9YGmTKdWZVwM4Q8zGu5yVDHg8B0X5xZeOJ02s2dOaxiwieJaO8GkqwQOnG44XmyiyZwK3O36j0KZinAN28/dyJOgrwV7fYH9aaF1kW8Z+AfGxCAMb8AlVeJZvza7fe7jBs+SrJAFWJLqYoqQj0L/bEsJCyCY3MGDnqVuvxNEZuFsvhmMFaxw+xd1rX6niYNCo9C77JPUWjpKae/veWGOp8kuSHvLW0pweTcWdDPjAWhUirilEw1+eEF8yM89i7Se0nMyhLqVfcUx2DXQA5hu3SfdhARbs3e+DYCE5VSP1g19cgfP5UoVj1H5MGaSM7XVc0wL5yPXdtxqoqhMxXLwMOvf7ktU69/RGQxOMSN9wD7x0CX3wzDVUODkLBnA/PqbMFXpJ5uDxIMyAtmu8MC52DMB1on7uHb9jQJETCkvSDSXaSh0nOvVACbqLmj4tzKSMQxwqpB00X/JptdubL4m8gQ96Y4WHYbnY0t7p0fNEMwC72a/LJmrcsPfNWsymhpLjkdwqg+Kj4XLrr9MhIGNKZ2BUMEw/Y0AH7qYdc+iGmK3O4V6LJmvzfxJT3S4lUZ2CvjoyFpzg4l9xCwyCGbs6R85UUza5qojqX8JGbmYNU/lX1fyIjvseK1YloICZ7r7rJyGGnJmALvFgtkhoQKKHZ97JrF2eTOY3qEBasDr9o0fmynH5TVgmYkDqYKumx7bOoCldtnLhzytIfWO7WLNrHOS9oMBz5D60+jHoh1F0upkSO/GsOtb+KdFzLvRY00K292v3mTSh5RzZCM0DBK/Dbojphc7g+57L8IYkjh8XnRh67fewq8FcHIzFaiaOaVMnw8s+8y9nw/yPH7sNpQzVk3kIvKBhGq7T9Hq15RIthO3B2PbqFxrp5pvFeo35KW0wyDisr0DHw2KUraFpj2ft5IOfxH7QThj/PuenBMTtyCbjET1h3gBRXpt0LJWjXdIq4HfCbgfdK5keXQhZWNWb4XPybliNYcJpr8w8VlLD2x1qRotU8LNeWGeTcm7oF8RxUkrhLoItEqnSU+e7B2PU9BoBVQXSTde9POuXcFd5AR5vJQDVHfE7xk7W/ix0cLSE9yeDJEt+wDsNY1BEbPAAx+q1lJg4ZYyjk6xclG6/FguirwKJ+Kd4diNHjT6HvR6aO/OCzTnOVLCCZLuJj00/xwahHQkWUMHwJ7Y7o9xpjJgN+xoeNMRC5ky1HWm+Y0+9WEg5JGLYU0JhUq2USWjCR8rMwhTy9WSFfcnf/w9b/IUeVdfH3wm+on23z+ORKisiXQqCBu3vL6AqlhgJE4J5n7QQlSwIGUb5ibux3wniAz+BIUQAkhzMSgGSRb0IiG8bZG0n6rFaZThlxjqXn53SqNQ120bE7qqxUGAt9wLm0oLdcqjROgeOMFH9elq5l98R9aegHOtGrFAP07rRFvpRp3+8S286tzr/x4y027lqfNvrAz9a1aNb+Rdc2BM5f8kbQZnyKymcF1Irtt5nkaRcD2raTDdj5gysrNQs4b1RqgZBoMNbvnDLZN45Lxlz7fKOqKKkVI8NRRcNEGVqlXT2psfW0DhkTl0AWz8QWfYuj5UsKKpaOSB09+ShNlAKvCl1nChf5xmZVsKc5wV47uXt2hKdtpOZk1QPfcerv1/8mV/Y8jc0P5PvHnVImljh36n0KZP/c3dHEUPR/JCxna4R0UWrAwtnesl8+7ErtUyOO6MxfB1VtC+BHVB33/6qUdtkeIuRdYvBNOsEK2ENB9QkJECDTiHEGUuL3PCDXP3CJdCjtoU9LuNCKCkposvFkoiTtNaQlf/XI7pDh+/aJh+bPk6bQWVzzTnQ9EmTOjUw1pgmPCNN5Lf5A6DYzEMfvAqBT4K/4mH761ZScadCnYqIgvQFVJ+QkPoHH/DJlnMN40fMZB89hKUcYxS8bKru1p0h9GCb2NRI3lYh8uF++sLxfWB6Ia0fMsDuTP9Ue1moutGWZlhUVV3avTx82/OeAUhK3QYielXCFGoEydM4X+rF6o8k0+RHlKiP1mm7Y9ud6s8SotHnm0PWDShKyYWQEpKUMX3uP5jiLogmNXL960++zFA1+MU332zz1EspZA7hN80K+X52wdR8wfDMJdMOvrkYbYEAm4KIGSeWDuImjNTfPxddJ4kBLCq6S+SxBh2Oa5m81DGR4GImJDwkV419bGOKoxX+5roPU2ErR0yBaKUsp1BKIciT89bxhkIbkB4HCsu5h7aCDh/QtILZXvVdmQihcqKv6wBbwtKrHf6uZPWlhgrZUoyN6NcU7JkH5A5D9Fj42fsGw0OFZ6ALXMgvpd3X24uhqkt7OO4OPZFZhz/gXzhYlimpvPpPq7aKDP4U4rtA/n0l5Xi/3gnnMPLGCtyjqwbFNRD/icRH4Vae6JVT3v9d12+fK0nqM1GLGdTWhnp3RqOyaGB1uZEuLtRmep3UgD37dk3D9Oe1ssAO0ALwhfTHlc1GBedAXaloWCrj3hx78hjZISnSc3wyIwK+ZMh3btIfvwLnPYUbHS3gKl12JcxPlO7jetYSEVhEQVlPn4fwGvvl7UfO0Yv/XUrI6ldXrUvGbh8VtCbNvbNKPSLYhBRGVhFu7O3yqRysDX5xBbSliIrsdPI69/cY3WWhL+RwLJDN6vYu0ZTlzbVyjvDoYzMAErKA3WvfrPmq5poZcmDh09yxv9FwyZw/KgrG7omAf+VauPhEHH5UZ5hktAxFOb0YYbkNTN9/g/GuYGM8S255gZUxu9ObxITood29khikSWl8tQNgIEm48CXzLLNjZYTS8Pp+BZfzddmJyZxPVzf9Oe3OfV7mnEGJeV20X5AveqC/K9Qi1p/UJMeDDIulKseSoTSCf4+bmNFTJI1HchLAvMP8SLrTjmL6nMUZkfF63Y7wiAUJi8R2Gt+Sj919TdkAeQ25synkkAL9OYmzb3yEM3V5HVSUXcoZt9Za7YW4jpL0ZqDvLGtQck7FclJ+EZsHReTDtoWRSRkRgi4qKaGdkM9LIi61mg+KnulugHLLG9RTnVzwmHM/NxJoY0kIScb/rH7KbdRjIY2XyK4hPiZ/n9TriRYfBYghAmuLZGV7VtexRfFy6c8QxAJX/X+muZRLL+zm5w8QjI+FD+cgDNcMsUCn3mQpGFopFcorbHGJjJwWaJK4aamoKQ8NNDn6sba6txBjkvPfnphryscDKmh9HbE/g+aOjz1t8Ty1otODbRbTH5VyfPdH21NAl3Kbo2LRfhpzK5KwquE4eaXB40coEnICUc0C5hc+ikDBzOKe926NMopVjrxvxagA2+lW5xCW2aD6iv01mGezHaIgAYjxO6YJnXiTPExUc4Y3MvpYoKLYFCxiqIE8dRAP/dK7UGHXgN/KGYlwwnRqZMextIosRrrH5GWYx5dsob/FUifDQFNT4UbIswYrDIVRfaAMvLP/B1Pg66rxFSBiCYf4FEZEwT2+MyHqgpE6uyZji8G249CFV8ukyb1vUvzENXBxhLtfa8ips1waH0gUZ33ZBJbvcbHikZaRHRFF1qNOjrptTS6kcoXrqerHIrQRNi50+YDk3ZlOX1dFlgnylZtfFkq6Z+qdh8e7wVWxpN2aJUnbk6c3mK3LsOZu4mE0X6/gnWHPoXlEKBtPD/IaNkbu7oZ7Hj2XFgELZrI8UJoFSkvnXW6o2BiIEEekP4HQOpMHSoGIasObGk2b5THB9ujhzp4Iv9Z2ESHp9N3+1wgvVRqBrwd9GsAjWXlJ/lJlMaov9dCMPCDmec0UDKmGPFYH41ac6aNQ0cjj2fljZprr2jXxLoRc9cu4/6nQz10MGLj1Dkvs1YX3J9rSENrbt0cIlbZ8hgpedxL0wZtQj4Q61LnTLLaAt5cXX9ZhBOaG1R13kUxJGq7vz8vuAvunOTezYHnNm81qiGu2O9SRhWE5k85yGB+7NJBWxmso/ucvvCTM4l+tS5ND35jdZbFc3l43PBAUXRJvNaQSUNes59nA3ZNSqMRiUW+DWYy/uN0K5wOZR9nutRxhMEHb5EhuXPaQor58bknt0wMLqakjT/ZNdGO9Vf5Os9RLS93d79yNEHl0A0ncnNthWPQYTLg1EaP+2n0u1f78kvHIJXL9T5bry2/A060qaJqytL+X0bm2YJTDCCPw+awgr7eXbQ2qVDcuqcnRMS1vffEewXiCLWTOB3uXbrLIIWxmV5CDi0nWOYGOOMvvFkrq96wm4pn8rEeKmQ1rk2Z/Vp3MqfShrHtarEjndrQWvXWxVUUBTTyfQI+bVN4h3Lli+D9EAbK5CY5Y1wrv8aVqTi1keFnDVZEPwWCkFJQVFZFmP1gkrLN/lXysfvaEMQLrG3ZGFnOdTyHYSnv9n6DfdwsVoxpsj4wSTIICN+8bToMBrZBQaTCkIZJTATBg+7+WiUYKLEfCCE13XKeiaySnNkSzH/n1Bn88j7NwIzIg72yOS44A+4+1iqu8UWZ5pzzg76ZA8FReOT4ZEl7aKSAgympW7CX1Qb6oOeRc2ulsU7d29w/AMZBVOkupbIV13sGeBbWpstTgDyXULO8U8ScFMERVz2pw/tEyFm0RTrrPMGj2VFHcA1y12C8SDWJg/usDm7UqZ3nEx468nyw5yx+lPE1T33hGwycojzCuD2cpbepD7sVy3eYyfNR4Zu8S0+HV3kkhwNHTDSU0RiwIhHz967Qc7aCKt1ycaMbBlFtrjUmbjTQrNRnnjiVSnyULTsI/FGJqNfhwflVkByQxLLa5uMrCEAL0Qk8RP3Iq4gytkkyxRKNHyoUHkW/XJm2jJLfrAdFKTaZHUkNEgigtcumHEGTT4tD86dpnCI1p6X3R1z9FCNGsmClCMxpsDIPECDIVmXwxZLslej+Q+hfGBm/iCTSrus2OZnBGfnhqcUqcA1oRSjgdqmVhycX1N2qjWe2AvVe29RwpZE6hF2wLFttRk+iwCI2Y3u9PdbM6uiJNOjSI8eFUOwENGzINbQPxmncTqoIiFlL6qtV4KKWxbC/Adn1iSGTFY0HM123UourWUjEloMTvy2KwktZNndjLvQPZtgpfm3jyYr7E7ZR3Akb3zRk6XtVTh+zPxzjrCKkfD5AsRuGrdVdZeNWbOlnvlC1/UXYk4Bx8d9NR0eorg6pe/O9ETIwLq32b/QbFXGpokd/P2zXHLtRsS4R/T6IlwUGqvIOhcse30N+iydx8Q7ZL8RjUiVVGs1ddt1LVkRWWeI4wlKDQuQBnPO3KDYmU/QEby8Bncm2suX1yIVrc5dXLKRPSCA4y9SQEQHrZceC9d/mWns7N5yvCBr21d4sIX6PCGeiIpUlJcg/eXr62f0BfOoXLKsmYGTqL92p5vm1vnIHQOA8KBnEbILCAcbn7sWqULmRMM+hkDMeA4Shgwy+ogO2C4m6k9an+yQY9KhMN5jTDFgaCQyrDw4zN8HgBowBqAgYPZ5tIu1iubBONYtbqx2FZiez8nf3MBKTda+cWT/Jf1YUZcKW15oYCWbLScgXaoA8g9tgpGZPD8dadjbxfbycw8eJ/9iwqdKivLxX1ABpTab6GMjFeUkLg2f7M8w2mw2n5a/JeyZd4aiyDvao3umGcNMh01xFLBq2JM1NKvwJsSVaUyf1840+b+AR85TlN4P2ygTPhbhaFpqJUSnVVAWNDytuZhuLKH8+tJ+J3QIZb4lQYFF/PUbtZgraDb7q0jqCAo//OG2kxsEI7frYgvJAD29hxfPX0b+tQW4NMoA3OXrcFDIApV/+PaXy+mhj2tGmhm/jm2VtOghXRkszqwJG/EoKYxjcU/hvmFRQlV/ORmOC3sfeQR4gKhMymBX9JOgQsrsn+Wtcbk7BFQAl7zJEZL3fusf5PLj6NKAWxJR7ZRVSNb0sb/w0bWXIXq2GajbdTmuQ6Qm/ThrdUYWFWbquaU2k4v58bIenZcXcL7diPFO4xR1i6GfIBIdI6PiyD7paYWqoqWZaar4xU5cyVSj3ui381eatJEmIJlUtjv5m86vgyJ7GSAw+bttEuQ9Mv23I8TPpmQmKeOUHhGhRxatumYMEb2HM6f5VxeLpdK5QVkVdCUw9RPJWsvhzzyd/8sbNaCrTYQm+iN6I1DYrHkW4Bdoig4+4ty06SRedMls8LK6zVW62Qy+uAA6dj4I3mr46y9s/1+TCUDVnDriDkyAw9A+l+JkhIoYfk+8XYcQUWIf85KDiIEwqsKgXeeo4iyV8vWKASlZG4U48KOquFmY+3Qc26ZU7qzIXazcjtC+4TvOWVMqX6bJLRJncI3HeUedcHRdHJD67PoRSs+bvQMIiDgqghp1Z+WQ6DLq0KVF9Ja0NOHi83DaVgHBe4VOQIzGjZXio4ffOpM/FkSliy1GZGOXeXfCj+J2M2o5bMRM2vPWiGMxh9KhCBGlc++cdxOOPTkrwYgtomiHmp3JmDIBUlY54FI29HeIECRXlkSW+48utwdrWVBzOwGgDJRK/HvGk1e0sJTX4A4fsOA1WpH3HAl0KN8pv1doccm9Xtr8fCGgWp4PcYjg3Q/veZC2f4ZcttqbDtgN0PcUe3MozY/Wjn8su98waZtqoDbaEUyIwHE42k6jUsM3TNyvY34g2p0nkxNRZWuQ1ZPNE0Qt+JDdFXbJH6ed6VvRE+ELAY92YycmHQ469SBw+WLzgppHz6tx+otWr1EbEiDwRpTX4UwA9FrBjXvvSKG75eE9Z1v8pCEs78ZnIqwezvz/WIiUiHlzLJMlLwu6WSf3Scu3WG0kP4U9wFYifRBLPJvlHDxweMdlfZR4Wbj1x8MIWBi+dg8MkyIw8ProfvQsz7NaOM8AH7xClorcj/ro3Ow5NLEs1xIWYbfqeNHc+IfrJyC/tdcdJDeKX+G8eCrrJycam7NhiBig0ilA2td8nNok+3iG39ZrtSVJJagEQ54nH0RWgTht3Sd/DJxyiz4jU3wQxdZylkcXbrM2uRrxirv1z3ib71TGR5+5O/LNUIcb4Cyj9wrH8e3KU3+ABWOhlQ0Eyj9fCA4XLukSVq/MkYHYaiMi5fdnzQ6Nbxy5n6mTa7Ld4nw/Zae8/NVN30Smje9JRJr1UELfRzYNcnbGbdCOL1DGMzVvYnVZv3SqQ3BVyMOJrtW820iiwn0aU8zic7BYiEfWbRCoVi2HdzBGtBXGrwe2fl/zR+tWVpc0rsi7aOrKEgIbroWj9rXNXrjlazq0JCQU7QxNYqV3XQnF1XpJAi59XE8L3BIOxyxrmsporz5CpVQz0thv5Yb4g2ad8ATCnG5JkdAeVw+WTzGGe7eWX6zDmlimDJ1Ixogf/Ao9ZKM6/Ss8tbaL4butoxoSNax3KJ4L964QaxyaTTjS6aFmnfszrZEX70cF8JJIyyTPdo8fLMU5vcKBj+Q3JuF1GlWVlSOC887CJu+CDXOZ/2Wwns7HT6V+CmFDqn65CQVIma0Fp/7DIsKagNS8tM9HngNSgI07dO+wdJSTKc1x4dWVTILiGIEPvXYh6Ug53y23cg3QbJWBsjZ4pBR9MXwnE3X5yfpAnkDIVPLZkSly4UsKN6+xvUwG9DxGjsh9uTARzUZK+Hk9OX4Pa7aJ+b07TgUkwb3j1Q3rgIOIrjj8nTJGiFTvGxBx+E6ctYVSVlg0If30CGUKxByQ6DSDiYpJBtW+5YATAYcnX/AubUAzM5IN6qvVXt1qOB6Rb4IqvWVqtGnONEKKjdHR0q+gqUDj+WVZgnhb/wbgdQIDn7DLvn+4PtEW5TOgq4yz0jb9g0pinYZevUJXWsl/AymC7hqDv7trF2BCUymErz4idSPGiIjPYL0mjdTCzwxE/uWd3IJqYfGTTyiLLijHG87aw0KQA8ABLfFM9+6veiBPHjpUQQ1N5Q/URuOqy4n/STq+FSGolkUbVx4NIHZH6imDdj7HUA8lQzJ2Bn092wt1NSo6RvvKd/OAnbn+zaYSLJFqwNgkY1VnIw9Ly3mXx1EFi7wzZhYBPLs9lioxuuOxDRPhv0WtJfdlTkvrCU4TotEx2r6DteHbK/1+Iqf3MNBaGxIHNFlk1Bi26nOeEVRNaYZ47eLAvhNP4wOb24LuyeYnr2nzX997kY+8XH+2sdP6alttDJGuOQNGnOrccdl8lweWdT4pbcXW9hGMFz8iWQTBXQYrVQztW004poMFVIaa1rj7HwSPu8HJPFJfugGm5S+uBY+ewK2GC0wI5KHqSxqwtDCqyc3WPUNe29YUo+/voyA80LgsWgs5THkDQDAW/AtkhCD7VYx+ke6SXiLZA4PC7CjDGHPjdNf9LVEO6lm6gbvscA9KoFF894Vw9AXiAGdWS/iPXdJwGUOSO9klq0/oE2xBMbjG5ofpa0GnHzxO+wAdTA/Wukj0y0qMaAsOAK6f9ZUP/MKw3rMRxI0lZEk1lv/oPhKmfXavV1J0w1RT6qnJWx9pxsfaIBfPO5subaizCQZ0F6KcQfqAUuNqx4EG8A72EhAqB9SqAoewWOLju3ZODCr2kncMSz01wGHClWa8A/ROBCjZQfacXDcaU/bipRt7nX3alD96e+qOVd5gBwT8bIl7Ph17hrymRZ4kJ+1hbwQUTs2PcQaecHYkkICtjL9ff22daQur5CFRt2B9KVIgISWFNFdVZIM/PG9s0GoMAVyp0kVYGBGCwt1npDaBEJ0TODmC5LgSY54SHOyT1i89fsyPtngJfzpG1ERbxODq9ACe5THmo9PcnfCe8orblXHKkAzzE0Rk/xHcKXNc4PgHoluIRZnMd6wJWLN4EfQw4hvqsjRVqOjPxgoDV2mfg/+UAcykHCcBzQFsVHWqSQBsmxgvb9gXSnWEpr8/PDq+j8XF+i//C/YDQVG0AvsVhd+HzNn17hzWhViKkOO8oHzkKTPHk4QE3My12qJBhsc2aC9jowhhB3wXXkXRjpKay7DjMIQKrXv2/xsGtJILIU3QldB55Oc/RGW/4LGPI2m9/qKmt7nU18sklUpqrG97Um+HDFFEQw1nmTfidjiNE8CJv/bGqsEx9mVolZ46LQkz0oo85tJdW+LUvqWC/m3P5KXiTLifJrHV5teZaZoj3Ecr2GPByDxFwIblpVwr+xPIYecn31uqWvwYtEUFudauI6da6wlJfnZKxNgleB9xnFnRotNEjUZoFkLr3r16Yk2T2ojWMz8s6TtFS9Ga6+EEFNvzepMQ3xRhl1fWjiYySvTilfhbBFWxsXI3YrRQaYptNhBhM7kHQTkStN5RF525nI7M4QFyRYvy090Ty8eXmLA0lB0YIZnQPKU34P9vj60WAdrI73xg2+UT1wQy3tli3t1oIKP7JbNHkdAczc8e2iIHKQ8Wgh5elnsc1wvGC02SoR6DlTTjHYk9BojOsrp4I+CIIvY4pKdUbUPDybkearaf6c30JGXqlcSLAb4IEprHCjsjRPnvHZ58rw0jgubvyXtvVdM4XxL6PH77jH35SoAGfo83YhK9geo31kYL8ubwvbq9Tog8axtd8OotLsIeubkgYQ0paGKNxxbWaTK3dOTUq4ZiBN4JqyyaEY0JI0aNEnzoZXBkp62oQj1KQTPEy1QPC1JdVVfpPR5xLL9B5BK63l+QOt3fP1erLWbtRjK5HnbVz0i81EebJ/itwxQMVkVu7gZRijeQanLqLsVxrxOa6JAo1wQ3oZNIg2rMh11TIcYG6uqvWqh3KYtMByyyHVTmqd273TGvStbv0T74J6OvcCC0pocUvHV4lzUO43KtzIvNnCgF8dCHLkR0vur5YyCWhtsEhP+PBIF8IvjCf9Az2ySkM0fXoPmvIX08NEJHUc9OBa6ancdokY7l9itTXaBqJp+5wWGTtUe506I0fJMYebZfAeoL9YeznyA+B88HQkKRdklW+Z44YvaM3VKaZUSmVQwd5Y2vB9Wo6GK0mnZa+TOu3jn2YWdCswTwSG82BN8/BzkuHtWRU4E8Vnszz70gN1ES7CsvhEkIAzZakdEs5GE3xSP506e/fcDoSSwkafOapLBApCRi3OCmhc59rpnY5BoGls9LGgwdFuiIObd2aBtMua1fvo7BOaqUD9ojROan9pxW/oZa4sAdgqUymCB7hpsqUGABt0GpBwSJd0jncP4Fg1cbnqRvhjdFgWtuB5XTh+thFidRcsDnH1OZEbI8YPhrpMWF6O+i55VIp9D8ulFNDNjJuJA0OQOmGKge+ulZEXTOF/jv+4iP01GNxmkr9rR42uiCRbuMcoG3PgvTDUe+KnyTXt6FiQhikqx1eekUdQGMF+j0JIQRgkqDwbpM2lClQQau7TVWLDpNpCe/RmT4SEUnLschWFFAORkOio0tBapkbjDTuksd0plCUMDjRZt9PPdtFyTpNm4cENU/zIhqochSHe9Ft8ayercrXbY+Fl5pkYzlf9fOtrpYTBsZOjyB1SeWdlsj+VnsIpSG3IxSTxwauc9UDA/Kvgc0ZMxI+qHSRdpwWwQ/IYW0shRyrM+Ep82rV82vD0SvtG7fDc5VkMCKPnSQrMT4IOmUnqdztobtGBUWBtcdWkN7WU9JOxzAs5VXihvceSva4R9olJmX7CGmwyiU88nIFCTVsU34QtXDkQgOnNKhremg/WJj2WNNcLYWJMOCB2FHASbKOt8yqhN5Y/SJr1KtkKYWpOn5oM/jVHmhdUoPM6Je5Wj2DIuQeRj4BLhM8dArdXkfp1s6wAZTr6nmyjJ4xN5bklD4s5sEqFnyK3DLX+S1fqXPeHud/oV/eXpqJ+btEj+ul3TyvbK039XaFbcfWOpYFZbMb2Hg1AKVy2AGYBIk0/WGMgRAR+Xgrrpi182V5yq/sz+d27Yz3IN0R4iqc2WTpNylbEOWuEBygBA4ww7+z/Z+PHFTi84v02t66OzSP/Fa6X/YjAaMsuHT7PIWBvm2US37orK/9qoZbLO7Btz6OyTjbGSRn6+lF/YIpla2aOp/QLu5RtKAJr8YVUlQEL6Y+XnJRNfeHY10nRJCl9nfFh79EH5XwIsVXn8BzFakcOorPiAO7RYV9DTy7LVhsjN4LNMBApxA6k2rgDdmINtOxwyiPWIpJ1C7wMEzkV0qJT1Q8v6zoMQDlj6z48fXW4+qJ3d+/5gYWyRsseUgXfIsk9IdpCWxKuDlegKtAEEy/dTgKwr0gSY+SUflxdviQFB7mQtgmYTfLz/b/5vNHpXqiGb0KQwUzRms+se2KeYGS0aTC1XrRMkhOVhcUQYGjbJGUv/+GJKOeDaOAOBa3GKJ3mRPSsidt2l7s/gBIO/G2SZ2jp4BRTPY1HnfRZBVy9TgPckGoS/0vnVdFK064nR1bYWS+syKpLcWD53cfgEYrD9/eV59/o+N2sJxs2H+At1UoNH+AVN24De8OftDn/WuYDbCffYU8ZP8ZdOUW0/Obn8mZq/vUGxHXrWbR5fs30ImsGptFRAbV07qGFEstPPVfijmN1PWpSKe1lkNvPjKXg1LN7Noqq7QfF6RQvruk4XjPrpvijJmZ8gxvwB3qWl/LJzJE03T1nA1nZATAq+7NwqN9mSiQzAr6b6Qqxgu8Mi8c0VmlZoMFcpiMxqnfpYptIaOJXsr8w+K6ckqicVqhgyJujocKENfqtQxP7p7A5ZlzwO8F1LVTRxmXRJ/vJl2bCOgCzkmrWE38EA+wi3KM6lAZZkX9BgtGIPKmni3OpqcGTFik+Aqbt14YqXuuP9eNLW1sQlARfJciQGqNJUQqEqGw+oy81truDKwlwMmSEKNim5jK4F2ppfWVsUxyh4ifXD9sVMU3TznDEVqm7w1IZ+8ZfisnKY0ZPKAfU3MYkSkNXDba0TJIp95U6uzDT7N4dyF9Li6rD+WuZd7gUhdX45Are3rS2+Q5z7xso1x4j2xccwSjpjfcU4gE9xCnT7wVRmYlavrySD7dnG7SBAzROnjM5gJlP6Ateq4lk4ddDcvCzPGYsBRxXum2uC1ObZ+TZekXwi7Zt/lxRK4vbpKUEu1w+6HChzEYLp4/kD+tEL7Ewu1DAvLsNd54YTQCkcrgCXGS1gFb4uYloIzpfpHRc819Bty/TmH5OclDKAUK9VwKkxjHnk3BkPPqSrabAGeh/WzWgSHJGQso8V5NiGs+MFpTs4VejCVqI06UhvRKVsJJuSx2KH4AYDx7XcpFgBQEYS+A9LEp5QjnQ9qCp8AoSonfFnujdJQM0CRzHkpoF7kz1uKNj9d8mpeePHf9iytTaEPfArDib8LCKrqztNAL+rs7UPQkXPrjm8TPoWcArvNipbLB/IimL2pbyr8cvDbmX5u3/fM1q9PS/uvHSEYElquxQ0eE8WBA8OD06vc9sVf86cE4RibtSQtvEzs7lAf/ry+Ud0ya1FKWqyixNayEDGE4CTf3bjZCl9SwN376BxiyrPgezW5qqksYfmyckpZu2/rmTRrLkjHstrmg1uPdYbsEYel9hpj0CT0mZVtro8lgqPQ1qjTotI7vZ2dKm77Nh+nDbeS1H1A61vGXiHuzCEVH4ZZjxmgQbm7L46wyrEE+WbLWENcgSfZVatadR3y7WhD3Hu9DoygKNbpiA5ucIayn4iTczQzYW4weBIUHeGdMXZbsOG2dCkX2hDNiOEzcdxv3KPTJRfTRdUmdG70D9XxmZBSf2JcXo+0OB8FpE3LUh+XMf9c/WF0A0gqakfsxbbGIChJdCi/AzmhNKdMpQylFXPusPzhIv5PyK8hRPbrOxFsq6qrUm9jCANniIdM5eoli2p0GZ7fnXVTz+jxXmX2mV5Wbhu3EbCNf2mekdcLeCL2aid4TSursE9W+ImLr6lTGo9bjX5X846ojiO+tzQi9tBOe2EpCVV9g33p47i9TuePSGNtkFWkXvylaaJGv0VpMHFzsMM12DDS6HmQNO/pEtGe4CbVh6aKslCqHeOGIjBaTG5QKLpRgqN8uiAJ68liIFcDW2CLlmvUfQMLqbvPSU1pUzRqEvy/9nw4l2KjDzB0UHPERGkJeOSUfUalhzNBeh3ScszfBHFeOkjwMI6ds2tWPCuO6/rlk9N+Znkl/d8slIWCQhlG3me4WoCKq56PgZnB6eqpb43VN6njy6jonqD+e+vdfaBZJ1S7mIgylEVsLFYhELTXcGZ/u/+YgmMpvGgBCEJK+1d2iTIOrztMn8h1/O+HtcId3zyufzcTeXd6Juv8wHdYTHSlrwmll2w10b/JlpYVNGzvcWIwv89i1H30Df/avWs3cb07Hxe3lKcEIClTmymHKUxQbI+VqRwAwbCsSK2yuDKe8CdnOzZbfLRpZebobVylkQm6Jbn+i/KZUfFvUE00DGSBpupV53hzZCMnMqU9oZazL0QybS1kzRc8KmeXkC83tkvAA32SeyMXY/iJjkqtiHzYHnDg9zMapw+4iIUwglPSGSUxABiOGNPvgEyD9qv9DX21AaNI3SqpSIioSodFmMIRmNXRKjgxJMdI1TL9RM3YCEB3qkaI+oF4Ms8AhXvJmSFTEBDhM90iIBOHg/6Yb5kXisGH/bEqj92TccddAtoV+SN/HY/zbyy8kM0zCX7spiw5AoUPpXdrrwC7wUsIKUVtHn1KMkO4DeDzYAA1lmxwZ5uIrThd0h/9rKGeTpWYa4CktOGzcWFmDlqybSAR7F7yuEt+a3NH/YKNUncHq1I2cZXa1zh5u3OB2X1T5lSJVqpRiGEH675kxJMhsp59R0kyJYIyWFtHFD2HnpVD7OrOBMFVdqhd+Av3G2Ckzhu32CV91mIsUJidN3yBfA4b8g2MyjyN6ZMFyrk9tGwmTkEQX+LJ6z+pjqwdFCrMuE+9BVv0537eDDsdVLBKi6qCaB+BdO9WC17OoAht/F6zAVXw7AZSWGi0kF4SRIT5uNgTVimrPAqHQS3BvFdC2t8AWt89dPYDbto79G/YyN2EBp30zIrx6r1uee9HlJdK6yaZgznZm5CRWLX2p+fZQYfZgDUhGJtz+Km/+t3AGkOBHk5LC+vBX7rWdSQMxdJyLcbfvxrkNB3wuJV6/GO0+nejTlxrw69CENvvvUgDkxGtYuzOnWGmF/XiV2GdlTlehYxJyoNnjfp6jDNig46HiiopbrYeeaxUmYzK3IaheK+r1eK3fHC+D2y18b9O76kfkkayYw1a84sR0lKBpsrag/9pvCMuys0cs07ctkYvQkYO+78EpUWzWtxChGWS5Q3aIQiMHW6RELf08+QSE6woBi2bAxbqKZrJExnKs+gOqwMWnmN051YS5FgQ8kcVcvCE88pDuztFzfu2dUfXO+b9nDFXIn34lm5wd4+Rbx2FBvCqzV04TXxR16BIVH6344QpGHce3iP2j4Cngfz9DHcgW7jDR1Feu3hnZkx6cw/htx0+s17U4fROBo0dE4b1h7QaDE6copsuieQJcDuLhoU85EpMejjgRvp8W3WSIO3XFNVMI0DqMykvLeb+rnXG/1kayH/eKEX3Zcb8kx39Oz5o400IWYru4nB8vjPLwvdl+DSQE/ho6KpUIY5xs+eMhpvHAgpOLR7tB2Y441kLhTyWf/zMeR1HT7tuaQ8bdeHMZbXzfis0ZgUkhkim+sfNEmTH6GsdV7kbnl2sMkk4QxKGuzz6pG4Tn8RGgE8Sue38Qkzra3Snrnlr8pWHgz8vUKxrrZFxajrKBG9jUhG2XsYc5uA9XVmS5aF1qG37+sWwNa+heqrsvlsoREYo4qCS3TcTMFZen8ueL1MrP+gN38bYtSu6JPnyWv/3XBuq9qkBkN8qU1NvbBtSt0n2Kw4ih9Vy5KUEmsYGshi52mMQFOcujxC39fPhpsPl7FgS/KYaZuLyICCkiwG+J1FGmBs0XvNPlv1J/atHyImSYL+WDXnNCXQKrjkcqfUxtdPZej0fOhV4qMAYk83pGVfdbtn5jXOiawvaSDgf1zzpOGEZ2NRTqGbP+uxptbIbq40jJdBvPP/SRhJvlMoCQ0eByyYOn0WnC0V/3KBrhGw9VPTCwjLDRsCtmFxGXmheGV6YrJqnyTo2qamckVi4p92aPEzlY4Z94S5eEFVvNO3JizYuvUWNaFm8QZQUI0yaYL4RAe+cHI9ZjfDCQmeiOlWQD9i8AVG0FRIdaBbzXhtzNotMmTt1vrU1p8sVAXc5geBpGEE8fPMgtqPqfwXWHhmfzoLp60on8svJqb6Lhd6Ez6biuBB+SRu9y4/3SAj8hCYFO4QH7N+ACHDtPKgzW09HcX4jmt74wjyLdYIQPNf0VAaoKv+2xw4x/7z1D7AzAC/QGU5arrD5j+7lq3GtIXU4CcNQ3zzo3rngYnSxvJZevL5YnN34dTq75muuRwttmg4QKoJBbusVe0ET7sJhOhyi3Nwihj0dO2uhRcZl7pl34Cgb3F2KJ/LA4uky0CNJ60uh1Jj4tgV/jfdx/KN0JH4ZoAK2TaJvK5WVZEzvVJPgbusxqrmgaT+Uo4LfTJh+R6bAbZQqcNspVHxUrzcxW1lQbZASdKVkSMGmxzyNBrN773NvEmuyqUPH3QuJUmCxYaCZ1oBbSO0njMw/2iQN3HdmyU0/jbbdNGiVBAhuV1MgjQ4EM+AWcAk9ZFvSc9VZpTqOpJaDpPTI5kEu9eYgu06PhKsWwedWEVMXsvhNXA07QY2zQjsR9iGclR/mPd6eKF8Mp2K0tfg/w2m44rumxDPz4TGA/pv0qWa5fhhsvSEIFJLZojA8yp+dtQpRlFIa0GPo4YyOzF3FlZnDCfugDNLJss6PYHScAj5sKzRWpjLlIbxGRnVKRLxwGxEZAm9/WqI5ccMtoY9krpwaYnsiVHOT+udHS4DaNaqS4JNGL1ogadYQKk4myeNkJDnYNHjkWDb2mZh9As7wVTY46b8EKm/c6hUdok31gdZHNj1RaA6ZFDEJkce64Ker+WnBX2SZowLQjJbe3Gzx1esJkpV86TIaNhO73SNYVlzINSsxjhnuvl4W3i+bl25PjtHSDh1XKCtyh257meV+zudqN9IP9HjuqnVAvhxBaJLi7fDbJhoPeZ/7KI42kOX2X3iUVgNMLpFu0s/fAgi9FXFFc3LeAY3LzKgMUBjXNPfGzoag9I4LuDijE3SWoJOdMAcflO+33jNh9y5QpBzKukAcmoGuVO8WpQ8pu/vnBQ2IdzgSd0ynpcJOkL9kxczrAXibl4WvrdRyzco8uCKuKnXuIt6UDQxZAzNB5Uf1Wj8LXhll28CaXJRd4XzqaS132ObH2OGOUZGVobzyyhRqQW/fvZzG68d4hRIEaspwrAbJ8qyFIRa3DywS34f0xcpkoo7VJ2RXlBTKaXRf/NeBab/pkfId9W9S/1Bquvk0HzQ7U7CDfpebuzrbV+S4yjGAEnFy/I9zerY4K6D/5RYMUdZzI9dVGCqEAsR8dbiJICi+MRtKbajh02NFzbST6pqcem9fdEfLokztHngw6RztoMoldhsAlVw4/ParvhnKF61a6WRPZvAXYQY6Wd0SbEwN5o/BhZGizhcmJteyntDZjx4FUAIG6H2thCHHkdgpFz5bEX9BmUFBvJLWys+hjtvnu1iCB9AD09li4zc97wshGbSPkTx7K9+u6bM/Jx+n/Ztog4FiZ8E/gBtJ3RCyJbXKZYqrHttlJIAhxv+P9lqScT2hq/inadRe3hENduIs5eIIDbDZkw9E9jGZREXAU0fRYUB39jJPERXbzHsZiVYs3idVnHyhdYmzx6+wwI+jbvfXDiBN15je3DLphqZhdsLAjjSKMClFoMzyXDI1GweUeEl7O7cjjnlPQ1M6q66WqbSkusCAE3PLPZbNSEaDbdOrMf4OqIpEmo92D3MipxohrZ5WYowu9vKmjPiAANwbPQa8bS2uv3k1h9WPJ8X64hjOgj2/P35Xa/5jb5YDBAyXcjvqrpLhhGLwJiIrrs4vPyb+1veuJ0Gg6p/NcWyt8mK8SpGPPM7GXDt1M1dszfvD3V9zB2jJJs6+Wxp5OzYjaXPN/XCyzYf7bNXwzIgR/YdalvoHlpzZvCCfByiurcJKjIiSwgzcQzlBjJxFUz2cWVFTAglaDiK1NyJWGAcSG/YJ67c6vfmrfjNX2Ug5fYa1xcZqiWPE4hFImKqrLL9kUWALklCWQXm8oo4NhkmOzGivIIAT/cte5IvUOIfFR9Hfcm6eqoeKpMcZ5fexnU67pGio8E64iFrLLs1kBMmQQBPLO3nzu3/VPPAu2a9Vch9zRCXNXsqE13e0iwD5iOS+SDBMYiznAZWN9jb8ZboeBUylnTjk2BWiEjPcMFy/srO2/QOBDqMz1bhmQiP2hGjH+EDpvw0VtiGb1dP8wpBLL/9++Fv9XVRA5wdY8Cq+WCTj57ciyHk/CFK5Js0vWYUQnAAvXpyzXY9UTcElTGZIjMKqaIlCPDOHdm/oXfva8mAUkMb+K6uQ7AH+beKfUk8imTMAk2CPBW/BhA37AihOa+Jjz1hVvt/8GLmNw1SFEdAagMsIMGrz2/bJ5WxFG9DYKHVSH+yNnSpnXjq5CFiZNhu/KUa82OWduOkVm/ZOxm64kaWA6YfWU9thq4AMv3ig1iCO/AlCqXl43kwBskCjI+NprH1vImyiqj91Fp6nPfBCm7by85O5zsZghtqftyQ6PAoYQMOFciplUosniNkGrDZknxBrIoeAdRkVU9uOETMbxedj5bX6l1lCN3WL+1cayzSdfkFx4cxMRWFUmcuF/Y+OflEiqY623V45P5NqQvtFeHczIXWQvKxqHT/9kZNhnx0ABWI2gdIFROwUYXbLEVoZPPPs2eykP/ol/6Yc+nbGVJ7IOfsWN4MB5jcZiZXk+dxl0YzsoeA1aUwzKKy37bu4EeqZSkubIn2MtDcB96BLLzesRq7eDkdBIDLTJn1obysXnLDxBZCnAhM5O+N5zu2c3MF/GTRuErrAs53uXugKeWrLa3oHc2YxqLx6zSI9W5+XglZFpO0Bguo4+vCGcapXJ1gBuY8maCQiGvBRytJQRoin1gMiMaf86ZPagrNQ7lUgvujDSME0CZs0l0PtW9Qzx/FuBtVpw5jrDuzsMUNWB0ehTElDNmCqchfvrZq3rznzR3FTeU2xmyi/5avC0RmeOSmH5KVS5PDLqY/FU59q9AGZulEddAcGNPYR+FEajEZI9Lqo76fK18fvMhvklDJoGvikj/C/199yh8oViFR9yQN97EB+QzOnNlZWcOBkJKCzLxBAmQZRReGy407vLs/zaTu8slmXUIMHtY3UyQbJuW5qugBXvpMJ5RL6Iq2wbESDr3t+4ucmVtuT624VG5V07LWZNslex+waJ0K93bHqLo5ou+ntEsRYNdkVtjdnYVMZLVSoLjMbj3AHvRuJnByyqPXpVmu4tlc3nO8zIclPam+LWQbUFM+XnmpeviiCvNrr1wwgMOUEpIN/72RnCPuE07C7TkJqMd/29lQCyW++jtcEbLRT6moPg11KMAJiIwBofaqOhXWOEtWV0W8QKsa4cgZmWJvEIv+CfpGpnmF+Yb6C8JP8Szj0WQju6vZiumcHQxH5/nPoO/L1pnLFUL7k20I6mMhsyUdCczOPIsXGzCvI1n1xiVkbbgO9WUjwQYsHd8SQf51/7YB+YA9VjXxFcjc2d4h3Vqk63F2M9qilCZrSYAHpP41PMxn6Jh3y7DVRSBbVZHMAAYT8DcKMDD6w+b1qkQKU0MGnO0Ofzp74tn6fuusxp3rJ6m3TfyaRKk9KOrZcG+M4IZ11HhK3XJz8/oNLKtqXSYXTzAr+8h5NE+yFhT1V8yb9989AxmGNpU6mXf+ugHuHRedClvNc8P7cyeHYLaQmoxPU8jHPmoGwiG/OczCkoVp/wVjHTmdgSL2qu0wp57N1zEzSJauUIwJ6H6iQRjOuV1Kch3gkR1J7Vqk/YzbKawIDQ+ebFL0VPRO6k2EXg6T9wj4miLBJ9T/uuu3CL+I6GJzfkt2bFCWVa/Hd8/ji3ab3lpRtGhyS87fdWtt2q32g3I6kIWsP/1gfrO04l0jZqOURklVLR/FQ9YWdwi4DONhR51uz+QXy0VhzACSnEW5APxKHY4TjCkVtao4shwges/UeWYszWX+edcUsiWpQ5qndIrI7iAJi2CI/DqL+1MMj2tbiEVMEmD1a5Mv1RCKtLkOM1TmeYO+Ytmt6piwQ2bMIqlP0ysYWH4Dc1SsKHVWcqohEVFDPlNjvUlM7ufuLz1H6jLZ9PTOcW1jR8RwsmH/CyvBVJ+00hXmJ5x7u0fEedqC5+lH2P1odFqCrmFFvSJFq8KgXBz6jqLNuTnVRUuBgXhpcVwSuSHpUvEYFJLT4yFILkj7Rolh+zb9+mTkYL7jzqiW0GvE6xnJ8dVe5NtM9ZnTrX+7JInrbKaGcPtrDYkpThkooNbbhc4rOT7RitPcx045A1r9tn3GLPi0/vOmRU0PFUHd6kEK92BowBGajDeEh20miWk0nYLElWQYtyj1RbvptIxUi3K29q2bIhwc+KSWcMliyTIYB5C74zFzNGWjtX8L8ZOSdAW/Yb9ZbWXpLPkuckyYwsmfKKBrq/5/1jdbgrdCvLXZbC8JpaEQXL4sMw4UVkDPim+MwWKukI+VtajtjD5eMMp2We04vJPEm813wgoPQTach6DJRcyitZTwrJZmc++BP4zp/CYx/1qzwMOq8sbgpMqdaacVF4RDyJtoRpfx1DSgwTaKmUfBwnsGLEW5BzAxwd+I3qIEZwVBgplxv+sNjyKYmcXsEu0E2koFQVp0q3jHcCldW+7Plh4zIsgPCZ5AlnvVWLVJqetQdyN8ZIQhrV1cqRJZg2Qu1THayuBcarN/pMM/VZLzvg4qOf8WCLq+918l3c19uH0UPpaAUIKARbNRqfGtWYptjxTQOk7vC/RsjmDwqI2j36PZaTi0LuV2Xjg69BjTxFPt9PusnNBewVh54KUL4nE1z6tsjZnyVuB0tZFi4pkIucDhuhYYQqOy4QD3NMoMtWiHdk6jQLAQ3ktHDzpbhIXY8Z9jDNyHFk3BhUmaIzpIPfyqePfhntjsXFf1xnTu8wzInwItCwiDYcO4L63qUaUg1LaOvq6uoTv8enMTqhupLbstJ+fZKA4lBpQXVT5IuvMmHhZaj4b/4nhWk2FyMB/ECUHJQMyaJLCz3GudgcDW4wpMJdqEF8cvh4ZjOcRzAJSkfjwypajO41n+AFhy3tHWb+muQhrQVGYlTsVaK6nIrQS/ZQup30vbR/cnO+LgAfGm1Fdh1K+SgEaUsW1cbrI2I8NjLFxdWEd+PYEp6Bbbj/8QcevQ9oHgQgFKhONNbvRYdAquVrS/y9+BZs6yri5Ik63CUpNetyOPrM78Mn7FBOFLR1O/9vm7pzuLOR4s3RgUAmtSb9kCnFEMmAMWOXuGmCgYOe/5QZA2HIYIX7FqF1kQtydjW5f/GvZva80tCA9VdcOHj4NTfn4C9Dpfu+hIunh2pzCIs5gFnJM27zuYmMFxWcFAiqqAJbTrdbDkJfN42xKLrqp5scRKFXUWRkK4fGCTVJv0a+s4dw7z89ZHsVRrbtNP//TMtw/20RkQSKtQgez5tY+Ck1xpKdwhSxycdQyxewuvkn4HrQqiEA5Zus4nWH58GyU4/Cl027ZZY/bOBhdtvc2PbinZ26hCQtbvcHjzJi44RM=