AQJTa3kDAAgACgAKAAAAIAAAfjxzaGEzLTI1NmFlczI1Ni9vZmJDYXJnby5sb2NrKfEiYJWACEtgNgTFl7+dUK/GuckshLFD7i8bsV33UyTAGiiW04oPK2jErcgD3RBx9m2DoEXfi+dBW8OWM+SKq/i3zZRog6Mjfu5z5g7Ugi0hzJu31XJfoPZ1nSdpJXucjGMc4Vr76gEZvT7d7c0tlClFSoXNLsRvho/cmEQFcn70wXcvWC/i89GqYF8MwP72T39wbNYlXx/nqPLt+TzTHJCAaNzDNP9bCo44y3cLrcqXh5oGpMwMUGh3pKU4CbOwMk7h0UfysLmejfRx9hk1JbTyQKX0EaWmBPIY6OJHYS9PL86wMQ7PTuYkyvZP1oeY//UexNdCUiBHB5CB7See3yazjdyZmeiwUjeQK+cJTJzExBUOUYmAdKF9A7InBiqxXMcLeBAoxgjfJwrZiE4n3A/89IRW/TOxBTrXQsIyE7ixm7g6A9VzejYel5fEDpN0NyT9QYCWR076iDpHmq52HUrqGeVP8/MkW7hwbPdZrp97OJ++jiNaRtHGFl82FBbR26LufzbIStJVupTajXU5tzQZ334TJdRey1Z9xplGcYMWj6EjRROlMc64EoLJ20nPl78ZeFqQcCqU2rIWClzHKO0AULjQVxt6vm3rhE1axaKWJgJcUT5slV+Yz+Aw7qYud4ixaDzietFa50E3yJvkCA1tb9mNB/iObGLoEytj/QwRh6lRX0LoNk2Y5AsJwcq427IeUvmY58eNyIvH0MZJEclU8PHlVFBAkzb1HK6w/LcVSyE/I78O69TCrdm8tOsX7wqKX1SWlj7vrw7m6l5cnFi3675sB/g8eEb0z0IY9Q2JlLsc+KxvMlu2rsrvU9hxV6rS0XwlP4yYHrsxa+UgrOIwWBJbN1Vh8sS9LzC/bsaRAoKuynGW0MX2H0TWF2AxtQxW0UQUcxcqe7T7QjuqxbTeUj2gaLy0gMWmduAkhWkd8INlb4EyT9bgwFpx0SpPD3AKyrjq6OwJQdhzQTs4+d4wIXq8TbQCYZaRjuv42Es+65htwnbaLmc+Xxojai+2/sz6mVLL+STkP9jJvbvmiJ4snHYI8mFeJtd+6Od/FCQluyOY+xJWgwzywfYtk+CSWUOfuOi+igraw/enK3r102EYEz7pwkL9nFwa8zSDr/zrgle7ESm/0ZAtFfyuhNFXnRJt04PsRQDRQgm9ibk9b7JkGaIli8R3I8Kc4LfXvz76lt6jpurvO1yqHKRV5DjzrOSV4dflPhdoDsi6qy/ey3n/gCnoJs57+2ZQA6Z6smRuDJpzZTUU9rFAVx4QaJdYZ4VWapdmU3EiI0wjckj5ibPrPnLiSKPnFOUXzXcxwLPzn/qQChBh3xuabUjUC+cao13UQ8c5cVFis2H63kN86wTZ6TozsYeeQNwuD1Dxppbe2GVmAaslw4dSojo/ad/knkLh83tVND5OHYXSwlGlXLJTesZ0oaXXJtJiqgCxw/lkhFXVZA6+rGsht3YhT8Hw39xAfk3ExHzdoCZ5y8VRvaSL1BQ0NGPkmp4YaZys/YItiCCN8PyZSsuzaOerNbnA+fwD+236wmeqk21BJvyuUzseOC18xl74nqnniVvKmJeN+M/lqivw4v43vIoCca2vJssYbL8IIkIEpfuRWXJ0Cfjo7I5ixMTM7pYLYlwvHjmblDK7aygFg8vrttpH6p5AJhtnDEdItCkndeCTZByw0rVa0pVcSyI/SyL3Jrxm2hrifdWc/hQfUsCi6aFdRra3Ic+a9oglhrlQ3/u1aXYmvPvWUfU5aiNorgbzW6SmLDrL6P/aq8Qz+nXbAsrMkDz9sFaSb3qHYJ9ADyHi2wVItpsjHz+/VNEEAALHwg+m9lf0ahB3+KbiNDFgg3W4ZPHXaoY4AVv1kGYmGAoRLDyVogS5nj8czQFH0NH6eqJUPbnkyTlGnPMQ/x6zk/dOK+xPAUZ7OdQ/E8rLaFyqV4AxoPIZWyMYwLCyrU78kAFPwbr6G0gHY1OswvdLU8yysGCxerYpdhO//Y6RjXRJj+HIg22gSN84Ng+MZ8DNGsFrxuCnTOpw8GhHnsiBmTUEWEto9/WMnhFynlZEjXjC7TremwVMJX6+kl6Uf1wkDteUhJaUkv7HSaxsk5q6fnM2g0L+5osRnA/cGzFcDe9MUNEBR+RWRl5Lt2WsgQEdDwCEIZkOS/zDFHhpav8vDZKc6A2inKvKJNC3JfEBuHWv5gR4XMPi1VjpA5dnzZj2YzyK6G+WXKA7BGLaMQmlvWdKGcWQTrmSQsQj+1umUZoHlwiHfUC3aIMj7jleNlgHJO+i/0kz4GgRVuZJmNGxsePGgwQfVkB+dYlYxWDkTg/11S1j+9UfWwafp+f3FefYhEHJUfWOSDIvaeGtTdC/MO3jeNME+MCiB7sRJO7uKr6G5sOfzZl3+fD/WsSYXiDoSAPds4VQZ+XuflQeQlHCrEUbMOPNwhRz74ObsRs5YqKzT9FI8P9G7eKgY43ofIuOBEXSYboKv8p7fFh+e3y5eKTY1NqKGTvr7VlfariLfgcuF6kN7nkA3dQtakLJ/KZoCXjPV9hrRZ3D93tzn0fsNfHyi+ZIvPQR2aQqzWHi//AlMDm9oJXUYSQBIR89Qxf6ZzJrct9NayIcQAEguDW7rteKwDuzcconvmN48YGyameizazTI7Qen4wlhlHb9dLAwyM7h9e/nBXK21+y4ak72up4atC5397jDcxEvtIamybhMcHj8yFE3UyYpOyZU8J3wAKUubmJEcIYCkBMltf4RmsVqU0NJEJQiYhVJ66sZyMjsnH7vefp5MmSa9jqX7FcIY4+q3XtO57wUmHLKyknBRObJ5eNU8BMaUIi4mzqoYrWxaTzniPUpEC+oF3f6dbX307FBqFxAaBKA84R/qtfN0+ZEjCPRVmpzy+MZxyWnAAzUZtfDu2LD81GEM6DZUsikfePEOwwLXW28m7I0LLe30SWjJQ+2yWTt6mfSRXB9I7GeF6LrEkRpHDjlavpVsLBF9wb4xYWTtmfv8Ma4UIYZzSmxZVPRsXGfi3E1mod0GYOLQf6P5vMVqemhy1HJCT1KVYOvLqDzgC0nK7JIQJxoR7caPV51u1tvLsq8sM9u+GR96HpSyX/jCx3XooSyg67nKCGGNtgMrCK29iWCRg3/iHOQaSrNUBFyfumiGUtOMQc7/bO74hgnr2N1dJvl5ic1iuYf7tmTG3qMMMySCLQuh9GM4DMD1Cwh0WkuxfFrK+TFdeBgB/0W2EWljrzG0kxWEENcA3gBY9nPJ1nJrzVnH186yJYgQvJo3mzr7A2LME9uFLreaUsCyBCSljSg4Dw/UXX61RQNAJHX2+vDnkGv9P+nlVCXoRgzJVULjpU7ZHtTyCnU8guHVxYmFWeiARhXR2eJmrL1+KCwX4X5n+Pam20Ze3Ifzb/kfOL58KH3HnbKu6yYr5mq2D4mkwMo2xB1g5AZWjDKz1z34QPbleoOyJ4xMN0lEztO4Lav3uY09kRCBOG32tt0TF+uBbuu+hdHiMOYlZ5HAnkwyp3Ng9+00RntmnAwWbjdczwCHG9zcMCMF0C6RAqcu6E1OLdUpVJAy021oW66RFpzN+B/PKr7/y7UrzlHHlb3xI5bSYPY691s8njZejjmkKarXskmVJplPzU/DGXicz/YR2Uy0piQjmVxM8ymo11LWT2kOlOnGpxrojx0ALaVAvm4EsAyqndV9Am5uGs1sgCdtbjRzLll/WOneu3i1MQDBnWIQbDBk4RpbKwNHJFMisLcXhQaY5sA7P8gvxBzXrIpXaDncPmYWdlCltBT09GB5ywb2UfiSqSitSmRseu5swi2+UBF4OT1asX/DMoNUDv+SrK80sUT1doz0OajPZ9M+wTw1OsOAbThB9W6nPow4iszDIvfvyaZuPfsWm004ymI+pMxogAOU4XtODV3OrK13qUgknVQrXq56/CxDtfZwfFpLQdk9QnKGrtyrs3db0v+7yfNYyCNCjyMvYzZ/c0/SjXRaARuDMJhqPWipVLIQWPwp/XW+NcFhJeuBaZ0FTIFAptcYdyaIMVGTrmL7Uxz0ZOv2i+6fLKcE9oVryBdkfCx0U79jsYaQ+kKgJ0ixqbD6gDACR76KaG2s/GWpRF772LfR+y20rx0EC/uHFyMqyHONR1iRHWW0l8/Jp++CS/O8/sj0dJm3RssW6OGkJrt/+c12r83m1NID0FbR9aw/xfjUkaomyC2+DbC8rILHO0iZXhw+8W5C73j/TOJ5xo6VftShekJlJ2zswC6zENGG8v0wWaUbnywxfsCpX/Kn5fDFmdNx2RBBr4AwumSPuXxW8lzAdcUnjYCHMcy8UfC1to2gxtsOS4HN0moEdvhYrcgH0jYN+JqxbumPKNFkpxxj25xZjrEcrafd5FhZosXs2QF1SoLrqfyVX+r/Bq14K5FhH9uoK3ymjhcGD9s/kMsVhaI2qEMp9wfxTxsXAPPtpHVJugGkt/88Vn+LvjdOquCAzYdmRlT20L1H6OnSEMy3Pk516wCdSPrsCjhkrcpo/k7Vatygkpw6OU07RzAApisaQJhH8oLFAt7KJdO1C5ZqdXU1pRUyMT0yiRMz66TZrcDI101JgapcZTY60Tjs+a6CKfSNpyuRI4KhqTkTd79VipHScubpPA2w+zamrqjeg+S4vSVGkSE0qsDf0F7LIZ6I2mdYuNArw97K/5UiB+z5hl9F3/5PPV/RR4eHKYqCV8MByNnmhuYmTelrJGBJg/pJIGw4J5Fej8paoxmxK0djqvIK9u5n9fO62GyBScKjUQPpQGxy4WvJ+G5vpY246Zs/WLa4LmM5tStXqixwoyMTIKEpnFLeOLBOZ5let07JL2l9jIzHlnpXNCNj9tlsx8yBz79K6h5K2QJIYpCYxkUi0Wm/VTQc+iCCQhntfFnRenYhBfMDp70615XmjoHZT4BJm0mMh7ASdS6QsQc5rmhshLmXVy5K3oFM/FmO/ZERdeHOSvGOdGJ5SOpmB8YGxwoPoDV8jZTlulTlytJsuZObWiLjmcxNrT+ZDb+QfBBmmssixEuL00SaJ/FEV8ww+ws7L/7P0FsLSBTOR0nnE5MR+HHRI5A6h8+sLOhtbQWwRVA1CpUUeNkPG/Ra7TV9XrsWdnlfNcZ2V/x9uHIkGP3hgPT4+6E2nzrnlE5Mfn/h3SbJy8aP+KvYsuV38nN35cVP1T96fS7Ld2Z8xbVknX4bzFuDEKd9XPFJFtMYUl2aUtYABNE2EbPhfKmyW5LoiCNsuxe+XTP+BCXF6LNHnz6X0jOc+WthNzGMH9O+vNPdL7lAbFlBw5bpEL9+nt7orG9Ci3/GoEc47hagME0wNnzAzZivPawYc1Mu68fUj7VOyZ79knLA+yUGp7Yy4t73b5RtW437kqGCB8xorMc7P9Pn3hBuAVcQSCxFo/JjtWONjN7SAK5lP4Zkbq1IeRzUF/jnWCbJqesN//uoLz9ZFgF5RZslwGK/tqfVoKnxrdcvpvOqUUEGVWpcMKvSdokWbZ9jlZH2V6sJ2/enVphXUMvKdnNdi88QjtR1zQI6020Z/dq2fp5EG1excToBDwQ16B+bKV6TQBd33uDbbVL/c1Lg3CRT825Iy4+p68gV7f7RE2hOYyNYGVZNunBFV+yJNbZNTadzCxQKcDvVFNJypESwsqu6DRFomzxKFhb4roSaEVpuiwyU4q41pyxcMuz5BzDkaqL2D9ULkknHUI8bUbyHbyCj/4L45rH9jJ+8rR/yXJQhs/r+0Re0xLdLzI4vtNBDKfHaE9Q0RpyOLLc7T0tga70LYMFTFcgSEhQcltj11FZ1OHP0WactJz9lgLmMf6yfw30STh8l6BYlEi6atq5YGKVhfaeEs3hkRKo9dHrK+GaaSzqcuPRg1/7Yla3N0oGjmzVYKB6TMi4Azg+5P+hH0Pksm8UmZHD3kUgB+9JCHxXZvJAls8wm/D7A9vsmXXgHGzzegtc+u+VCIzFscU4cSRKMtdT5+Nf/Lu2ToW1gxdQPZDsYt/nFOtPoL4CgyU4N7v/PYOlL5Qrbie70EwXEZIQh2UyKlZeaFv4vB0nmlC5ucV7lmLuz/SzWi6FCKuOEAiOqUqR5plh/sHp+H+521TN8ym1b90KnkPfMOlk3ZqRxW8BRxhmfL0bf3vvTUlprtBY9BiFkKaDFdkuZgDzkGnykmiFTv9bnjB+X1WcHfnCEcZj1Yhq88EGPTcl5C6ePJosaFO2AAi9eBAizy/XkiQlhiMlkRC/oBiMhcrc8bU0yInifnJdBhDZsU8Dgulzd2Ad9VNGRyT9Qsl26iLOP03x/0LFRXaIkPttyCTdj7+iNERMIuIfcAzWvj7HzJFxZ1aHBNb0+dP8O80qiiJuB2qk2pXuElb/jaGb2pyFiymK+1EOjBQo/aMLOomFDQuO8Uy+bMiC2+CBl+zWJY8W03P5nnv4GTZtx4RbEEEM6Rky/t8LpnXebPOkxYHYd8QKRLBWQ25piGngkbrH00ESQp8CRJfCFVch7wBgEcEE5AmzGsZ8LBruyehZmRY5OTLZqzFD88J09+w+k2SrnoTPLI8SChsOhlwNaUKzFXWosBvx9nX5EGXkHiw6D+QpLCyG6mjaviiLVO0r+8B8DpIikRX2hh91YqlAJdgZdUBFmJuklWBxSFMil5t7hhyGDwHfHfY2czgRBcWWy0lLo9qDOFd7A1W0C1jihL+rPAVyYAL+9sWP0NUtLbzJkNjebDmLbGM8Ps6vC4Yf1Oze1GBivQG4xK4HYquMZjPAydWcHDDq5/R32KI02TVF8kToi614oI/Q6ryQiiS+5a1qHp5BrnLzcEIy+lHI6C1ely3j5tUgvxkTNA7+ojj+sG63dmzZrbVNo4Xj2LIo89Bo4Mi6ieYghXhRdKj8iRK7C+a4+NQFIkyC9VLfjQ2fK6l1y3aQBUqPFYZKfzrzLANIgDs5LUWkQnhzsnbyp3PkZ/9y7drCi1416U0+4AeiLpGmukknb4Syact0Pfl9F5+lDmp0lyTnHske6cv00ll8/ROM/ne7oYgfjcxxApexJ+jfKhVKzGyqooLfGyZR+7FDECOjKnOLjXCpdWByYssVtInqq6fjx8xzCSC56+HYsCiD0nSjWWND9WrDxmGMTwfxM3tPJBib9Gth9tyWu9LypfguD97kQenYD8v8dhczpa8XsWWKcFk29lTJLo13hOctBG02DTJjrybpnYu4EVWKhxUYrYVxbr5kp4MLgziLuLo5124mzkw1jTpZlIXH5VtkQDZX2GiA7uuhcty3iGjGQMPpS1RFmD81U18RV53ndiNFlR8PBYL5NPHo7P/uBgqusdRQrCBqlgIj4MP6jl8Y2C00Pu98trHWCG+6vq5JJBRd79cwynvD4Gyv3tCmVmknA8CIQqBXaeBBv/zO2T8wYJuwQI/JptUsXnoYPcqM7dyQw1psgt9QVb5U9zhLlglb1jouTdEv5Wk66JVOBkhcsCL2gT10Xdo/ul1W0vtCkAwBkFp6X5N1BrzLS8R4TnFRcNNmUmI9rW2QEATaxrw7LR8jliWNYBSqc1z7lQSZ4We9jOEGC4+rXEWYqVOnSw1mY/zofZkDHaBaYTmlba/ZLmtxvnNc/eLQmVC+j3loTYMosz6i/G5Y+dwAAtPXfLu/yIfcnyUYOqYw8SeZ+q+5DiQlYJ6FmkkIDeXDoXvnOAamtEmLuBt6NB3VTgagZsjpJMNYujCMM2SfGii7wfdA4iDN6MiOuPkryXWT10YXUqXIZGbWNspGhx2G/pC7X5brpgqAM2G0OtJ5RCak5hYYc0tbtlaT10JQvKfbR5ZnHhUJ0DpJaCAwZGn9kC8TDu7zqMPN/9zzA8TWO19cGmLGLiSRSqKMqroTXIk2eJ3sZeMT4+hVunAArsEXgHucq4RSB0qbWGE5zZrpzFya41KYuaG5N+ErOxh1nSeG+WoNiCOfnS6Cwi71i1hzS8H0yRAwcexLbokzRPNHfu4rakWJOc8LeLdf66P29mnOoTNHXyQtU4OVOV1IQ8Hkm0CrVQG/9xwTlDWZo0tjdtbhZSUsHbvg1B91Gr+KpWIRKijJbExoUTJYeCXdYL584qhfSE1y/a6z1zjk1vMm/8D6CROaabYwkwTAqvYoFmX3+/M/Ls9eylAB7PDvCvDIBvkii8ExMM7NUWJN7fFdgBCYXf4pNl7lJfqoXQaRRjkP6jx2udhsB4ceSgc3VNbcGdXJxmkNLHbQL/284KSpm2991a+1gf0C3Z0MOq1vuy9v+gA0vKjV55RAKuGPhsccxNXF7tSAXXxKbO5+qwm/Ujb8CZCMnm4067IMgQXCqm/r3tUTEkWZhG/fPgWygWg62/XYN26GLwxe9h5ADql4p08aTXIdPUaNfzBDxj57eO77a+FypDbi9s4BAj9eN9Oi1N7VRqab3Rgb/Zc7duiX3mDUzR17JNeOnAFBdAzSaVHo+dvfka+mNIJW1pgVGfKdBk+crwrSvWFsz92WYqRm/KSu/TE09P+yiggCBa7U5eMQIql3YqxM5432pGOGMWLtzZMCnzOAvwvALuukBJ8f3C45oCTw0pETeYQBh0LgDAVRaJD+JctDFHx7K/cjzvP8X7xBS/KtrRdTfu08YzHmFDAaiiyZ3J6Y5B0kIfkBV8Qb1iFDlEjeT8GgxoBD1zA+ye9sxNtD14ahb3cDjmwfJerFO/LfEA/uqBWcRgNMwSbMC+3m5nwzhhsr6rzKwERuVCLrJA4FQ6SFGmJQ/zcVdOJIFfaPPnbDVYU0rBqi7CfxWhgWgRIU11C/0KvcYeMh4b6OH1204slDHZ3PosfD1C11mfuVYBX88O/o4mZ8MnsS59vhvPeCJb5JZh4wPzsfLv4nQBHF7Fj0dNxtej1KAnDpdxwHEujL67Bpti+6ntKL3kNibGnvFAeb8dWyVHQ70bDfxTS5iUD+bmXCidHL9i+yQfwOI/NEy0JHBah3dIXSIK3MsrvWNl7YpGAf1qV5slfH+oxrTE/x7F87zmGK/eQ1NV3J2uzk3Wg6CYKL4dWXzrwZd7pyjz3QAOBVfZyvf1i+v6LAB2pVsYsHwUt7lI/jnGN0sm+e8oSRIgaBWelKxWgMpkWugmNISLoN/J11p/gOfs+CYDf5k+7WD5sypHuhse93U6D26M+RBqeyfM62D+WoVDjW1Oo/F+h6OuFLA8L98WQtd7jP+y5FzBCF4e8oFx572gc080CdQkTBnUc7Sgv9/ZLvEA4Uc3o4kAONi7E5xVIROZ6UTTRFDsaa2ItFviTBudWtfCdiNUnjvKf5nWBGundsm0M88e6XN0EYMqw8/gGZH4C4DdE7WWcD+8+RZ/2TyobzvbCqUZKrzITXXFyZaY5RTNoDbJf8Is6v0XlziBX+oUnE42LohExrhZtX6cwwv+WzlrAXcbqliQ07rDRUDu50iEqLP7NwFPDcmei/z++TkMo6oAQMFJ4inAMk9Gd+3kcbtnKlUfoLFjPIAIvdtdhywx99WnOWxjGagnypf4yys0sok0v5DcRtW3ZfZ/60bHtXg9G34Gj+NqUSnxvq8Ge4p1PA3tW2fwmrGXPvReGA9eK6LBU8sdH64xfIktfUvJY4H9ufzNdrXm+lSlErlRXK8L4TUeSS7e7KUfZMcYOpP19fvDtQAz4o+sL0yBhL5xz/BB5mmup5jNU31LV+fqVE1xm6PUDzx6EOHtBfyzmgRIIe1R8U5W+MnIadUKwIkuNeVtYPKAeJHzs/XMQYizXin7jJM4FXrD1I11gvOgZK8OR9bhVDQMIgWZ8DBGljwO1OlbRL9NLdJq+2k2mnSHW534XvbRrdySZmfoYFHf7w2h3bmMRD1f7X8wE2lwoKpcHkS8bY5KyzhAkT2HCbGlNPvXqVOQPA07W+wz30oEDX73ZjhZ20a7qgGkazWX01uqBi7DzT6qqiPpSkd3Cz3Bo78g16kja99KnQ4KMhlEZDYVhAR4yZwVhjsWFygU90tzo7cdt5BlLHRU6+FYNFUX251Olnvcr/A24I5EESlpFXKTbEaq8/4OAMmGURfCgb6WLZgbrjXZBCTAY4u/VAM9CUM1WpE6CIFsMGxgE2xIzOyqohFQ0DK0W9ShQksHcxAmDHeHqUjUd+r9wXYB6zhoLBCTic5zAsLjnpx22bvvyM16wBXTBz3YsArjrTBJEXxApuhtpvO6Kz57fvzua6R3tV3G3Ir4fnTaQ6AsdkluR+QhdEqAzY+hfJuWz6rAfouLYzYoEvLBXEbTqhNXwh4pzMeiZyUQ87cuOXTD3zSigKUVu5TQPZrETp0kDmMQ7Q/qEaOoBZIhnmQMYff2JIWakZLW9zb3tROPcEn7SHlHH4CfEakAxkSHQ6nJvLNP5aZkwGTOKS3pTTl6W+xHVKpwIpg6pLGjRoxo72+jJ8N/7Aeag8ShN5Ilk3g6PBH3UWKWCAG+lgcMESSPWV7bjOYfr5DNxRg/FHRabcvgA4J9LVrxN12tKqawHS9qf0N8lBkJ/0SmRNdKtnQ7F3lHLIyk+9EPKsEikgEK3kU8irlGWfQICVoCWrPEIz7QWBAmPcr2AbVKSzekFhRpJ+j5SmlnVjpk8oJLC4TO9RWlLYrgSU/JbVE85NOeQcMcMKcqSSz7FgOXJ7dLkULrQ/FyxAc1h+SMQEYBkEgZP5/LLkqlYmI5/BKgf2zI/eAQYTluhQm1icjLpydkWd4gGEACnCa+iUTcQdA0oQqSucy2lE2/N6YLGHmwGcAEBkIvWB1g4Gzr3ZsitP7wzDuD4RjrMEPtD65bPcABNynAQu5CkMmQFxGrAsLLUvQ3rbA/Hs7/5i/ftRton7kxBbMA6XqSYiT0Fo+VROGSzphwg8YjfQVl+QfQzzH734nvGBxmvKxbiDJ2ZArtGb5MDoKwxxFR/tsFSFaiL+WFW6uv6gbFWJNmwkM8GB1fjouVEJgRQt8mks12ullE0dUQAw5WdR0apd6FJRs4FYmBxnaZrwua3jAZekhXqEPlLNQty0DM9tahqnLYRlxffDxe2Rr4VnQCA6K8jXAlKTCxplngSyfmLKR5pKD4+0e3dZB23toxwyNIO0jpGOo1TQe906v9Zp5gY6/CkxLzWum8V0c/a9uRaMw2r0FcCB/z5+bXE+Spvlyo2NQVpkf6ukdhSakKUdlLip9pbE+XssQ1RXR7O9PIl0twHBLehmIULQ1BqBK7v7/zflPtalD8376uoVJYhwM1heIJOQSIRh/uHmZSY6pjNH1S64o8sAWQlaU4ij9XTWdBI+QAug/rA3i6Zgf5FXnOYqLVZM/6P3cBunDcQ0tnqviD+d6wSbpUNPt7pLP9z4bVhUrbNFu3s3MZ4EHmhnUR47+MAq1zOkPIFIYyMgb/weHpAAe3j7QerwKXGKts/asx4Xq/JtPtO2LdQWSLTelK7YWDrPyL/9NCLNKjy8TDvFbatUM60PgBCyez6gaIXpecOF7cfJdkDjZVrAFjFOy8H9tqRdUdqKCIy+wVs9VGYDzalVDwin2bj/sDZFA6JQ6bhQ3bXvchPNI4hk3qgNHA4pMU/oE36L2TlkBmIFjC6h42zi7jOkhXpMPjQAVKfiBGQVNhhfBaKFNrU/u8uK8LjVisSby5ikuo+JsykPLNlLG3aMEyobIAfvXPKSxX7nPGw/99C8cubDSqjFzXUawrKXB2+3mLvNEFRAenFmpWKgQLSrxRQ8AgtFRqbRXN8wvt+mwgTvr0bkl53mZV7cqSEvfGDrzYRxIeCl72OrStSgSX0ZtZq467JHX2tWNVey+gtDbIGxdH6KNAPSKPqZB5cHxffLXjn6lG3rvPVE83xMHukTRacXu/1bU+6l94TmHf1bqkR51xU9AWlN6Ho8P082QZ5aUF1suzySsz2lqhsRF7d/SBNnrqV1it20+7Z9aQXJvd6mRqtOpp4ZXqOfA1MLJ44EmQrXOHqbFMDuhSIEWpA5v7kYeiSFgtnntVB96RD/16jHRSfAeR/l0VqkSCBQ13fuzZztOIA1NboLdoH11n28GourzSII9eNJPuZEMB9HZ87LWqjdFAqUOGKzyOGxWjxqAHQ3L3HbulSXrQEBAVMdEcA+Dmj4FsVdW0MIA/ySqeeGp4VTPplaKqalT4B2gp6lAVl9+RvmyLM8q2DDPHsylWIDvRfZkFxKt79/xONNzHJ5BESaaUA02A4s441AqCo2AjBas1EhiyLuZ1PXCjYjgQg5AG6+UzNG98a22zvnEjGuuDoo2wkg8Fc0w505qiSTEkF3fN58bU4Fy1JXO3D5ZHy0HjZBxpqC4fwopgUmkNAWnph53er3y4DgmUeIGY58NmsRbZteOJ0rSchjIIIxml3e5xdNi0QK63NdfminF4n0rDziULlEbxCqzbGKoFALsBVJNDh4KBJM8m5B4YsQMg+hrzdYNpZxFZPPP6ouqHdeWVRhXrrRt3q0YF4w4w0k5ioEugyEXsg/aGhCKpr43ZNtDlXxH+4zkdTHVFR33lD/g45aJl11qKfxxBGt7wUh1GEIYx4KY4a/0RsgdOPj7gEqm7ViH+0daLv0qVGkuF46+ARcu5qD++Uh0txbee+onS3wjoWJN+CTGzsC11QjyeMqXlGmnS9yrWOmbgqoj1MRlwpHToRPvUB4kDgaUkV2DhyYEcxFPVoBQwdbbWU9AN9G7pxk9VKUtWSiBQrX2hxRNX3r5zIc9h+cic9gRWfVqZ7TSXQl9UJ+BsIU7n6XR6Lf1fKwt0fXfbynStxs+icZGNXQuaWm/HzAF11JNcYSotMrWWIMclHzy90DZP1x8qrfVTZqCg8tHk5cpVrvHpRv/Q0lAmVoOMnJvJSyZi7e5AjBzhCdOc8dkKqswxEGJdaB4n2PRc58Vaia2GzPCaS/cdFZ6DTKt9LtJtPlKjKMmRJ/fUGGeVLp5K4yAKopWBk1cPtG2z/oYWavPzTLZmsEJZOgdPPTpPmk0BfG0lDzHlTK2t9nN7Ta7a46XzbU8K1+t2srq3X2tB66ccgZVHKK7AAV9JbYAejS6HVmeCp5Z78dVujKu62mT3PKsmv/WSV84K/XYUIoUt6M4c4KPRZJP0KyRRp3YZm+UqQebEXdLqtnPRb5EMYPwJU1Lkab0g6BeAP/5n1N3xWt9XB0xnileEUttQzHTt10liTRun0jAJ25FySsYz+UDIb8UFoQB+kENRS4tVq7kRCrajwR0KJ2FKOVZr49aZj9/hCI6k2zGwg2Rq6208Bxm3hHH3idL9WcVbXwZMYr4pZ9GqBIwaSm2fI9Fh77pzBDp62Lv/WzXKNF3kmghCWw1SlM7BnxdGnqf3Z6V/Q6CkIf9erAAYBCkdj/kf9NaxbTUu3SuG7fj6ptExvnDRz+ZpPrnu09hqBAadO2dYnStfeujW9sNXBnnVkDvqtwtt5OvLyVmDhOQnn+PWL8Ug2baDBB8bXug+eg3Llloytj7kY9AV/VXOQj1Kbd0gQHMkCS89D/sMX9cYhnflEOJIDrrTxh2Pl4tOUFlfV9g/kggoaLCQmKQEkiS2xdQDdQjM+31Ocp+blqwF2RhL++pzpZj9Ty2fRsGBVvgMnRRKJbg4a4BaqrhYD6mainsd+FJ/A5w+wgAGD1Tg8Qh1OpWydNQIEOyJDy8/9Nxrqm9diA+TE3GVrASKgdCsCUltlq/jV2TnJbKp+eViV9LS59N6Qa40iQ0ZS3DL68rLT8GvSA6+sSL8Q6bBcrXGqxcknB8UHq9UUmjUfSo7F0wpAMUaEEeQiS0N8nVAF2cVqBUNbqsNMlJW39G4PW43lfiG8t3E+kh2oKtDAlR6aLJC24d48Jl32i/+3GHlI+14IrwZWB5AXe00MjzLc5GDM9rSWmSUbOkDNbVhW9S8MaU3XxRHeTc5zW3wxFVvNUJgjbHZAc1V5tOSZKlr/uqMsXePRH4hr7yzJgAYJ970H54n3BEKccZJa9JsM1GnomooXfK9B0OC0b3FfXOrTarNfNI9F6GHBISQumrqDBZHd1XSDgZS2CFGMet7klTvppDRKPO+4FTpHe9MmksYycHXuTHrzvlxRu16ub8G0dnke780p8W1z2ZFvysY440UAVNGCxrqccIOEetTk7xVyK4BtO+snmBPONi7TzxNHUV2mE2gM6IcwxCQvpz3TDrDK0XWDg63M7GpkfxHIGsOrLLObEjtb8CskccaRUgy8bh17e748Ry116Nyu2Nv2/6bnnI9o+cekAk+wL5Bl68JZ4l1UYA/mMB7DD/Txg6y6nmCDAR/Huvf0NYjnb1ehbL5ufPJ31OYhCvqXWMq0/Gk0ulQbMyAa/pqNK2YtdTT3iojmZBoGh3JHyXQd683D0nz7mEy7US0iPziwL6s+hpK5Za8VcLAEgYFs6757OicL4SRTOqhAPEJo44QUjarZ1czBC9IFQJbZOG704Vei5yRvPD5q50qFcihiUGLn39IWb4hyDhQ1+YfCAOaeMm5mn154BwiZWzmtx246dwvuUg6JTJqoHLYrErcw3Od8YWzhwkSb2DkLt6xEhTgnJspOqhpKyMUV1q3L5atvv+1fwk3xImo7M6oJhONxdBbyq60ckQEdQumByYhz412yPUel3L4MZlEfg21cKsmjeFqGXWDDOXjoW95BXablyJxKSAfTqMoZs50wZ1iUqqTW/I69hEXQXMp3RIag65wI91G+QJ68qngI4BsZN2/8P0aNoqdbaWa2LJpfsDYrvJy5mFbxsT9rnoGbIhQGAF8JfCQNcOL1/oj8chPD23UgjDt0jqM+EQ36CRg7cTvGDxDpSUKKwNgO2LmkXV9FWXDbUiHImXkzi77EdRpwwj32BBm55w2mb7CR/sP4MmoYwKD7aBk1Rjmr3jbhPc5CjthKk0nx2chfGm1UySm8TvjU4VbLZF35OyGRv6PvqeKE5Pq4ShxiwmZqw5/ll6U6i87lFqwhYmDui8aneY3tgf694l+zhlRh9rXy4blBhoDG7VhufgnaRdCvD8Fmc4wNPjLCp2fHonGaNQtFgwIm+lLZAV1jJOl7cyzgnv14LP4YgqYzl+qCg7CLv99hLF5tW+OulyLrV4Ry/kmggfFWLObEwTrUVj8lLQN1GOHp1X4oefvhfnSn80VFP/gvMyP+OYCUkkCR7HhlIzaxdrAxv24UO6PENl26649SixtnTXT/XkAA6ktGapgCXuKBSK82DSuHDqX5ONY2mXXmvPbpdDVyYwLyiZgE3eeLQ7tCdEGWvuFmOr4wJQdx5ks9GM2en70oeMuh1qP94ZSGCbPbvxDZnBHtvm1GU0dLiNsy2cxaB+mbvZx6h34urw85NS7LMOSdCl+RGb5R5EI2/CF+DFu7AoJ5J3vAykMKtFpz8yAGprrKp/WRVKvGwzGb6zn0rzW12ZIQSFd5MBKgClH2FXG7W9q7vkkeH38k3TqE6xZxK3uZEaW6J/5XXAMqoCf8yFC5Z1D+GgeRy/d3T6EQ94qiWjbFy+KNKj3fmP6HC0WrgJ9CxW4EUI5qp4eIwGF60NANQ22LaKyhOoP34FzdtPYkM6iiHogI9A2laVgNgMyAcLP4Tfv+S6rHTjz/QvZ3EGiVlyq+8kyJRYnun+z9iRBcCRO+jrl2tTQwhScpVy/LVbhyIhlBshmRd/0jSn8M4P+MIinBggwhI1xXTax4Dt6asu8mU0OOMe2N5SzCx9eCQO+Iz4ZYvdQkl2RjUgax4QxEFQ4h9lDlmRr+cXGBH6Vt0qyicB9TT4d+GpeLVgWnK7F3q1W6p29d5DyVGxu5Dckel0Sb6WQzBUULMu5mxWd67uX2hBzRGT3xCmsl6aV752EA3Tj8m9pOoyn3eF8O3X3kYWhpzwpWRNoDna/v/hy5Ujuho3rK0Pnv8RBHDMQpkmmoehIO1GLv8amRvb5HcKouWfwz3cPS6/tX8Z8+81K53dgCl8hFHH/IDEiqb8FpqkV7ejfjto4Szc1/tpoBfcsyWp7qmLOJcNsrFziHO6Xl0u2rk6hpn86lRSUJYuFiRst+j9PprZ2LrIfaAqaaMIhs5tFZMySIPF4v8LsnDLAb9vlRXcSBTPKAjGxDR9NHGz5oSMH71iXXEsNVwEuKSEe9ECFHsol9G1lLFi7AWNa3dP6Q/mWQv1ELdzuE35kauBs/12dF/nX7D0n4+fdFSr5cMm+z5lUS7VmC6vOXgtwR622ac8EhaB2+MAOYPgbkAl8u1H4MvlvMrjgiq7o9WeFuaMMy6Fo0zACc8pUQ2D/gsF3Owm/qy+aiiHx8402QH3Q+fV07zLc302i6Vj3WrrEG2iykCRbIzcr2CnH3oDdJxgeRu5j5yWqh6DBQlCXeJlXa/hlR21MLuF0rv+ipNvZ1Xw59xlbULLC4w+hvYdxVdaL4RGTekdPuC4ShyW2wdT4xD1uVtgSK8moh9dHZtjBxH1DmVFtMua76BTzLaufXA32BgItKu3PZ8JzZ5aknZtTRQ+r4IEE30DUu2e/K72ewQDWOszVuquSJHQFmo0lS4Pe1UzIukAm0bKXq5LxMw3E1ZSnVmwxkGM/BT9RlHtCNSVqBdnUMS6qFjit8KkupFGLEd0kzqeKjRoD3i9mbKv5Wd55tb/pzqFUrHZ6S3y5Tsb/hL4Uh5MrJt/NrAQPhW4k4JPPILlFzDgi8mBjvW1dZ4YSnfHcK4iIkX4MmD4ymxiq3+GIJ9+bUyY7XM4B5wuLO2CIjXclBviUl15FU0s0yVWW0PAiDAjjkzejj0YMixI8LYU7l+O4jPMcTD8JgSdvusRImt7BYHscUi4LW0uEJTc84C9KZWGuQuxOztygBqDFSl2Aef6/gN5oysntjF/Kic0rte6QQqxM6eXJnnaVLRCi5SGrCmp6u21JQ188nLPrR/H7M/ZryhOUxqgqHnbuSN7q3jZSOX0vhGqqDNGQ3PqDLgaL5gI1n9CgDR4UKX6pBKhWo0T2tMLEEJ5bWyGsUfrKAOh/j9WeJdQuXobzMJcbx3M2Xh7BSak3mgKxzrdJZByvazmoL0rF7mHBBEOwG/ENpIzoD+SLlY0hncDwp5oCDpVTEwoeN7jIBdCaGiACSXEv4ArP/SsalSx1QlG0DnBjQWs6aLFQ3xDls3cWwiIIiQsC5zRndsLqtAMv3z/csVxbczqKcku2nmnJve2pV6LuqYpEPiz7n8cPjXsTZnSsxM/DqJClSVcLnsafnL1KnZI5WoeIWaP4bTEAkTwJ6jc6q9FqHTlRBb8dpwj5TunFuUTp7gefVVpLYxByC/ZL7xrz1Ep2+vFDYyio9Gsrap/md/laCZYcukLAP/owCSUjmlz8WHrspt1+sITiZzGvEkDboPw7uEBtBWcV+BlqHoYQHqwYNZ94qQZqP53r3yCNZZL5X366gZfvxpf8XKDerLgifPYn+0tTjZwkbqSwkPY4bfKi4D8xE/NTTslboBAnvzDlgK+zm3Dz0ql3fMuOULvk2mhoF26TkHU521j6m+Dch1eRFslAIy0hhGbF0q5i0JL4w3d4OAr8Bz91OkFezfQkA1oxHYrPDxMB271d9RFYSGmuk1YmrhofLj+cW48AoQ2XES+VZM0DJO6uNtpeMhoWSmYnhz1C++yjBnw/LSDM45sNFtGMBZbvwYQHW/uDpwCObz0XoxIur7+6XyVoh9CghszDSgNQII8Ihq89w6UUL9Slgrc/YTG4K57UsbXe1Vk0qKak6Qp0tmbjgmgYUMAXlVjcN2DMzBtNVI5xsPHKztq6pOnz3LZ76jR+TT1uuvqVJuXjW4kRqv1CUzpwCQdXk0jp9ZcwHwwJgnPRFkPAIr5S5Z70no8U5fpxCP5+LwH+wTRJLR6t9Q68XW9yC89nHvAS3I93XIhZnJKdGVAjtRXthoby3LIsYqrZNg8/9Ob2IU/m7SLRwG54eAgYm3T67sfFzQ4ROpMwGjCg4htKs+8FpgsQtQupej3BOvfaFUGPjCtVZFmCFCe7j0KK/ACe59uRr+PhMVGaFGXPsBU1UDA8vfF846B80o8J5Kd3tu2PBzKWMplXZlUj+JYeC7hZmd54POZfzNGTVfLWLp3R0opBFJl/VVUvrwP5/Uc3QBOhBk+tnJLhkJXZg9u0IpDCv2tMM01zi41BtQmgxV/2fjtw+mS2MnkOZSXB8wwCntOkut5hValg7j9js5eBLO2rta5X0npannmDrWHUUdYfnhcrHjGDBlZHDYQkti/yq0Qa/63youLvT01DVNQWDsl4a2B8d8lWbSUlF3IgaCQCvE/JKOBciHP9USPsRSh1w7m922c0l0R53hsYw9UN7fS5EEGsBkQEbhm3gDDDZpsDrEqWHGh0e/NCWO6Ue3kQBEXzd/WnrMwsPvFyltQi2z+XSJWfHfb77+Em/lL9IhUlMRZcIiwsoo1bBq80MBe1OBqO7vB+tqSHnvh36o7R5qBcIMp2buUYGydMzXRMr9EAIHcxQJlnyqdUxjNx4TlQOMUjpdxhZ3y2u+KJjfk4e5C40kn88R2HuxEvnaCK1kKIRoEG0KnfZ3MAY8bw8I9RypCxIyPPDNcUtu9puLaF9aQKYRpTGXSieMSlUdv+m0hn0ueXH8bdV7UfdmfPJ6N1ic+WmBzLLGFSOAUDFHzKFqMUjnXwpMdvRACd79TiAVutCHLW39Wd8Ttw4ryT+758NoR4dqvsp7vc41lqYH7O3q2U2h+8hUQhK0fqaZw4orIp4gTBBRuFKSkwuLjXFiOOWnSWigCJ/x20nldH4JE7Trj+Q93pN+tG6xUggeNuSb869vUSTmTLf6Vyn6kdTPThJuUA3ySsxjW0lYKjqhh1/9S57QOfU3YqaNREJrZax58Xy2xxN2n2zAUn6l7EAX4Xow2tpjVPd8uL/xsTYoDaRzu2zQJQPvcoH0q2UcnIiNbTN29NPhkc5cZxy4xAE3vYbSGyR0e29hRrKKojgD7UMzWKkxcG/BIrO3uKHsVBz5YXXu8YlzfEtwQaKzICeSxCaMPtQvNlNGZWPYob8eEoEcFoACcrJMBp4lnv2bzHs9Un48RQ4f+dr208UWkmqV9+//6Pri3LkrVf1zFNOyue5du7nOF5HGdhVVbuQ/cvdfEM+i77u8Ikuti++myWsAY1K/SywwrkimHCci2/ar8CjsSG6VTwy+KNnNuEBf7alh7l0HlJTL28YFhXWMtUK3Cso/3ufaGhgdcwPpD5/VmoQFpM7DHNKs3GfMnN/ZUP50c1GNzaTYlhy81VyqUfzZvmcQjnE3MkaANw7BWDYsC6Qgd43EEXDKLjZZcqkEIsdP4aE2xBqEdRaMlqOqNFpsbgeogp3mZVR1jHzTCJQNet44trGZmSdoCU6TDX1eoTCm/k5X2mqVldeVUMLzEvuFGHn+dWJGl+1kQd58gRkElYqd1jwUVuslfalhUgquWMow9X5kg3IBc+pptRZ/3HJnu1RiwZQdTMsalMBDPer4Y/SbsAEEZSYaiaz6/S0EnjGhL5nTEmpo4sKkp+HkvLNbWsIsbmomWb1xkSvP8G41392GUmiekOo+HTN4vLBtskRVO50A/v593WOS9igHBRs2pLo3c1V6Tw3qm/AQfWziwCsGVQ65WLg0Imrj+t727cmnol/8of8RNn2awOwqkiIWKUHbqkNz9AjK3fKB4QB8OObkx+9I0R3jJmkVEAYga21hdTVxm052eM1T/jfYto+1s4AmP+PE1+LHtSqV4iizYSNGFht5484S8ObsxbNaxkOhgE2t4UTpDufronVHDknntBAXfLIdW90pa2NhA8pzE1kCoEATI/7obpogqfF0yR/c867zCAmc/Gey0KKYru3DaFiMpJLaDQoEyPoZ1MuH2PPIq2kF8WFcS+wSHv9vZe5QFQ78KWk4Tjk8/p6rJM23pO1d4RocemJvMWKkYDVT5CYc5zict60u05DVd29QqHm+X5AZ/HDG16wnIXYZ0xK3MNpgKCEQXbRLEjyiJHvJG1N+68LcZ0AZeCQuxBLNeDIhrFpD5SqGFiedF27bCIb28+WMpzHCYKsbt6DeO5hka++sGzAksR9Hi9x7GuAPybkZfWdQDj/5mCqk38XuDWXeCxX612b1lALYYuIerp0gMeo+dfwyUJ/Y1a25a3QVQZt6Qg5UZf2VG9SwHfNhbk83CeTXyOVCl2A30m9TBsDTMxYGgkVp21fzdCKBMbav0D+EHom8Y19BedAr8EEC2eKdfn01JvJagp73dh1cWJpxCguXSakv+OT6y8cXhiHbC1Ra05eN9dsD7h75jtj61SOgzZQktezeYJbcaC0y41RcWssuzuAZyfVonV3OZC930Rd1lXpDIxuUsr+5OXCiAVYDZgG5dRiewu4zxy199LvBHpOIsnp7t3H6OW0AuNiSvEJWO8yL7ZhWuJr8+uU/AFmqHzwSyp2loDN8b3/zoZF+MZFftztHf14j23H1TA8tjlmJcmXfkA7Bw07lAp5vogWqNF3S2hPxumdNnJghYUIuRJLeA63ZI/SUTOKI4OJm4wd4ayKSnOv5tZbk0MCv5L43VsFK6Px6mfkc07q4XHrn+JoziaU8lW9bl4f5h7zU053zzsVcokpkJjFaCjsM00Bh96oRT9OZto8Fbx3NUMyvO5/VyKNduFLonA0EkUuy7KtrTkAlBVNrvXirHjamQCUGcU81zfKHv2zepLwJ7D4JeXSpz7Khw2UyxT1hFBGve0UneTUYxkC45JKBw+4vroaHTx9JIJaxKdz7dMY4j+YKLxcro1ScW3V1xbikrewHQSd93eau4UFeincr5Fy4Q0OAyOY1uzfC6reaTAZGir6nQYfiKTrlFo232vlvrVJpIb2nxL7w/6umkaWte/StxdVil/H0sbULkxwgwLNZSq5sDlcrKPl7tsVSYmlJABkvbkUKUG+PRNzSjCUsYs53DvDrr/vke03v92UGi4mobJU9xJZjWp/7gw0G0ySKlRulr61Qfo7vj+uxH9m0C67SBnkDPOOlt7j2bLzkSpyp2a/p/M7CvYlkiY9SWsq53UbUu3uIZSuKKUjhciJYqKCuwSrwFdsJJkjbnN63/7L2lcl+4cdy4ZYwsoO4LOr07w3VSPs+H7VTd8a+8uej0YT3BEzRTEq4Mv6VB/4eXF1PmmslVvePxq1ViZLXO7nzHZl+oSigNOQdiK+ZrZ9R1QXL9VtzAip2Rr894fcHpLBi0jbG7UO2RSjyzKyyFnwANeotg4uMicKk6826SKF2VnrgTb9BYsf4BEqmyGZg8Qh60bC2FucWUWRWoWjfd3QUTnOk25AZbM0F55HXBiPJ9PygyGXcXpr/vHysnzq+MkpB9MX3LaqTA/iDMIW5BnZ6ZWOSh08/asTxPyfKkxR4XzUQLjlwkuqqxXFqBv01UymNr1EQjjJkHkkA6MzEWWrZgxRCb/hljlv+quPL87rPj3hrLkHjQ+I2d3zT3dce17jCtUuL8VExLtUELNqx3e8XDFjrYaBGneupCpHLuBuzwu/o9/LvMp27gFob3GKIYWys8HWDYoC/wdDs4QATNWXQ45cKh9dxwTHTDw9GNKDk9ww49bbKIFekA3PjO3+U4Wrii7VUXC9bzHxD1XxUbZYPg7RhKTa6UyrtZrjebK3BlXgIu077ZZQ1TF2fDMb6Q9WENAYZPFz+dEyf4pvNfQ++kQwab15dI0vmyRPFek97/jOxZ9YzW1oGuIdLGA69S5L9oxAn/dR6y2DproKofS+JWk1BkHsv3MLSrfReDf9RPD0ljIRzA5mWbcnelW43XOcuQP4ZU89DldSZ/hShttl9ht2sdbCLtSX81eOYErgt+iR6P6vVH/UbvEx5jee2dRxl/kOrsdmVOkCb0LCtEURWlOem1Ou/NMo8IXO1EUtXdrL2Znd/tL3F9nZys3d1NSfE8Zg1G53ZuBB11EoQeDnoul/5oIKVIyxqLBrvREzip0KGcnBr16qxyQFnLIyNCYrxv4/xkbyXkAq6NEm+hNtxaszYWBB057xlcnsjCXKpi7aJtmMbNdxLEVF/pZLOAAFfHydddFd8VAmUt7Npw60WZ/PEZxTIKv50fGHCKe9howlZjeoh+R56fVVhlBqwnVsuP7bSFw2ezOjzabTK7NRDr8GtX4W0afs+tW3MB+qqnsGDeoiRZS4tv7G+l+JC0QcIfV3fYITibQMpNHZve0jbX2TOgATwLjGB28EJwoxwq8teOzyt1LF/00/ay7MKOf3RjGZ6lBN0wRW304grxG10vZCdzEW5R69PC9AHo8b4T8zqm9qOQz52tXzi/TgW1+/24C3ru23v956/LZ4VejWx2jMgGmiKpeaj3K+GRCqicch4KBRmuOMX3zmNuFmAsvQg5416BzcrIDLTT4nc1qEGu37I5iJjxHGRoRnNuGEMbvonxH6P6aYd20tWS4CPr5q81LiWV96ZhB2AvhLzAC5YpVPNxLN/4jVdVgiRqklID79gBRKp6jyiLEro6obvASFGNrDiHX47u9sW8suRxL/lzAW9pwbPxJfMNB2GAeQz7TqWlgFr8+d3JeLagWa+iK3nrwDc8E1RuXp9p/9GFZvuB6b6sT3Z1UHKmo3GyLxX6/YUsT0JLiomavLm0MCrAWxeTLfgXkfIHDW3/qngs6BTjfDWPULAnubVIKphGONyC6SKBizhf8xY0e//ZF9bRpSmCYiP0ADUJSXK02qBbibxXtbRuyggQdBEsN9it5eYmP9geS00PTRBQv20NLtq41PaPAyl07w1JKpb1puGIU4CiBOYA1ML5AgSJvxKlIxj9ku0PyHU8ZZS40Ev9NfxdmYVDO+C081IXv1QZAGBZxGCfMCDJECsvqxX0L0L19HAWSMOjX8gSHm8W/sJAxfry6YPAMqCUBuOUcLy1KE0kJNImuRg2iufqUq3axZsUr2sOdtESs3+wygZba9vi5G+Fb10ae6gKppzGu2F61HtSfFJ2wAobheSxMhZHueyK5d+34YxQc25Mu9mjWPd00DXr2t41tGMefirLIPV4FIZqIq1jHDw62HDgc7DNvSntZRpeTDYxOgIqOiXcNQ4zijINCZiC0mY51DWNt6yyaARg3qXHqnDQcuNx3Plm7ikxNztxm1oKLdSCjjc2nOVnVM3qKwHmTQgyU2F/vajtxKeauPy28Zq7rDT7l7EfZhRdtJZmtNkxKBF9Gunmk2pZSSy9VJMU7YoqTILqpQfbon+qkyX83d8uYglz4+DJrARfojg/KafuZ8Ug+j39oCxAwhchsEq2Ij9QqOH1YVgcYP1QHb9oFCaMap8S4acB5ryFBJN/bCJbZEKAU0ySC0sqmKoSPF5uueINEoNtUuq8Fzw3tDXw4Ebp+j+TI3oA/8gcGZn3prXzBW19Iu+b8Csdi1K2aRz05JR0TljTpSsSsNAKfGMtiMW7wxD2yawfftf7E3U4Y8MlL1DsZnvqehaKGaXYR+2hi0ViE4Q89djZKbc4EEbwtwF9ihaC4XsNRI92W/jfI6cstFvPhWsiFMtmahoQ/VBt+2B2wx25L1UkK/f2lLoMFw1qSVJRSE6clZpiTomXFxAj/dF7O1CZNuTXuemr0T6HM7ALWvJlxlgkOMb82F/vleTDqm+3P+9oJqnC4l/E0qLTDExEpX0kG094XyAOjMW7amv+cydWYeeFYt2bX5bzxLKDp2gzl3aR3Q4qZdORjrl+7A7IARJaGJGeF8EZYU+FXEd8nr0TEJ3uI3ybK+Fd9xiQXQeqMNMrQtgBfwpOhpz/srlFiyx2MPTW/I6/CLSpqMZzdwxeHjF6jdmrwWlSHo28w8+i38p5t8lPFWUx3BrW3kr1dSy1jM0ytz7aAvOG8XvH2udcPXr5EHiw2N3CNg8s8a9zg0juYVpScQmidGM0fQkNJ+qg4Ig6STZwsz1yVNm26bSj9ww6rK/8V0hJHlfqwxStIRZawcL8+72ITSdklVvmXq6DvgkIRT8hn/fals2PxfN8Lv/sOs3ucAg4rWgEG0WlsmNqoxQTTVqJ6G7T7RvaDbtjP+n7DrPALW5gaoL2+f5kzUqKYFljqEakbLLJ0LZXYnKms4cSUQq/4S/IPZugfM6TAJ0Xs4/Aci8AphoeHuv6AQuzFPT6+1K9So1pS6gGOSNHIJgdgHEo3Bri++o5EtUtBeEylwtwJirKxRCR81dEBewJfGnJj0MdwNNWF3CZjrhYMkuzc95KY/GwTZo1Y1e0YkLBRSMTOKpuh/SSLdC4pWTGVzSmM25XUvdmQx6Tc9nLfIb0mkYn9Q6dQZfBLky5e1NXS7bRskZ+4/OqxNJZH2WxDdTl+J6uJrJNRLmWa43twtIOB2wmW7PVQ7Y0wBiCy4cr7zH79aOeHChr+3Hcn/BpS5eD44Tp6wTxHnQ8zFEEbGWeV9IPmjeLqgJb6kUe2UniK0xP2lOKeTz8riJfBBX+uwTuq9m/xUDO+7cRWf7hiW90Mqp89jn0hPHcojXpdGawZz6nAart17Pn6jzI5F029U/AiAV+oI2jgkUKNDgXnjiLTjKys1WTekNs32E+BmbfP5ec2464hsLe+vA1Ub2ATMyATtkod/M+rHvno9GAAOf9iaSlboZl8vISw5ABXByn9TtYBgEjeYBNnG54pdqlfBU9w//XURHhuGaboW+B5k1q/nvONLgy+90q2IZV/TKYsmtiJ5cBiAwB3pDYt5CycIK1kIBKydPYij8I0nRD8m1S/6KeGR8kWbpulROUmA+TekLriPEw0YOxc+xoZCSyEND2JbVD/G3HBXW1dpXLrJRKFGLVW5Xnq59r4U+PCsKauehBBAKERSjOcld1yfc0ufM93Cq2jBdLjXJlXjzUML/rbMPAvU17UnjieeM8df93on+WoV5KYmxmRqTXEoay3t/ri1V/JorFpHxn6771RvziEtBRLUz2rFukcv5pOwvqB7CiLAaPiCbxXEsCrjZNjeuo0DdRDTHCHR5SjouyYl3rIKfo9GgSK3ML3Dcu56waEcGDm4E6ILv0dqfB0KbDQ8H7WvBRQsW4t9oBv+6n/PJlty2De9qV75Hspzv0GjJYiVjwlfPWoSSfGYxKjrdu+N3lErINAWyz7CzHxWQn/evh0hLRhgoX80k6tDmezOiHfrZEbYJMXHEdk5WbFOVcJqxlN4PXluoJCAL3MhpSymd1F0IQS2ks58QihmRmWQsRw9JPnd/t6uX8Yxad+tkhsRVF2s+ZrFKfIREEj4XfslWcNHCflp52nhMkEz0DqvnPdv2orRvo+T6TDj4DaHHtJz/VysLEZn/Sm4ygjGPiPIZ0T0NpQqHuzeeChw4V2+zwxl4JQ9dI5zxWMUHBglMMGU2TRZiUByUBKY6X+pIpR5ZN98L9w25eWhqgIKKHiNClZI15gMIQAYZnYAZhSiR0oUWaQu+lFkjG9JO6CSw6vMv8uCfuEeXx9svvExPy2B3qFYZCgUKsR9I6hb1t2XiNMJ0vcPPpLOg81SegLRvDx1Wxt8X93DyK3YDt7mW5vKDc/tJohRBia/Fx2vM5qihSmZT8r4vNQChBYXbbCb9NExRaoFwTIQvXGKWglE8EvPW2Je6t2Z2GXAYOsygnVMjMsk3N+xU7j3w1ZOsniHEwq0nfjDeN9ojQhgonaRI70U8Sbd7PaDY7JsnC/3oNIvyfU9boF96uZWCYk1YFTShBFglBIK8HQyRXlMUfN9z3eDDQGjDzvZbOKKhhT+ij24JjOfb6UEgLM+LGjqm6w7tXADnu8d4CxP46DGQQLRzZCcvUaxUCUmERSB2MmOGY2ZVV0D1MXecrxu6xVRDxvUHRnux0s1dy4fXHyyeBmPOo8QSKenq8e8YBNHLoP40u0J62z8lYoMNiBxUSRHV0nyhOjL6OcIInHRFcZ/5fzzH//Snp4mK/BWs/cvgHTA6rslwnVF06KoZX254UO3/VGbmRhRPT6qqGG7JsN/Kudc7Rhzcyocf92oU3+qvXOFRsATz8FI4cnCHllHM3r55QI95K1fP3jtSwo723/I8/I1z4Oci12CGnAJGTCL7/Tb+OgQOclvEOwxHUa11VzOiQMTmmRKspc8NaFh6cDhmiq907fE9b0BQZ4Onln5MfoPklsKDpyVV0h9UZgD3OaBC8FSc0hPsGe50My3PKg9KDm3UJCUyu1NYDK8KZkJagRJEgtbHin34JXsGTp7k2MCayp02be4wE2H2NorSPYEnT2XuzN/opolq8tZgjufpRSnatvKlNC3JupiZvl4YL8dPEkTYUjGANRXn/et46Iyf8RupeGtE2eo6X3q8NdPJbgY0EoppRIQyo/2GamyY7WPTYth0Z4UomO0JzilHZ65DYIrDCi7iJBcgPM0GLLjvyOfvpzhVAXkSzjaoYQL5EVbxDsMB92l8Gqj0WC2JW7TlKRMC2YhOTTlxnuGDQFLKSPODXCKJS1uFBY7Yc2PVyExT9rM4S68LrON+ui84hWe7OggFMMrk7qcUp6xWiO0L3ELEjdRYIPDEQe0rbON1G/C30e2qodkkqJNU8/KsCHHCaxhmxWRT+ubhLbs/Nql3PKq9m3jXWYIblAKWh8Ct8QXF/E0G9MamXv8AgoWcH5zso1wtRoTnTVnD1UK9Ivof92EpAtqi4QDEzTqe3Frl7uF7rs0GVoNkEGGuXIXph7xv4XDx0fdk8oL7Xq5FVeXj/LqvTiB1xIOYIcBeaQ5InoGIBhS6nlEPmO7fmxD2akoK1RHkw0gixtv5GELJ7IE9zIelCdVtShe31BTvurKf/GWaGHTwujken/0tEMcVI6o79EnfEAZGZ8iDAOnOtrtkMYvyjCtAePfwSmiFlgFnZhuOAC3JgznE36iWSt4pdJ6VE6l7eqy+frLEdjsFZQkZVvQ6pS2hwgZVV2ar0V1MkN0vi6UZQRKF04s1L6U+xjgD3VCEduZLiAgGamA0xvzp1yofvcnps+0fnGd1yn1oNW14CvMDum4IozZCA6k7zHTaJHBmj8/ewWdVJcQe5QbsHRjRXQ5cNmDO9+YJu/EPl2ByrZnoXOko9OTIxW060e0etwEpOf5EoRHov3V6Hm1idPbtRwgMwRhnoh4Cr5uYQFlDDFY6BO+eZbM/z933XXAp3NyxQm7clP+X0fr+AUlqUN+VhfByZmeExuHYPaH2ZEcZLdEUv3BN8TQFT/cpyiNiSAhwFoCGIBGVkyEDWICZ2SCOqDVod6FGBMki3uP8xxtFEu2LEPUuiFeIe6J4+D2I5EODYbHbaHRfjJxXnrdgiGBNpFsPCSDWvdh6wlHeLFUxXL4AIE3rdL/I2JPRY1aweY2o+1keFUzJ4GtXb9jCm9wzJ6KfTLGvDuC/iqrTSToZc6NXICfQEJH6/rzBXvQI1DQ5bmQJ9Y/KzpwDjmqm7sGvI93ZGU0ZhK+MX9xvhPovoRlpfjYNKMESSANJ2YCsDtvdN1fUtUd0QokyDUQKWdBZhk6ir5hE9VXUSHrzfXqHIXQyuL8p3sYzW2VNjofAutEDFmzHVo1NR2BxFSrJ21EFnRpQVfhEUdXesixL+XfECylvsvinH8iRIwAEPI4a9VXMoEjWGJQnbMydoIgfFLps+Fn5pFz3HMmCiNQE2nKbngDoV8+2LatZ3iQhHEdyHrnWbQRSJKYcjKh12+9/+rdF1n08h7yPkNMNT2Bu2gigKp3ZkoZ8iHuuOycXzK7BcZPZpZTHaOFEC2NTOWnqp5SXCC474/mkfIf3pTBK/wCLgMezAtsTDk1UTE/6Dt3+iKSdoGv8seKMQTLQvwfhY8bXTenIWH9eJM7FT4VOmmHTLJhqF0CBz0cbpJ3kyMcPaik2/aghtxO20EevgNzKybYt6qu1s1pohRYkVOf8ZIyk7IU/+LysI3b2NNC08o9xiDSrovusZ03zHtOerT21ctZOtwBrq4CmgQsdEQyRY5EFTBmIFuMizchgcdBre1BECmnlnJrZY28Y8aHta6HnX/7azviX90L+tz/l66II2k0/B0EhwE8bDssbCujr3U8aEuO7qwr08c+NTuKRVfYahAbJGisilAogP/81y3LS8GdKMo1JRgwF2H3hEU54606HFBUxntv9fqRLXCr9vTsEH8sz5Kz9Y/RvbvQyC93UcRkoflMOVhWOjRvpDV+GjjbADjln9BY0zqJnBhmdWktaldt5NJO8VQmXm3CXpvZLZo2qolXQpGpUXFlWZI5GrVzvGKRb1RJPCHYpbWR9c5/wqOC2c8usKPVzbJfm4SbSBuTolSFQivYuBO8rleUHFtyWPSorTZtDJHu5iTThkLfTJbb91La5KmyYEHTVo8maAiljbVuesNPQKeuochWDJuLkdihHcdB5EsEnungBRUdpy6CCWQV4dZ5NyNm52uzQ/uiOjFDfHflJlU1VKye2E3mTxDIoWswxCzvysDYeTS1BUtN0dLT3+rclQnQpyzaDQ0aKuQ5WkLRQYNBKbxYzm4sdW/qrGULC28vSCkaEqr33z/Ptir33k3Rlf3ZTiq58Pzm68/gFhMZV9/85MrRTgM9jnhMaNdoF/xytvHfusXukvHo1jrk+aGvWPDe0nwW3He09xsd8a2cay61l0A+WFlezEEYHQ2LAT32iEykNuw2bToYK7W6mXDrwQTv/cz+mO5075UoxfJUCi8kIW8S2I5r9v1L3c4lNCqLoj6+4hg1jSU2ZGTM3W3CpJDT+fF4VtD+fFKLSSCcNJrUbrnctH4uc5YxZolmfyo8KjY7s9v1KIv1hCA+neiaDR1JTYcmRcbPa4k6ljtcmYhtNz7rTqjm7YKVane0BraECKFcWjd64OJ0mTypLk6+8Gl5yegLF06IHwGxj2+jYVErc+pr+MBiQwYGqHESIzQAJ1hrdxTnilx0Bzg0g2Lghgu/3dYa0eW5U1KyQH6lhv1jxzrjL0jwNIOYJjOeZ4nmH91E38ho2vk6ALXVeh+2xIBVX6EMTb6MSb8+uR095wqVog3I1AmaHi4huzm15Qg7GIw/VWOQjKm/xmczSNXuA2luujOmJq7WtNxX8gPqgQdOlIr+C8CMKRSUc1UDwxg5xEefntrqSGdfH7P17Pk/QtCZ+KSZwTXjOu01j4tPWvwKptfDcJKGRAiuBbwj/OW3Urhr4x2J2UOkiCtCIENkfrwTLV4SnJAg8Qj1AN16PrPPjLa5oBos3lkA0dme1X4PFbf770ydp6fIfQiB54p4Sv+y6YvNTlBZY62siHbD77rI1Fzew0aYcHeoo9QjXImCPDY0Dq1HZqwN/g4uqE5lxkcyc7rii6/QeDvtw2ghIG6FbKOSDl8rdCSPmS114LqOivl+gNrIfBwihQ6SNJlsCK6vjjB0DtPWor+Df3419CJECaiAFUzWOxlJb/Ds69PO34ey+s+xa0EyTizJsFoaRfdMRnKVoTEoBiRVd2XUkM9vpAVu0PPCYO7ktlxMU+JPhFqp2KsN9wT9lfTFx5+4V0IGmgwNhBXQWuJgML0+X7iYvcuy22X9+5qUA7v/4YQwzz7s/Ukjeci5kkAw01WO6GZ46MmFk4Y3UsjERP12D9Uv3vJBKtp8fUwRJD/W8JzH5dyRAmefLDPOeCFaUCwspPc7LVvRobwVMWrcKt+3f3Hrg3c0/7qz4xnhXuIC1NC4ZUhgnlDqzvNNGWry84s8mu9gPFDrz8GjKZiMQ/ceMsW4ZfIanz1VUkcHhSwFXZQ6rAt2ia9iYv7eJzi3NgHNPjq06+CmVGrBVQ/lzBHjxqWDbLKLeuy/IUgd2eZchbLy3fZtAAkJik6k0y3U38H/6mToNh5pbAz4+s74yIMCjIspiNwo7ffLcT3RUZjeo1l2SosKQoqLCOeN7jppOgfpBVVOVhII8bJ52S0SVZI8jn1s2yAU8fimCtLlMUyPGHkRsQsepGMIoOFg7dUYwwcOKJc5mx7QbXc4tvYY4fmZlEJiZSwhy+ziGk8hHhQgEvNIReiNcZ6mkoN6IRe7vKirPxEj4oDLNqEtypeuMuV7f5dwLwO/+it90Ncd36d+Q9/P1JcBTbUmiRktIILYOHAOpIM+R1hmjhrBR6HzTmUf+KgV4ypCYMkNOTSXGpeYebvH03dejkE4RoK7/95mfk5GhvEmyDmTmkz4AAv0rKNLkOtxT1LS8d4UqK4SqDg1QXLzNVbF83/xKPVFVI1DK7pPxnIf1q5rzmFaSGnk/FcotLzWncj31PNmZnN2lsQNWEHhidhZGF+Jmai3WHB3Z2jLe4WU+EB9XDde6DAGkKgkSS2bQl/783P1cy0SBKalivoZSufZ665ePHFYO2God/9O1uuc9YoevoltoF6T3mnfR9ZO55vRGRJHxZeRvbfgSubaSOgQw9onWSkXJ0Pjatq1nCEcXT/jWShhz36q7ZOvO9RdYZs9ENOilE+Fl8DZSObL9R2JyPqhtN1edt2dPglkA1nrMBFVphZFXmRCBqXJCs1V4ZfxK+ipQUIrCKJuJ7TpuM4w4d+l0MXy0aYMKZA9DuxlBFCmRFzDGI4aFqp7XSBWh+BCsaN5VtHfEiwd4um12yJJINWXUWHmLrfntLx2tUF4mZnHJW6WOcCFe51oxcA7++l/kVwF7p3MwsjhIYyI13mxxmz3HsOs/Sr+1V6l0iuvBW7xplcfF/727g2olU3/cdIkBPcMgRvBthGjelUmVG+hC08PAXLkUZ9dlg/53Eg+bYLtckcSNF2UxYahNB2tGrzIyZ06MYxkV/TGeZEf+s1FJe0VTikEqb53Y1Ro7THwdMeyrlG12vQ6Tnu0KIt3oKC1cEEecIJgyXX9wOstqyG3KGvFE/nQEg016229ljakxzTLrJKY3Oi27ChD8+KCU4Cy23Q9tHZ8wXyPGY/A5PPpPHqbJE8TA2kXFLLnEqscX3mf491Q1jI+8AuyDNQ6LVQHu8kJt1XFuy167b9lJYmX7apmiJeVrDWCPv2k9Zg+9etztFuy1IuTPdJstKpAvjoTUQlV+Rm+YIpvIkSk5pBRS27+Fshx2AAB+dXtEP7r+8mYCuJu++pALqsaeGMEiNMYWR75bBwoz6lICha/7wyMIjhS8VlgGbA5BLeV1QnF3A/7xzwdZk0pxMFL7oBOJp6loeTJNnK2pk/uvn2J0N6zGIxt0cPfwaKj9KcUv8ZxegKDxLdbDllT5C0cRgyYdIWrpcpFm1cmg9L8mABcTrTy3YZJ33juy7eu8cS7zfDEv7dw+O6Jwt6kzTLAmws5SlSFtkm3z2QrC1H5J53GNse2NswdVRVpv8DPz2Pg+KWg8H5QQBm1x66Ws4Kaf97AkfzU1WWHsqkhf17JgOZg01BGqcIZgmV42fFg+mPz+DMzR/WhKod6JMDUhmLuvSLiC5g27RPde7QXJ9cSkB/APezvTx0eqJfpuCeU/pTKIf3jX+38H9efkiEsnuSc08FpvfZ7EZSiAmCPVkf9p/f+Aqq7wXbxoG3XFvStG4guf3bfejn9HDzE75ffe249oeKsvkatqjSXhgZcbR8szOO/wyP0PNzju0wzgOE3zN+rtAPxMkuDm4/QdDmMbbbzxSVFfZXwYyfB0az/JcKkT6+YPkGzMztC7fqjHX5yXnIf51APsBnPDrvJ1o9LtZqFeeHfcnELDILtNE/dwBQ6ROHeg2fpAWnNVkiQeEUJY2H87XTgDCT3XEj2AIbTIplogGraK6bTc1nmKDLwBw99ip6U89jmpdcVcEcQ6Eqb6FJHV0yXgg6FbqCD1eNblsZN9yji3pF/LJVqTreHNW7S6G/yQNxBYlwABwspFZtq+uUACKky4ozPnf1V0+fm2qlRYfBWETeT5fzfjjn6TMJq5SpTqD7EBJ36AeeRw3HV+H6/EFsQcCDSTcSZXIMdQWymzS7EFA/ihCzGsZtgTAvoko9cd5vZN9ZI96lof+xcAWHSdun0QHKUVfnSNRKm5xgvG6uTfloJOb5bNNj3ljgVNbuuZS9DCGlx4NukZTQbwomwBP+025/PVO6OEQjplRkoTmxIHN0IeZtgHlqMQVHs8j6ks0SxDZNjnUgIloLpGXDQUyHdhH1/0dbpVfaWjwrK2SF/IEQ5CLjk4nwv7B/YML9sAs04Gvj4BQ9EsOtjOyy32FQ1F7hymayLk3Ny1dORJDnL75p4YxIQqCXYzoW1xkB//V4SI0OgIrwX4msZKaZx8v6q7piv6Tgdm60VgelgCqeqfnYOqp871g6vDfGntsXmz3oEyLJ5XBMrtnXzAYaH5y7LDuh6GMtHSAvPwLWHcO2DClpFaf0e1xLkptHuoePvqhoa0LDyXOAgV0mRqumzcV0MT3CApj1uQ6hfRKP8uSRzBrx6B9/yME4WNT33Ry4MUGtSN18ZCQXYzjmwH+rmLiKkCI4/TynfIIl/TErEC+s3IYrJGUBMummum687XQyhNHUScLzOI7uaRD8gMAoBZeCSX5GFwoy3+0hEVRnMi78lbVk/U49Fb6BvbmuCz0xu9XTn2F9m6E0a2Q04kJUv1GbDdepXD4ViAptDmXXgSm3kaR/ZGGgRWYwB0ZaY+ckKfHMM9UlC6kRoa408LE0u81OrF395RCDyv/5wQ9RDojM3GPoqY0Ybb+WwuCrEpbg9YZTCyhjyp+rhPJIEVXO+++c0ytNT7WFDYjThkrRmlcnA957TP58NgF70uKg5u2Z5+kY8F2x3KjeW/Vd+EPXt9N25+tg0OolNLPFiDJxJzTyQr5roP3+Cdp2fpyIuadwxwPHc1yI5AROQbgvhIxX5/m3o+Oc5QfCIFZte6dQOJQqa6/18V0tY54JTGWq7kQizDCVJukhGxzrb9WG8Ghkv80QZKWBgC4WeHqn/aGkKTPIB9KmrYMlGFYirRQ7wVRe6/v/KUqsTv/keuLYH16qc/cu+kzVCnMErhnsbfS1kRw5HctTAtzxhOZLkB8QzMS1G63i/KZHUhNiwsl4CuZEMLwIWZSQSPwmS7z314hJBLp2ZTIIfi1rWhvAFRCbo7/VuEu/8v35coIQXLWp/69Onckcp38bp1xyQMub11oOIM9wTvFgAwWxqBGNGA4i+l0CzJyZTeTDgw7akI+I21fhabchJWqM1Sy26q9JiEWqdIxAQFAq8jFmnSujpPA04ob8kTauLgBlYYB+aHwUAH5CU8j6tgEMq+zlTYlIYPsMl+oYV9qtEjlEuioDDCnVzPsv0rbmcEzwApk+yd3/Li9dMcbulsoUxWt053JhsJIFKi0YAspxX4rcZBduOi5sbf/lErRXjfccsJiqHoeiTFiWeCp6mNBq2KxxJmvppDD6sBFrv9T6DlSbXao16Px1Om2yFNrwOuJRy+eQVABrSEBTm0ekcAqEv9mzRcD4RVLmKhfpgPrk2ctk9jYLLqVkbmZf7XKO+zpqDzzSOL5lAE88WDsifhcHsYERr8uhMLcsZa63d45hgFMQ8JTD3G5ByvNWQ7V1eBb8J4XhxLTQ3hKHM2mY/KN7wln9pzvtrPN9s8uhUSHdABT/B2WxMUQd6MxBsXvSbS91ftvGEEFQvZ3PhM9iB1Db2GTDlMl+j1yukNlGjl4m5JgyhcXQvdrBstSqN6Do+FPQLHT2qqX+Pshw3frjjr+uYaPnqzRbtyz1k0PFWO8V/oU9I8WUfCv603kXqi8aFNcbv/+G/x8Tnzux0Rgxe2nDfHIDy022JZDcKYkbOSXhLpzM3v3jpoVEKFH896I7vaSB+B7sAoHmRu6705UGbvAzBpCM7p9664WVFBPk4kcIh462330tW8fH/bu07Qz4Z9B2gK35onYK9HghU+vNes/AdN4AoAIR/tscMcd555wqVQfmwDgxahjUpwuP0H+fErkHF8SjYqoljKevmHAPQcse6bx6NcIq/EUoY1q9iYjb5hXFbxWLi8J5+3q+iRfSu/od1sjPxueSIBotBBI3riygakowd9YElkKpfDXIktH85MasSraMCyRbgn1wg/WrcyXaAfQsaGorFSUtBCimcaHjQ3ddNXGZlVATkDKljTY2ecvqQpVNoYfX4ggShYrkc+KEwk7i5zDOpjnoJfWgzfD8hRO9UywCmAw0B3mkTA6Qh++KVE5CiyPIjMMGJphiUkJLFJzDFGcXhyMP74xECqW4Ore/fmgfYWpDMYsdbJsLpJn3TvwA7vfCAuT+ML4KtATrk48595qft4iZhkoioW7x7+aLX98/7UEV+MuP3llOd17h8iIuM1SVs5GZOnrkEtPcUHwYxHHusZRlt4cz0xhopmIkvmzEJntfujEwcGnGXyyX2VBulcmcPIpFy/wp/IhfHP7jJwQaLM7zrvBPIQcY9g1ywL2HnjaPcupodFR/YwXeJjKNklwI3JEmbMPvrfjYNVH6nqh5RyuWXOFhr38AaK4UlB/HSiwiAXd4iyiiGfamz8Jki1Wh1j+Oc3IFhNyqBYxEMIHxuz37HtGoNu3mp+zak7u+H/HVLg7NCVtc8LL1c6nUEKoAGQl3tah/Bs5dbLnIzeGADig4/vxs44SyMEAS7kZ2qkAKG8fbvq37x/lIj7QTstCeTuVomY8Qbxz3NuhvNtTGKPujN9OvVWmM7hOos4NcvhrEqORzW2q7r4N6z13aDFRhGV7UjhguEh3mkK+AMWYwa7bNrisbLsLOReVnJ4VsbFeHyQ7KLYDyyCKhyysHzdf31u3L71Q0UKfHzw9YZV1Z1DVdr0GPTOh9Z2Ny9vBAO0rleDchwhHFSBQy5h64grmKw2NnrH3/zkxEH168f1QcBqGl9uil4LBMJwP2JOF5/14lQcn5voZMGUv7XNHUVjK4O62riows6RBIm1s6o7YmK0dr96pRvFqBCehwvQXFmknWmf2IVcNo2tmljS4ljH8lOsf47rtzX109XGimymRbd+AgHbf5gYpSu5tOxOp5iQULyG6sbZD0qgz8prmr9qCA/5gz1Gd2PFFqVAiobhF4PGPTxZpnbUSUqy56vPaQQIjT85L+6hgF9MtQwc6B4yPfi48NlIaJz1z5B19/T9JuMDQsAZCJvt03ClqqRYvPBfgf2e7Bwzyywxq7Yr7uERWoHNL6wQHJbpw3gw5yiGBzpjXqIdhmf8+5+9nKDC/vpQYgyJgdr4BCss0QCgMH6D5YCo7PzaVYQMUHNNSjWUwoNj8tkz78DkNV+wQGq6tDBRKxv4bE4PunFOm6JPaYnZIwcVTLrFPJJCKQV1QOn5tXai5PKGzMg00gLI0IL1bmXEGzLcen0zLj31FSqrDtkOLiFYhgl1Bn/XuDJKDz0SYJk7MF5WHWc7YLHxC0/pZzjdc+s27OU1lC7WJOY/hsXRvZ5vupaXOgzmfTgFc6Gi/FpRAMQAb5ML3Ghh4hvh5Wo5L74jKFU+B60NudyWQ1CA8LzgL3+gRZZSuznuhHZ0pjmwillmg+aX5eqjne32TflQuIcuQdO0CwA8wrmnFjfbxEBjVRVpv7klAkPABvSz6+25wWApC6G33Am7HdDnGMg5rpwK8guo29ViULGip3fANTfzlDdgg3X0f0tveTGSU3IBJp8S68Zk8DfPVY9dp5QVj0gpHlCx5Zzalq1QpZYPYEZTAtBMl6yjeyccBnGa3cmhBsmcWpdaumQqBz38ddFraapz+CDKN7sV/Mg2odRMyonl7rFoGQl3B7J9k1fAc6qNIoax9hD67vOBnw6c8pIVmO360oG5TSa7u8AtoCt3hMZhCzAyPltQRVdqLnr83yTZZVaUYIajLbe3EY7rsxMPa092DAuWY/25lDhAfd18sR3+8OMylF988+gqbGpd1ZrB+MyJ6XDjiaMzxk+5fjSSXXSF+2pVEcJy8tdppYmt93Kf70h496HHpyaP4nCv5coEmJW7uan4+I4i/PsSOHz1DLACcnlr5tXJEkMx4N/Q4w5lWZKo0JU6dA7lEgi0QE01kyH6dKaf+j92YK7oqAYwSSQmg6ZBESK9BN5MOA7JQ5+/QJSUaCshiLIlcOqAr62227CynnH1fnYutPEektPx1FJmQsdo3SD/Gd6zCVkpSIhXeuppPcmgykkZhMc1iGzV2cpiN9tfte3X8wukwcS7rd5yJO0QkQpa0J9HaYEuLVXRPgH4kaTp806oouUBpttpH1RAXv08LWmCh1Ngde8NDBHDHc/QfqpPo+E89H2C3KY578rUAKLQj+wCd/6Hu2QNsaIw9BYpseDOJ9saWt1RTmypFiwTQWcKHH9H/pSywDqxfG9QkmDpSlCPacvSkY/GMjvMFjjaZa8IzTVip3m+GTgrWN5ZxPk/Gl90WpoIQjtpH5EM6Z4vb+1qYKjBMtIEb5UJr/z7eQ1WkbFxzA+0o+OHqAiV7O+BF+jFEthc3L5imKPjwfYd2AhktnyPml0mMqvD+mPEwDDkbLIyCcB5eIoqjYac23wvD38GcY8rfuMLRl2WpqsSkGl0xQYoeQSdwUQ3GXe+KBzmnBpt3w2YczCSXVxVctlQUiVEcbG8+KUQFo8FnF9XXC06F0nNcgjncS45IZ7SdjPIK2oA2Gv7qXJpVIMMdGM/CoGClZAPcM87Emk59IwrXeUh1Jj9YYTPqZrVQMznEvxJh13Lo9Q60zVVrQBf6xmwpY1x32xwLm2Zl+Btay4O9dTDlXGeDeeORPrlWUuA/vgLgT4Ptv9VVZaoaQZTUPaKNKX39OUZ42ejuGP8HndSlKncoA+Md5J4ga4xmbMliRyV/IYhI3sHMIbBp0Fq1U+K0lWhvWGlhwqtRcRD8jwDdlF8OAlYlHmaF6dRy3QqY50ISZRbN/1aixeHLLtFpLLc/g1VWJmiM+xRNdGpNTijPmxtjtiOIGx1DdmKxNo73OkXzIHQOcDH5Dk1CC4oBlpMS5ahwCsI0VxsLEwkVDgxye70NvKqRfKeeQ6F9vXxfA+P2e4vYUjtvM54E5QJGEWFnhs4lr5w/2MKc0yOrh5XREZoqdltqN/Ty99KVbiA73SItB8XJtysK11RUstXVC/Y9XTv6SRSYenamwuph5b51/XjwdvyxTmgrvR2FCJMKWyGi2gezRG1kIIrg0dvmZQJnrsPpUYlQp09RdaOip6ZqNDQZr6TRfs72sZ8O3UunMRI9Dbj64QtW4LGmrNqCpD7FBRNQoKTyGCr6AHniLQp5dlIXycjQ/Wcp+jBvKSnbL5JcYzjcJE24e4/lp3iBfyVn3lbh4xg8IPszTPzU8N46+0OgxE0ApWUIQ65Rk8AClDg8xcALTRs7QeLLS2S2tdzF9zaYqk0ZKrurLr1s1rWuouV2Wh/nkN6IDkx8vD9tvqoZ60NNniqBQJA9AGVmEXzwHNdNdISVAVf+3GbxCNwV5JF3B4N/mz1Uk2FMrQ93v7r4v0/kcQl/W+Pa8Urcemx+9/hSn1Ni/O2y+Z9aS1MZrYGmKlUyY54m85XJoBrfUyqCsGha2fCBKAYtUQv1df5Gz+ZQ7LRZAZ0LCgpGEDKY2k/pEX1HvILAC0cgnoeueGxocDYANVpaekjnf87/NE2db00GugnuQMdK4y88kLX8MQLTq4aFdpWSkzhGte5+Cso1FR37YLF1QKFIjQZr/5O1nlYs9srxkwphGEjjqWixuhGfbTEQtj8KSfJIDOF85dbrXbizvuqC3/1mX7waGKHF4m6PJj9gdvksHu1blTpazopdzpOhsivzCCT08VPf4Z1pEC33SsPcQrKbhfoQRtkyGruXijCmOci2+VbrGB764l0bNJey0uu2Y6Zj13K5uQN/E4RCs1lbgKREsZShAxvrGhXYnbKycy4vK345R4bBFVY4fD5KLG4jqXIzmFq2F9HZh5EgzUI75qu2t0XGWAyepAYl7emBd//eRGY17FPRp+jekgSDlPLKR/K/zo++6tTge2nZqM/iTrz0z1DirOgr0SrxVVbNztazE0bHpTOooYRJzubnuCJZ9d3GAw0igEx/eqdlt73G287llI35sXQ51y0s83/O3fJE+KghIEMFbPDYtgY5bCAvjGDxh7W0XSZLZwZLvqXCdYXzyf0Hd3ylRV26anO7Y69u007yEIVzKHjD/O46C8D3KHIdbmp+SRJMCZyxX9rctw6aMNE/kQ5JHT3oNRgL/qbqgvvUAq+mJSsFuhvZjx9/MVIcW7ybGdMxzPPco9yvaGwW9h/SzOu4mi1vdDUy7S10Cd3vpCyZ9pp78MCbBFyEFoNvLbhwtL7ASZ+/dtBmhL+7rHZh9B7i0vEGULBa1AXmEGTxK07nPa30bVf9OpleWNTgNWQxk8NmFXrkrTEPN9Yi6/4TlZ2P9iMLj5DtZu8EYOgcpbMFMYeUc5/STlsSnN07MYPDdFkaecYgON9BZAiJciHhboOeXlQczYay/VvKtWKq2fmHDdxLt9BBJWyx0nfy/GmgKxgGhjZA6vRmRXcp4Zse88RrV6KB0yNR0u+KExvUQsP/x0P+P+ezeUSJ+lDONFaHy/1b5yTIqTzBMls4M8wBiSUvLAptnreweZt1WTWXEajaIzyhB391LtALUlRGBDucZ/n7k28QngEOgA2bDpIsNCx1+btb/UKzvJQT31ghGbJyQpImn97KG2OS3KmIauPrhxUeiYXh4Z5oYy19IEKvPJf7uiYnPFFAjle6npYqVIb3JtlvIVcBBLkk83TM3tAwpI09Psp5MNPtlmgPBdbpNwYJAnKGlVF022l1XExBBJpl4rpuONj7GDP7funjwlBkPdrXDuA4CnFZ8ArA4IJS/esZvn+0zdrTSz1KUSy0TIuNS+kVuv1tpfelCgIC7RdjkPKg/RWn4+KO+Vcz1ob2Jp4GPKSUjFlIk5xOvu2M1/JjTNyjtufB0iYPiZ9NQyobY3WmtL5Mudu+2LKplnnOacDmztYyJ7EHzizmYjne+qCGiBFTJvFDDkd+XIYiaxYVIrTtAHlsDgTmM8p3xbJ0GV5fMn+tUBO+ZZw3TcHh6PFOmZDrTMF81peZXK/51V6FJictUobG0Ew7lvt/BjqlqUGVehPSr9bMROhfwK3vyfRjdXXhFDE21c6u65sKDkPMlKAPHBUWSxgiIZIQw1WjylLgRZT2zRj0pQcFQBeRBTaqkttWMl4l+6HOC2vQf5LMKm0Esuv9nlT0kw36SJDcjdYfhhC/mkLC3gjHz5uIMIAkJ+yUUj8rmBK0cp0ng9d0B4lkq+S1RziDrL8AxqNwATdVl0zg40s1zCviS4MW2Jdc7d//x+CMdAG1QpU9HYkxRLEMb+EuAo7F0nNsvirGni0mFCAVkmHCiQQHlLPrEju8QtCK6l2QPUjw+9VfvAz7y2WEf/D/jOgnqjZsrR6puE6pnI2rtUAlVUx4wAxH9rAmSC1bJysruZiMZC7Y6dgkCOQUlbpE7n/ZV+uX+alvRbOnaC/1oiI0L+6/+nQSzV7+V7uJGZd5hcsmNgYZpWvLAZSpaf3QHz6DcYbnty3UA4etd1pXBC1+YyRogH3E88l39yHpvhJnHazA8+UoyNEik3hViMqYsB5nJW6zvGAFzzIZ2xYSgNrBiEs39EPzdclMOPwHIxPqr1iAz6qLlmtd46tztHrjAZ3kCCfeFXJlioemqGlHXCyVUWIezcy4W8lko6+JZrqojhPo2lyCwRtZkqz2/CUi2AmGUvmLrG/RJQ/1KK5b1+mtN2n4K43JioWZHQh9ARKA6xpJdtMC/J2edvlE0C55Zkbjw5nOqPb836eVIT03O+c8qtXN4OfXPT4cSWVZ/HN7sex143VwkOGbK9RkmLRDT2DoyYox3BDdE/GxFHWxUMP+bahywHwgihuAr2WL0zUb7+LOwOGWdZRB5ShjVkhZqU8Zog0zY19mOMpPPUijw6oUCumw1v/wplPpNHI2xGkclNYjIDH0V91pl+Pnuc+8mDhe50kUG7MESQ2P+V2k1xvuEyY46q2EFZVB+Zv4F/Rzwc7YecXybT+DNTPtEJTEITh7kaN0lAgTYoeqvMgKKei+s9zQvaU3VtqFTN8RtQkvDxyBjSm71F9JbxORm2my/e+i7HVCVVJ25Ui10CKuA22mTVT4Qz0Lo9SyljJ1PI2A3ZbUCChH3ejN/HnUdPYAf72KAF6JynMOTTddsqgziO/fFCWW9Baoc/xwCeJjDWiD2KD6yHnf2Fz8hn9JoUQdXcMWt5K/veVGqRWqdVBing0ism+8TknbpfNp5aT9egrvWwCSL9c2ppRuu/XciLeuy0VIT3Qd0KEMD6vBvz91LcrPqREFS5f9duM0E/dzhuN64UxWGrE3Fnu2m5JrZCKpmtjUdlsp9bk7Ol+69soB/Viuiv0q8W072Xv7Y1veZVMcKGMFtnY5dbne6sxl27cCY5NG3BPYXuseaAbqOROlcc++ydSDSavydAwnU/p9idqoOJhALGgQbegoCrN3k4q77k7TEJbkubm/K4zOdZCP618SU1QINJ28xtbLf+5vHEpZoY62Hk+43OiJOD85NgkZk/2pv2SkyFN+7Z5ExKGKP8T4ZCPyGn8Ow8ZhsUJXAJMRj9lTXq4EbfSftIj1r9d4TooCfuW4VPUy2BDeqNJoY210aulpmqukHpNpuoWUDIHQNTrR/+1w4g1npHL81YP7+W61/+GyXac96xcyy7QFrOkfK2ek5LYrPItQTx1tv0ldpYE3h7YWwhv6awMkiionf/ediWZ1V/MFB9hwbo1voy+mLqP+zdZc3hMCK8oyD4fmGbGldB6eV5Gyiu1pqGmrsiVd9NSN6O5Gr5SC1czqOqqRR7Uk19Ts53e2m1chxX331X2VEYwMQoXph2oZYVrtAQOFSUHxX2eQ+s8FColyxE40eQJIxZ/V6Du7hH33llhAoRd8bZE3PSzI8AH1gOcGs89q4YpSrLKvdisnPykC/o8R+jHxWaJAB3wmtZAsyvlmq+vImwWTTUpozvMk8eq5r0btHMvZ/QcoUI0WxEUoDeRGnnNAReFHFypb9eXCfPwAa15P/wQqgCCQ/y+4/u7XvCBuAL/IERk7V+IBY0nHJftcWDdZ7pE5+Ujo9LthvNfLUr0jQjUL7LhrX0VOtQhWezzif2eeQDXKJKe0GaeZnj8A5IMQdyfoNfg69XZiNf5DFmIglkbM0CbqFhqHX3FXT0iOGtzXXQN6bWbiOSaW3qlHkGJl+HF0cfji03M82FF68tQWwcj+rf0V6kQv9p+OTbqrc3zLAV7hg1wTfyfnDVezhP2+seOc6lNG7oStqUvpMYx8MAKqP8znisFjljDJi9MlehJCBKs9Lrog1VP/BDl7QAYv0+BAdnBHsvc93vB3zEvhaHJVOEhpIL9XkBlQHgQmv0ZyoW0K1SsKmGZ5/vsiG4DpYd3W7G481cjRhAgpzyoPLEjZqqj+7MrHxrDz+3P0eksv/LBdIhgucszntqmWrbyGfZ/UjGywMPMHeyiZTgFVYt5hNOC3rrj0ljyZV9NjoYat+KXp36pJZYZDzy6pA3J2un2Q9ynhiH9zWgYd/nxiju2oNXf6++jQcAXSNeBu9uCzA40g5GyNMsATvaOeVOtHTn2oyP8vDXhMph+OHg4k27qZoxpF58hJwx4V7nyjCVwpopCgLqLIVDzI6DaIs6T/YuP+7DhhMKWJti9kKiWayvHontvxApSYe48/s8OSAAtLEqhQgBiZvqBHvYhKQqz/yPzq6d1sazSn9Dmr1EWNapZI2PyI/nBzdYtbrRnen6koRWXPUV9qFLZtBI098wY97gGN3/lg9OwqjYfbJTPy5vNhDB+WptBIaNsHn4D2Zn6vvFq5s2JAR+FdYVcAlrxjjm3Suldkcvnt42zNV9HXaJqtRyYsunif7HrI+azyYmMRetqpU5jkbXBIWUENwGSXm4IV+Gnsd8hHq01GzWyzLBENRtr9S+FjKBJSPtPMC7QBDM59GE5m1oauasQjeEyYZ8mpGg/jdei6HcHejRpGcu35MFiuvExkAzs4AFtp7GkSQlfZCdufnlfF4yEObO5fUwomaVLQoQ3gy6gDUj2GfjIM7Cu32WXxP2jVb5fbMTCXLxvEg7sDpOWE6H292+RMxnu02k7cb7dfgg5YvWwN6JI7eV/rjkJNyXMGDqPuou6TxNCYs+crcgXCjC3UT92+E8AiIdFzFub+GzfZqJTNnRTm/stUqc5ymb3d1l0n8wzRAAAQNvtGKWJNDJFNZfFSZP0UBSnB1WdVJ9sxftO2sfrfc6VYdtfp03ZsjSCheYd6MGDSj2uu1ZpV/Dk2EiYic7EFqY0WqEauv/pqCgR1kC06ejgnXsBYEmZ0IZz2mkhIP+sV4hk/Un9LSLLTduOfdk/YunKEo4fSsJXjh+JnfpZLa2aaIC7TimZwl2qcg6Y5HIUv2xUj7OnVUg7d1EXOqFPRrzLptNVRGjHvphEki5pBypZN/4os34L2vFp0dchfYO3Nm1ohAbmEsDNDrQrv0hl6YhpKkpesRi/ZijmojKzoowuZMuy1pL/7oMTQCkvpOMu4RWW7tdyqjlvZK7U3gWXkx/MU4+jsrz9rtAUOqdjbzMGe3uVpS7MnleivGpkYltOFzlIjqltgirRrWFVI/wruLQMvqtBf4iVj9y7Olgx+60UrN74eAYfAcGnb5j4GPZZl+8c18qNhmbjlJm84cE/MAL5oBWbq1MA9qtS7+XbJMdzZuNfTtQwH/OuVbr777ZVE0z3XGx0eGLg11A2uDkzxepZoEj145y83i60PIrNKGuEAmu+1x277KuFTYPAXV0YnO/U6DdYlGLLbV7vZEjiA6Zl91Pv+SPQJbLFJv8IqAkxx+6f/HE6Z3yfOP7MDjVBEuEqjpX/8CGGYpQSKtU4nWMdBYG1r8t4UXZo0rU4W/8VujdH02sUz/KuKNoZIMdiopLWdCJDJ2SeskUaec9xpJbFCTBdEmT8cubkr7z1NjSrTYUM79GwdiwImtpBvUxn61A9afy56Jf/6wTEV6XjqszS3BDeCYo5DJFUtY3wKDl3y6lRrvcCGD7Je1L6kWqbFPfIIWt0NzU4o1TE4M7GZS1vVlyCcVGGrdXecIUcwhQv9B/cg/h0/SXL8DJ5Y1BjIjM9ejWiagvcVxVf/72ST9cEzjOywEXDblo5OA568dw3ZMu0ebm1JpxNqkh9Xu3C8Yj01882XMchvFB0i8uoWS1zav4GPgu1HbpfzilhRuJBHjAmYPutGq/FqJfvIKbKJJJTYwmsGcr+e5fUoew64XFVXfFpLXwvtt5r0MRIfNYBojsLNtyw8/HNc1D4GuXFjMWcUrqYodHU/ghW9E0rJrNTqCVrZfrst7BMdbuN0kEBbGSheRCc7CcUckhDcpIO4nOUZiTrDN2pC1fYCKuAbwqtpHZJTnQ0HzML1PXCuTsvimOeW8bPaBTfs7YZm/HHofk96AGkWDf0FLIsaxFCgsTUDCD23zR4iZ6xsipjSmzvbxObMBLaHe5uCzCx3SAykA8QP8=