AQJTa3kDAAgACgAKAAAAIAAAhhxzaGEzLTI1NmFlczI1Ni9vZmJDYXJnby5sb2NrYqAeewAF7sLoMbTazVlApHzZalnp+DfqWTvlVAWXmxqYJ+zH4USZmaZ4E0kiMdCxYLSsyqRzav4k4G4FZlrpnTp41ULiZunaH02UCs2PT2ZewaPDJyXWMa4oQAEHBIKVuM04cMUjl8dDMyw7oZcBHv6AEBWiJ38MVjjfMaQCeZ7FuMkHJGdfqwsmKuWeaG0YN9+IvXXZoss8fZUC2/JBMD3xEGrRMijfoQU4d3TMcYNn4KXN09zuGqSCopGv6WJD5BCdkcXv7oK9RofVzlbayLOlna00hYqxI/C8XTFgbKLACUnyY3mdwQV2IxASxkPCMV+KuFQfDQz1QUsQC+TcA64u6SeOAAA0G31AZ2HSJkyCmyCaEE9AsHhRRn9XgkZxfkbWIDkrBNySKH742uT60EJ5cY+zF+fOuTbfS8VUzn9UvxYJo8ENt1svHfeOmJf4hBb97KEM+u6fy9u1CLEVdIeSwcQPX7LjYu/2FRZw49U5XjXCVI88zQeWXskWmsahxmMUYB6qKzYqzycHIgVP5N3HhLpC7jltWZfSp0WF2xl65SmttF1ItPYz7qZdR1n325G9zxJjLTktNfy3BqnBetZNoTSEn0+un/2ZJ9FalwYIP7uxnrwb9kzoVvISHweYUktNXJYmzmvjoJPtN0fZXthKq8PWaCfa1CVvEtB/C5g9VgvjCSTYV65Auwrb11hXqP5BN4QMNATbn5pqsVa6jsPPj4iHUHwj/E2Fb6kbbnUteJoA/W0f7s6rjEUhBAmRuvBHnYdFuvWsCqadWtvvW/7gNnC5RWHb8STxp0ZFHblvcjJzwc3oUXYVNZG4OFE49GH2SLwUYkgSJP8Cm0P2tsmuNePyx4LSx+5CFRzzPgjOmOU8dCWrH9IBnvWamhvtTyiM4HTJogWBc6c8M33ZidsnWov74oi9X+8lgyMMOT75bQyv6MVGXAKNMOAYE1dWM581RnJnkiKi2n2pgTPsmTr47aZhA67lwJfMuzDKdEajyJKe2QscMNG32QUFlSwT4LgNU2g3oa4orW4R+FwAu7ARu87QljM/kdxVx9+W3bOl9CTWROQsg97PmRCqVFTD6msEm8edSJxevP5UWxzxAzRhQqMZlS1RxSljxbYYuxX+tCVRGHrcbJFj5SJZqRgQn1vdMxrlDrJXV80FfT7m/ESsvUVaz5t8C03JkeFJZjMEDxwuAizoN4+MXrTQAxf9pYA64Ye5+ymGu6kC9mAJq94JARVg1PlJYokOs0HSlJefqtLuImo3dH3aIyHX8Wu9SlY5hBP4Zkj7AOSx24KAwnlj3dE9eQdP/IL64bFwywWLoagBwFM1gsXoi8SVYa9gbGVjY/dqhY1VplZFcWRuds7tbkDL3tgnu27Ge/aGeegCKLwhmoZhcnfVcPqAtm2/JAJZBjubgI0COMgGpSVP3CRGRC2Mo9NKV4oxyJGiBdmVHzVyy0Cx+1YdwXEdCHhkGZ8NVDdZ0kmB4C7nJSv2wyspXtNEalsc0ed5FV16qEja5gDRc3oIu2DkpYZACts9MOq0hXSb27STcfpl+KV46LdtNBJdVEZNYu6MtKqgkJG+yzzrajnUQAVGhQ20vi7EaS5Yb3VMbLvnEH1mMO22orfVq3WqNl5HpKDs8pRmQAFi6z4jXNIi0YxDBA5xV3mBas0qAnA80mL4sBeXw0OQo/Snaam5QQVd94pCJinEaIjtGpHHBda56lJ5oMWz7KOADbII0gKI+NGlFLv2uTuVqEXe12qQWGym8CLwc21eWd9abljniB83FebzE/cElu2gbR4NeRd1WLrxZwR7KG8/iQkRq0nluk2/hO4mqEd+LwPVu4uo3GCjdAGWbnwm+jHUJyyprzyNCG+sqtk+h17EXASpvBb3e+kWKq3ZdMpLG70GNVyCHxht+MvtbQmSc8jq10Ts7kMXFGq7btlH+QjkuVDIy19mG8GauUkRQniiZaTUe7mLtPBKh+zQrxcx7b96HIjDByPQaLuA/0cI6YjVCxg7uysupE0vZ1lJBEiYTmrW00jAWxN5TUGWfZAgILu1XbxXd9He46b4a1ijkfjwP0QmkGrmoBGh1QM8QQrO0Wv4CJ9jBM2O3tRHwJJBr/d5fUzkn6eGTWWht70oisL/lRPrjfNDIJmtZ0HpQ+z9P1EEwawCpoX0Jwftyqw7VHDx/AWYAHbyMFvgXm1vMFiDOhuz3UePgoh72dESAu3MO26pisfoaAN9T16Z5igYJW3qqJQyzRkTZbFiv1uL64T/gYYWVdm3UzXU+/xe1chzx8YoEfbWC0ypH9NVnx1JyUIPFQBBJVqbWKsp2pa0hLO6mwvp+WP9zZeDgmI4MLsW6Z3K+e1Ef2PngSmflcNwGsgjtdDpjoBSxAh5j/nBWOYr6ZNU6x7Q5gdavNi0mRE410mNYdSLGHa+5Ao7BOqA5n67SmQ+a7lnKIfjwqleCSYVk8BcYXSEoFq+kklKGfEh1CRQCT1sSa744xvHusPuMFZyCOOeTBat6scCXPgFLNdvtnqa3+pJSAsrm56oyGaI6F3+iUqTamEqhINwschMt9vXMseLbIBuwPzG4lhwEF1Pvaiext3JVeNSPDBWxTskq3Asmr7XmN54N9OPbipk6jX6yo+jOMLyzDXXDNyC2ibV8fh/0+15EF+HslHqw9du9ag8kHpeoTcs6BsJbZgyHNScRycRp9lXhVIV0KZ67+pS7zEjVEboiEqAFhNHM8XiD/uxx8mRObAEgj1kNbpXfUqE0/TwKGtsjJrZwh+/82Im9zeLIeY0XbBOEiLtXVzJAfzT2FBfh6EXdr3I6w9/sdQOUIPqwfS6KheT4Qr90N0adfnLKr78oFpEqRleLMfrN+LvwWKUiPXXOuE5KBIFgNSTE0x5FahQR9JTtefwJM812nLKJlex2cYEDIUKh9gyd+TD4w22W9p6FkC+XD9zAsAPRyAsdllaAbrYkM8sYxosg9jwxdRZFNwDFbuvZCFNww/6CWHUnwSzuq5maZtcK+iPUDyiwA68nWlVSaneGEMV9urKcbI720PaYvSCu5tlwEaqdZ8tSZRn4Stu4XQiQjueNrPRh7hhI+rC58v0vainTcrX2xO2GRjZp6yStVL7gA/qxRkpaJUYmEH0bEHUlPqB8CvxyAEifAK2/8YlX5iW9UaBzvdy6pe3WVfOdnLDKLmXFYdOeQcUGUhP4kF9ByRErb/+DATfujh4FnjiJnxV4a2TEa9n08hwT3tx58FZZvI86ZbZdw/S0jLRyiUy/URllsrwLE/CYQJZ2ilop93Y/j1OU/upuG4Eu16ftFNTD1XLdNI4BrTZrI3xZ+ZWPlP0ZQHlKnLyx1I+B940w0uBom3TrocOhrRu4u0MDb34HkpgagonJ1FGnVLl+9tsxDO4kUjvFAN+kqiOLjo1c+VSxNN3NyORgDlhSxdqBmJxEyC+IvG5nGlTwnpQzMhR9RvY4nq0ZANt5AZLKt4kfaheOF51uO75gcUN3xK2q6aX2ItQmb7L+4XyQZPKLA4pQcb4Hbjm6aadk9KNwrLopu+jONe/CC4N6iOWoq/EqAKchwXKFYv5kgnXkJHCJyEKE4b6oxVngjakfShtybgCjUhfaOav8EHTHmqb9BwKngeGvSplULYaSb4PJ5lp/oqY1VmOTK7/5TMqPKY/pSFMNdr7DZgKSKGpTueXjVMi3apqnvzYcOSgmQuRIta32+zpSP7e3RAHU1y/BuRKVFCU1U9cJDNKYtqZkIwLpynLCgzXIIx9FKfrh52VUxuikepi69oTeTGem8LKvqTeLzymqOAkul9/PnkE92jW8U5/o/r8JIW0oysxOytqqFVIdpKPvW44Gql10FsZU2H9sLQzGCB3aVcp36nbteqWmT9SNCGMoQ/GFDq6Mz+UOVqpxoS2zqQGJ036ugQn0XbRclU3kx+jsSCQpykFjJk5pFITrViM43e+rsQw3of+TvDprO10dxwSyEHt9H5KIKmX9L9mlf15hC0Phan61+9lFSmn4A4fq9MVaGHHAYa2zvqqt5cF+MV0Mrr9ch74JkOLtAzPHLB3/JyLI5ewBoVodGcw/gYIQhvju8rhrmd2P0J4jobc/FtWizkGpeSxgLCVSbn/vJLdOlcL8Hvvvcu13fxskeLEB6GYWO8ZWybIAo9+g0YFdK7zsRzSC2iO5dnGuGStL2E+W7hiKXpxxMD/V5f0vykBKPQaxs9RO8j8ng5mia3EwJ5eNVMQ1A95x4R7cYnQ51I/kYQ3ln1aRC23iqE2x4X84tCmZ1ZnRTfJ37FQhFS89YqDUzkzBG06BTWjWzlFSGPjufoQ+T3nK8qh0m8P9WUbAOOJCLQ+9nL61/3NVnrSdCBGD+xKEDSDS3+sH9DdufLwxPFrN01IMqdyhOi0N7gW1RRkWeRKPYIhuKMadWjSZauzTFYv2Q1In7+kYPPZ1Ig0WtXXPbFQ0XwLN39VtfeLkQG9oyY6EeaEG75GxF286gCT/fGZqd3t1Qs8TO2+uoV7c0+DlDtW5MxjvNgSok19jiObSs4cBlt/R0RYblZISV664kjH41TNTWm5kOHXFCu1fzePZuTZbDQVTkncdmhoRURDH6n09caC2FF2csAesv3Q15YoH1c7nfd6FyDLoThVlyCrJ1/r2qxp0iGeaCRXMQS3SWfR9X1DOVDlv3SLXEdh2zMUtSJFxGLADH+xrRq1rryiBNsT1xPXSIpwpEKm9zJHH/6qkmPj1u3CAkOefTS4VX1IwZuN1HEPuPYzCxqRj31plba1eeYJ1DVkhgjm06tr+x5q2RfeIF+H1IB1iJG7ySXLZgWUcZTFK9ZJ5l52PW7EPQY3xloCa2Ln5LxWw0DJzeZfOlzFF7mATCtykRS3SuvtftBjbgvBeeRc4X105oxXd1VVYQpx622S1O1Z6kZ6ZM/8zjjTn4E9U2m4CEyKomS82OctOVy9rr3G+9NFrvzvVUGmonFL/UOdf273J0cjeonhRqqR3geuY5ashUFrSNhIwLPx05iGNpgLD1UsdRO2DtK33+kIvl3gYZwCFJQolXKSPnqarRKNXpRajvx3rq3pFXnPvF1fb2AEmVaix4KBEZc8T8UXqtY9C9tEERMSoknEQ1rb1YnSvDoSfsBLFTWjDjRSwxEs3bA6tAGKuBPkCaOBRBGkDlSatw3bD2OURICAhhSWqzJItUlBbE4hYvzLrFjQ7xTZl8dhZyCywKnkWvo+Kc8wS+zpK++oUm5fF5Fo44tb6BCHwC5Y663ARLj773//7tpkmj0HcuNcD+Gj6ND2q1vb+Lkhm4RUEG4D+kwGz7hAwnRmXYidaNcqkmRUAw/8dFE5f7A7DFA3Mt++VVP8G+XHJbJqEQIwF6adn/qBEPrU76BKilYCzYyFwRXfPOHc5s5MlvptXr/g3cJGLmlS+crL4Kg2lSnclyIkz+3WVUQInTucDG2GoSbpFihjgJKc/ie1Y2yq7KhuoTwcP8wfmimz8IrEkbqQSG9/Q6Lpjdgy34/IeL4B5mGHXGNH/USw8Xd94a36l6+peLahNZvs830GxgzN7+RjQTeJ0xZeVdWRYVTTyJY7jgfRDBrf33QsNjMRXg6O/Qza4eBWBgJrOxXCxC2KlrHr2i/uPtlpLAqS82JR/RpGWQC045t04onGlotLvPIrKp2dWahB1SI2upbnXgz7S2mme4FPRX9kZBE0KGPkzFdFERcgMNs9x+pjhrr4bmayy5Ghh3wTva896nVEbttKXcBHcwn0gGjCoe0IJ+kwb5t6DABZy/WdX2AOftm2Yl24gq3J5EcdKlBLcI0ArnqlKcZMm5v846j0Kkb66lSSXW3kxH6YXqKu5dc93IzC+2GJ+/FFGGGhHS/r1fJKpfUI/i390u4wBgNK1xSC7TYplLKWW0Hnicm/zscITWgADtfqVGTBVy8x+y/kwImndq3PiKeeH6MNDpYY42w3gnZUcav1jJsVE4Hdk57+68vDFzrRT2H8jZHNoXmlNsB6siXLqud6dSz5Bj0FWRpqH1VjrOJ3SN+p+MZXReU0g9xFgDxY5GhCQrBoPvdkHJogbZodHvSZEfCau2omgccrUn5cLScQEcJ3GBA/uJ/fvdyh8dH8SD4JnPvTGi02Vi0Db/alguYYMVVLLk8rKJA7m9+dnMSz/IpvpFTgXgu0nVfSYpkyBfcYwMw+6nT30XuuBNKQgkYeiyJWvMSCj7E+xKK862K+tCfFzwlvx259BWJ+JZ7N25QCttYR84iRW5ZYVSim2dY6qUraIwAYgH/r3dxsT+QGTjlP2JEZfsVAa7MDTdFS22t8sVSeZPwx2AZPMbXFp9YJVq3VC/m/TzrX0sdKaocV5v9zieAKGC75I9NyWO2+fBvHbWp9/bFBZHfto6FQThS47yg9cRJJEPODdHZLUcLi//tNmri7k2zHX91NFRYP+BsQh6m2fsQtJyg4t+n66JiSrIwQsvRzu2VmIx157n/oY3iRMSkH13FKYU68bJe3KtWB3xrASKgDOKbRT91OklUEWa1pqB74zqtWRakIKJtrxbLJhQv1YIuqAHQO/i09t/q4hmrursBZjDfJy8TBCAnIbdyHA3y+IkaGgSDMi7eJE+viPO+7lAolFTyAt24I4Q8uGbS3ZH4czKVA0kCHLKfyjBBfwG5G066RTirt7b2FdOYsSKTjkiKyDmOZuxiHdgVTAHp9zZutQ1Lt5A1BTQdmG8XxNrDs82qfanOaEuB0df9t6tJD+nM4AQEYHVbv0PAYU5Jrp2uZaOlSbtmhjmQ3ZUm6jBJ0lsF/4Yiel1QvgnovGH2x3NUHRNb5IuKs7nvqdPNmknmHEko/73CaWkOXtJFdEEfeVjJuyin7YX0YNCpoPm1HzeCusSN2WVD6HvPClTTZrgj/0W+WZLzqb/TRoKe/+2gZcDHhH3794yV3smHT5YDnGI7+6lpTaxeUrPqSI+Ej9JvsnWMyE/5g3IcND2nnuWsJ7k8H2lQwa8hGniDM9ycpKWZ/fzSj8HxI5GVHaCBoYb7dmCPfIaB34k8m84AIQ1jYaNrrW+fmTXm/xYvPn5IQEWNhhMjjzvyGQREre0F4Qdfp/VfYqrUkkXcFP2qWC1N4ltSgVibAG3FardlqXxjqYF5sQM9dKVq/P9l4P+kIcfhPi9iOwxEXIv5TgYYyuxSTx3pP9a8fhK1QhsptZX587BuseHhTMHAELq7UgNYFj6rGmCWpI/i8hAAqGLU95dNP7OQw/uJPB7bTWevlko5jCvrT2jAxqvCAXLlLQL5k1YkGzvYqUeghlu3EN2I4wOP0KmsqpKuwlfS8vL2Mz1ylZTQW/E3EKUmq4Rxp6y/bJgMsqW5lfRufkHd537UNfKDZtMvNyKo7iLNrQt2qRPa+Ib35oaPU10MjpJDiFAQSFW7IYX/eAMOiLU5GAfjJeiJxo0deKhAu7VGK+qO1MeT4Sc/JBdSSMKVMUM4yabRejxwuoPX+bDSf5EFdZbk6t1i8SQoIHR/fsq9EmMetmOt8/le4oQwnqMzjPnmarl8xQ/FIKpDParY2quFEuD8w8P7dtVaz+E3ulDadBtUs539Iyt3Wm5J+9TJwgx//d/Bv59fK1S6vIJET8ppA/gVuZfz7V98e9RAycfNrfzftVh/eKFLRcsySKr0SXmdm8kSYTfLUuwK9lThhZJDH3Awc2XtLo+fBwenRc9KFA7JBp3uUU9Pqa9crNqj5QZNi++eEdimSf+M9xNgTRMgjTx5KXmA2ZLURo+ZVilhlK12UjfebcnZL1ChPEG/9zMlnb2xlA1eOrhXu9Ny5JSb/qWhNHsoBZWcHKc07ys/mgpboYBgYrSL92zJVhRZXvFHNKdF4U6mZBgYKICxSTVHRZ39YvI7mEZT3NxGGaDlej9QDcotUqz1q9ONX4lJ9whxit6GKIL2wR7KU2mEXKLDqbsl7Qh7yTG2WAIZkc+73KIV8AlHeiKQ9HORl33geBo7LxW3Xehojs7RXwnW5qjHYJrUhQfy6+J13/a7bSqCW8I5WUWNoVrkim63z9SfrvgT7hPE0swyqhe7hXYQAViI3lPfep261uwCZvpcOEqcGhcB3trqVWYfnNpepOkVRGbG6R8s54fZaf/JtL/r78NbjOELfN8/THeJHuG7yEea8pUifBKi05lcKLHNIMDv8cB2JH+puRgUk1BT+XrnUVDL8+rW+/1332Te7wFykPxgaSCWORbnZpAMLanfxctltw3pIRWT7jjzQZHdvz3an/CsX0T8HKP1cQ5/Bfg58eLptUMNkagZ0Md5DgWOaPYoufJ7TJWZ+8TzdP1VBLiCq03+j8onjc5+eVwyuZTWH++sv+RCy6S2ydeJwYdN+y1x0Cnky2TxlEitMJ1s/LQQtMmcbP9JwlskLA7S8hVzAoJRmF4TbGZgiSYHJUGYgetQtGEegViRXci+XuQ0SrN40FbywiSJ90VD6iNdWDSIiSV6QL+IgH+s2B2e26zkFYkTzbiQeF6I8d1/hYsFdVLL261vywWUyhewSKO6I+wOcQAmJEXy6hYQj/tv4BwUM9LLpgJ30H4J4Sh+YQjP9Ov9h37of3lQcB4hQ0d+++t8joywu9r19M5vqAIJsGqdhcsr9COWs8gV00I16M3R72IMWSQ4uQkS5bHhh/1LStuDCtZJAss+6erSfzmKgvKeUtWq2R0koi09+aA+9u07nIGh+MkQBaRYC9DDCrtCtxlaXctr6cDHuvkKT8ZCR4GuLi/h3Bv38dHiiBvGit3b7OPk5wkTADXprb/4c4gY4k8sMB+WZvBWOcARut5kC8yquhabuuDv0RWRP/8xdUxvx3sBUul99TUAeSxEC0Z2lUWV+JGexcYDmB3St3wxyL07bOXN1nxtPxxvlFdSz8meiINkFYGwmgEK/lbwzRd1q3Xk6qzd//Zi0q/mdDkRvZF8pnQcesDuud4uitaO5wJFepP+aiENkUDLdr4CAjLc0RW71Vs0yhpL0oUXNP1+rPZ7yQZJolcY3xGjNhayohsaNT+4To8khXxLFi+MqXhY5aCHXUcN/j7Advom3LPOxfab5zqIsEr7C6AaUzKsM+krvzf8zv960xuU2GpXBJ15EwI2lzN5Dt4DDRUpbHR1Zjk0bCsJeE/F/Cx3WiNdyiquwQQv1V5aK4t/tAf4CbR0Vvyt5oPmtTv7yGRqbx301Mk1uWrdi/fD48G+TxE+6K5WXbOVj9a7gqCDcsMCEqBlFWlWPuLtCFJbsrzXk3p3oGlVsVoQOaljaHNKCVYWq4/53jfMH0VmFSTaNFTZa1TF8BCJgKx3FPVpHRi5AszyoxNIzUVtKnzg9Tb8GrR8B2v6eZU6OIQFuVmf2Us/tl/Xerv9mJMarElLMZ3c8XkwEgShQGS57A3IotvdVPgFn/tWQR2Wen1WOqP/Xc85sYpyqckZnHPfT/L10lbh5hvhNGM3142h8yMXMGEsNy+JdrkTsyl1YiAGTjnz1B/rutdeJx5TsEeUfg5uVGQ8BTb7PxOdzkB7vOPWrandwsPLs1Pqr9dMHPasmj8NMZl/mdHielEEBcYTJUiq9uFVoT4P2+BIvblvfH1nH4Gqn/GRBZf9vmCb9QRxBoHVG8UWCNwnXCDKTtUL53CildRvUkx/UhJf0VzNYSfBAGFmqxY96Nb60LgZ/GFAtbGm7rg8EzLxEjnkG1BHvVqR+JHujiCHigYKhjTRFfmNsgSTEHg+to4L+1m8B64hs65uJbxIbKnC4Ywq0W6BxGyljfKiP8mZZtHHC1BSg+zU6beKGyPqnrIN/RhSFi7bon6uNU9UaJCeO6AHf4FnbyO0IsuYwYVb4f3z/34CnNRVNVBikebTBeBOAxgtpjbvrJXAFyAdzca1/XYoEP2dbhZ2m6Uh5fHxZY61H3sEVMZJflM3hvrEMbGAS30P8aUkmUcI8C7Wn7p9uC/yadpXuDlQDtk1tNA3y2ARE0p2tZ1kHJpIaVLCSfE1W62GEHrJmcLRq4P2bNB+9e9fOg75r32N5f9JLwdDY9q6eGroPjkJ1dqkHusWBdRMY8coHNWGSgH/YYZ7CFjIyQYKiMY0QDutXMx3030llZ2ohzJi95Poc/mJ3gyqcFB7I5lp5TgyU1UK/gLCesXBVMaQ2SonqpR4tXbxoysD00Kh8izKkjQGz6HgrtxYlDm+3UuLos10yB3PSKfcxV/DRO8sEx04Dub/qPyCpJsq0dLGAuuDZ0MvNjIvv9rlB4+scOgmh5wzvkdp0yQRgQfqUKa0oUezwBzkHkUzSEnpy2o9fOEjW6YbguhsLZZTTwxl0XryI+eZNjUdwSbS0UXMqRzB8w7PV1sR1gZvuJXjWhJ+pI8ue//3o0P8vg3AZyhqp0DUac9nZ6gEn02ybEcbrSYETyB9efEE1x3c7m4uZPKK71JbBiVtYJJ1uECKYG97WCVpqmkoM+/WV8DjRK9oq4OFGmAOMfaBOWzeYBwMIgQpwxzAaSVf91lqCw6B0wc/GdzofkycQ5b6PibAY1M0cujEmxLF30AwbpbxzJ6AVTHjjyEz2DRoYRai3vQZwjGlxP5VZRQejSFRVzqhJZx6S8L5mWpAlwp7f5pCt/AFr+YESIH8CSfyDhsf7XQWWuZJ6O+NFugWPQMRn2V+ZQx8MjZCgMBWYhSMdXeH99+DlbdLs9hRIcNZoYnULo6JgZoKiYbWn4CGEnwtgJVSQQ2W7YFmHPxiKFF+c3qUn56q2COBe70lssp3AdusPWUzmgc6JBKXn8j3BQb9CI3lsZ8tKSVIscVD9gVH6tPzygF+wld4I0k1Ss4EUb0BT2eExQQoBeHYNYw1R9wLj8fZwcoppfYbLZ1CIw/V7pbuwhFXcZf3Vxk5pD6MSOix/ypCZ3xZJqPxYZrNdllLxmFQoD+ewUknHbIzJ0JdC50s3VXz40DiAXKdEavRvgGD6behVHAup1UojA//LYF8NQVlbHhZqXeOrcBqB8hGIAM8SBNiYSj8btSd54rcgUDWUTQR80J/gFO+ecOKbM3aEjvoF5lCun1kiU3srg5JzE/ufT91cWssKkYzptV8LzYjhZ2u//4/O5pjC9ve3MFDxR7TYtyWYxHkfH3Ejd7qyU8JnlSPdqxl5r6wPf3uZ3in6cbE/pYVIsCHq6ZS96lgNwp9OlEXOSQJzEGW4RLiY50B6/TxjttAkgtlkWX5N3ryFuUfBI92XgYaJR03jSbx0Ud+JAVzjeBb4Z1R2tFoeKELj0KlRCOOaSoucnsCnNgnW5Xvj1H1EChnpABn3sYFJXs2OR/5gXcbrk/bXdzZymszWuuacVYsEokwRA36XBI/O6bfKWn+V5vZldUo0xEY94MKWSYDX08Ad76YhOYqfGyW6CF2gan1ncddmbz0W1JASZNLAngnoxQPBA3l5vPtgabPkniPDxV6e/t5f2/wRHxk79BfTSymGPF9q4/z2/JOUwmDfN7DsggYgyc9OiGjfjwDIE43vQz3LKUn6voeMQm4NqfJnpy0n7ph6ymxmRKw5BLXgoJUimsaM5pTuG79ddJkGsxBwV/U7taE/lY2rAJPECcZTXcFxTKPlrqHApq+fUyf8swzHmp4VJcuLPIzmvqvpqPxqVSnmZx5hOEHUk0Xo+95uf5BxrLTJjmD1Lu910g2WH/2X0jgjtxKqTmhpL7QXCRwwSzwkh4nuAYUJxHusm0FyIjM1Zadkq6HBTpFA92VVN+tAh1fuLJ65du84ci0QikRDSeG6fpv+7VOgCuEKvfMpkaiNYH4HV0hc9mh1idxysXrqmiu5EJ7/sIuV1Dl57mIuZ5/gmbib5ZdVgesf9IOL1OLQbAuJ5cLbJNLtIxVtnC+RL52fQ2+yrVnXwZltZnjrIsJkUdndQMH4vSvRstO6Hg1blGrl2r2AqeH0S8rfPyeQ+xXuvjMCLPVXTDXMenzJJiOvXj1opJQTvpcrMqH/hEu8VsfIV11pS9ydiFOrlCeJHIPF6oklXVtwsrgOQjsaWVkzaDBCFWIbJApEDWS2Z/psy+OZsBFGm9d08DD2FI+QN1wR9A8qWMYtKCDJWG5+xmJNu3au3RT8MkSOD1mmai7ZxMrFX2s9GQ/JuSDKe9MYWCnwlhCaIn85JLrSCJ8H5EUk6gifZaYBS76bMrT/PniZaZJQYosiHpA3jhoYCco4jyuFa+/3f7kE4anyWhwT61uesdDn+8UBbaWL5xsmQ9D6wBWnI7KMyN9Yej0KLD6hiuon5QZqL3hAbSOhe4vdfGaEkT1RAfKVQUGsy4TN8qmGWiJ98NE9WvVR0RdSNvAjyzx1aOzUMCBuY32lIV4QIFo7uRsQWvM7929aL964kfGRBQjEpfaM6zdA/rPwMz758gRBMeKNr5CyDo7n7tdG7+SOl4LYXYa5SW45faWDs3fJKaeHTcOseVOiclJcapQGikhJkdL52e/QkJixrMgr6QdcKYYjy+6vXfC+vzy+vmLCOeG62Yto3/ePTWsYTUWN+mni1h5uNs12dol+nRel7a7ojFWk9bHuuOG77JD8pnWmW0ZpQ6cYbfKZ2zitrNzoaSH+pOf/TjFw7jTdhQJQZqw/UY08Ui1VHTRkd37X1fXiMAFXFUYFUGSchK53sVyE+avz9c64jQPVmGK2BSX5Va3sfqSk8/AaD6SITHv1Rmz3CGXGRtS4CEPiwQMXg5rBHlGL7hznHyR7PYbHUG2tLaUnofXg5byAqRaWhVVBhkI+NWyXBJ9Brkn6TQ2/r+NiuSjocIDdP4cgtLTmdw8VnhzTeVzOTf+NoTmxYRrquo8Fcz6XrsD8D3/wDfWybfYb18qdemL2tkbwoOVrZZFfypZRu7kDZcN6IqGuxLdEwXtuGvf3RXDBqZCibJ1IxD5v+YpZ2j3N/WCFU/k68nYzK+WojJqTZFtn02TWAa8uELZ+Ao3rCkmGmPTvBOhR0eKXJVJntMecNykZf8eJZSQyb8u3BT9Su21NwL+YsGY+t9ySR7rU+N9Sw6flr2sGDK+sVAwC622r+nueeE+hSb5FXwbss4sK10N6LNDxefVTGI/CCHTM1S1A7mPcgwubaLHs9cv5UENEOUyq6EK67x1bYPYl2dckMxAfLENndOPYBaZvl6eqeOf5rnRnmUEGlmE6MRM6GMYOgTf2Cd5XSV3GjlutJxlY+AVP3TqtXZeZRS+ACHemUd3FC1r/51tEUMzXWita+VtfD75mhfOXcSVNpi14ionmrpyHKUc3opeuzWzfT30Ldp6/9+sFAPfwNsY6/45j6fbCBckIrSJvz5cnkV21U2fcRN4XMfGT29u0Kh+2pEoU5i6PpFblWrdl9pYm2/zKnl5GSmkaE1htZpit5QjrjPvY1ih2FhxfFF+xqCPzwslPhdXZLfMKloAJdnAI0jTZ0iLk/033Gq55lkiJmn7RG0l49sosjBUP+ypS/uecKBcxhfC8dM3QWW8VVQNc97w1NKl/vNWCZHhR1+gwVPky+HsDyTs8y0FKYslliS6vcg2iInEqabun1HSicXQy4cK/z6PE8HMfFUuIy4WswxrhVOROG1mlLYYVMSeVXorgA0f1aq90i4FhAx1RYhNs8u5fHP9IKoJ75I+IgIivAlZB7x2hpfNrRLrPi/bGnn3EG4KsQSw2lOF0kA2oa0vZpbF8lLeMcFYg3hb+asI7g9mCIUkA/gssh/zgz1J4zgZFclXxnFeM+wesUnYQIkukthHOYftOdDeYrjrRYJ/qqL8jzj0m7b5rV2I756HBGECw3TWNPu1Cp5R2sxs/Fw1LI7Gy2aLF3wUDLV7PQ2LwUKY7bX3VW+z47wgDDeIaUKNu8I5QsbkhNDIosZn4/BuVMOGbINgqF9olIVm5p57qTM9ua7t5jsGPhPVt6OvcIt6Nuvd7tBeU9bqf2i+ygmPwQWg6b+/l8A9f6MjfmUHJlDoBeF6o3newYLSzE+pCUP+CE7i7cxSW3NDnFE26mdPKSQJaHxeMxd2jWBcPRtwuNDHWkDJXPBLh1OjUzkeFNWmWB97zV4J8kNGNETjKy4LotqGB7RK6GLoCketd+8EeCfpWB6Ias4ozRCLmpVvU/y+XHKTtfffFk1WYu2s8i5rC6pyoG5rWE6VJ1uiiaCbXLF3yUA+NcmpGhaZ/IWgQ3Km5kMDV2AUk1mV/oWX4svxhBHR6xI0nxdMswh+ttvTckMl0LS0qIq5l/scWwhNiHjslTgb9EoveVFesZ4gVwbLQPg70uoB8sNzZch1bwuCgp3WKfl0NuQLVRjtjeo3XTRdIqi/IsE2ROrAHkKEQiK6mDIka1n8vytacydCTtKFe2RvSgT1gUu0P3gmp+rIWgVcEqhhXb/BrExZ7qPWmRPL4tgoER+U5pOVeGizTjIdy2NuqD9aHYmTA0drgWRBah8a0goYJpZ5lOVJtuzNk3iJTd/awtNUMnesYKf4AYDSZHMPKgFoNA1bPhFVtO8uz4o+ZLdi4MJ53ASEuwlK3AR3+zkEAmKACHohNX6VRM/Cf29D3HrbsHCTqh+DE6Q9WIWTNRRJstmtAF44nlDCkLPjyvl7qTYl325LqdPh/4QjE6gbodn35V5QBeCGjedPNJJZlmQgXBra7eHA65/7Vy1Xya/67QXwsZBtsaMfSBcGvFj7jz2n+xTgVrFrrrCXh/OdB6Lgbxj7jPWt7FZig9kidbL26hkljB7KMyddQTEJukGbD7mcstUynuFtLTgdK0L/kp1RR2i09n+slnDLH8ByWk4aHsdxKLdUqeqHbJ27vVzMyEgNN1CAQFmvke1eir7EHfi07kEf1EnbO0hLWXZLwV/Eu080RXvb/o+3mU/jXsQtONsuGzT2FPCadl7eMuIuSSAn3bctVy0t14fVHVdb0OO/xkrnx0hj2DSQI9z1IqJ3HOvyK7oH1pxhyNiazfZru/HyQQcX5zKNxFzlzEuaLaAG6yBIJKxmgkiQbjSjRPCES7J9ShXm4/2WfGRJJoM/T1zdnDgvi74zK3yKhWYh7TIAOjDppecaVDLXeGEW9w0kb/pl2Xws0RMyHZ6Lnk4RZgs/VV3M3cipGn7yEQMlsfwoVaQvfOyxS8amG+QWGP3HP/+cNOuCDOMtAJtSv4rgvqZrL++Cv9keJ1jXSswD7Yrrk9f3ktueEt6PJsu6ZPawHZ+6DOL7QMGB0VVrIk6uK69mp1tgAcrpfeZlSZsto2+IWx2nFQQ5+V7oA7XnvTuEpKCOaFl86vz0DQD6Nrd0mHDEMORAk22s5Em4URgfwLe7hDrZvg3oEwffIx+QD8791+1s8oD7HeWTd2MEVg+nf3F/0MxkeNGcjRpiD6MfW18sFn2oBo9IF6ZNzXEis1ntq0PD4Ln93lOoEGQhRZShCk4UcQYtW7BOTIorRDwKTz4AdS8e7MiSYwtt4A1IUFky4CDO18qUKO7si58iKsG7LDfRHQYSg5DxvkXzeoCrA5GQzT+vN2Ib5+ZMBEpBw907ELouuNm5qIP3j28SfN9CEIg6dvl6CL5Lyti1+3WuxizqrNUEWtLmPsifzsvV3CerLWZFiZmvGeuznQ6FS2j1ybgta2ZqL9BGJa83trdZFSl5PNSe1xrkESYmAckQvKEu2M5mLtpGnbr0AzF317XIT7EqyfGXPGGbjvqxcChqfIEQ7aIQeVWuz0K1JsKELN2TA7bM53DQOurHTEBwIoWN1p4vyQh6bakkSgNntkaTNiDfrDg7hAwOKYWtRKhcxQZTvyglSR3ScwjcTuU7NdwUtTn/MVsFQTB8YWlrbhnTSOoOSee5dTF7Dt8ZhkKn5+9seEb7pKLwZsnkXp/vj3GyfuxdDnrswyux4vHt/fkKQ0RC3s+X0ofjISEwMTJ+fmJPg7hBsBOKMET+uz/eJx9lMIryuA+M7VFdU5+MX9TbvXsVRRi8yp1adeUNrOw2RIyn1Im397W7vtWnQ+ZI/Fer8r/4EVKt3i0w3/47A0/kj+iMBTWHma6YSwrych6ndi1iPltKuMHgWCqty7Axe0Adzvu5vooOLU9EkJ8NuUzk/tT6lVQ77uWZT2Ibba96fmpekB1bN4b0auZ5dMfqgAAlh8rz9qxmD8dnpEJrxlVle/T+ne5nirOr2ksW3BWyUafcNiMcFp6gRdgfSUj3tOummoSX6WoG2xG55XD3c2egEuXtF5Pc4nv4LLcKQqSVUA66/MIuy7haXH21fNfBmGhbfLDuZH7oFDqNY+mBlKEPFVpB5JdZOC84cvw17RVD7sprYEydU5ULVCSsIF6evy9ux3VWhaC+zfhw4WVeC8j5lJM3TU+ecy6HgbHXhhqYJwVEf00DhPGdVpU7zMOErzObrCx6q/sMmlsaU+8+x3BLgMrahseBS0u3dQYeeb3APaC3and1cqmEa9+FdKTfNR360rGkUhevLOSNiEnSP2JmFpLe9Nrd0E63oQSwmNhekjDUbjwDcQKKxwK90jLi+V6x6Q6jteO/a4U4TnWeQRx+0ZdNYV8QoWRXhpJ0Xcg0J7lOmRWpWXuQTxhwukzH/zoYXnyEi7Q2nQvwdGBroWLkgLCbvD9kmthowcVBrhJxkXPzh80yKUfFQMgaL1zJQS6MsTLfrp6QPwRhTGBCju+jUmiviAW1XWZ5xl76Vik3PUWS4aDcSrt0TCFUvOXfkYmB/KPXI0/Goi+M4w/ooZ5GnkqDI9qF/5Q7732JSqQx523ndOhjktZ4R2tN+My0M3ACvECs6qh4q8D94C1avI+y6SWj2CWuDpwvrp4FZO8p6EzNh/vj3tZIHYtg1O6qAFHpsAgeNc5Mt1XFZT/x25gUbPEZPBbuYdCsGoC/rjd/aR9cXKdLaWsHodB1qsyiFeXc4DykHHvQW0jbEOUaAkVvfakYO5flNxrN4mkDGlqPWaMfCQNE+VxI1e5C41EihZXyEqEkNN9qCjEXvHtDMrBZerGJ0J99PTPV6/duwziw0kbkq5nwdJsUU7DFcAqKAK9Wk1Zk9+L0rHm1lP19/FuTWR4jIB3JUItQOghcajkv/Bqi28GbLNv/LsQHOPhsfupxYyJlwexpl4F/mS9AROLndOEFwfjt/3fLMo7hfi4oqZexZCJdDgug9VjxPZB9TvsUe0CpoxpjgJ+oIyovtr70qenmiFPQCuKAdoiYs4goFJp8HkUyB1JJp8Rcnj1G2WZwVf8x4AzMv+O55nxzEvwy+lNDTsk1uG3lieAueM4s7cdYe6YfHBft6wyykwvMd7POur+8FYa7GDsV/DFRl6rCL5F1WP0Mmcffdh+HUtHJF/F46ArIRfbFcW0BABwP53w/oWMp8uDxb9oiD1zJ0pDTUkM4vI+7vm860tvDGV1G9lkeP6WchPB7Po/AdzNz0OzGzI7acNiYesk2kqvyDR6ZLmNq7cZQPpmk30KB5YHJj16YiZZjoo8Ai4DEcfxVfP291Gsl5fNVLABrB9PYuZ8PtNyw2tIYm3U7XmXFSbvLPcP4xNtZmzpBEIZm2ucRF0uWQfDf+LM6ZDwIJXu/6gpuyAji2sL3QiQXHMNGofu9kEMFNgomU170jK9Oj+ktFLJ38Qplnm6vIVwYIv9p6IbGaoBmSYbHc6BjxBcIIZGveKv84inSovUUpHBChn0T8fHlv/r+ejwVb54H4t6QpWBpxk622fFOu37JAu67kOR2UdP8v+m4z0qX0OQxrldFIAPy4D2p0OSQo4mtKhGdeNbLOzRvsgS2J2pO7jFkxh4n8Rff0IhVaG+BDH2b5Syru6ZOIwdFxHDW6uW1eEvhUIFhVzMfs5Rrb5nRscfj6m6N58HhudgMslzyZUS2viQcnHqhDv1kescD30ZcaMu7JrOLXes4/1tzH1YJTf3TguSGSxsxa/Q6hWUnqHqEvW37Bn5QifTfTN81OUUPjXcBcK7a7AvK1kP4/Hu2AlCv/Wio4TqVGUuwDTefBpUBdsOcXU//Me7+qOuagBrc3Kyl8zaThYyBNVTc+7Aq5zUyuCthQKvVqOtbEUVwJx0K30OHtlKU87F/f5xwipn6zliP1lSdh/fh5iwftIzqSXw9vsm0wCFeD+0+vVFlnEistY5lQ9sxZANmhTtnbr5KcpFj+9hFXtdyEUWN980l1Y8ks8dRNYYDvxRZ6Po3Db+i/IFl6QG8kUeeq3pG0KuY00a+UoDp6u2eJnHGbGfHtZJKzA3mDarT5cNh9YgzbWUhBtEjlhH8CRDD2YyAcaUGaQGpx4PHbBCn6AlBtEw7UFkrZZdkP/X01WkvrIiJ/6I/cJlcPW3Mm62aN7bOa7iA41YNSqs8oS5j6Vstsy7JLdlXcd9TydYghm9F7DGItjJ951QugLEwvqNHcYAO7JvrThLnN6+BWNAbXlPmMZ8Fts0lgC/2SdHMzu5lXQNo17iUuqRb0bOjgOaBj1gSkgfMEGI2TNlbHp+m8YsCOgFagKIYk0nR2k6D/ImltIG5H5z28VZSVAgCRIqUPN3Wwk1L0C8FM8AbXAJDFdQ89QBgfeFYXWxyNVcv3cn1xYmAxlw3pJ4ZZ2IrnDNV+bwZV2AER+5R9YaG3h+rv2cTpL0PsG3THcHQvMt1x7uv9iJndVkZBGjzzy9JStWM676kIHQvNl3t8Y8igKO8VIUrMy92isRpeB+wLGCw7ShCiPzmPO0YRl/rcJulRx6C7iiAXIUn7teYYGERUJJEX3u+AttpEwrrdGzEfvzF2OK+9aFqrHK6iBOXh11E/4zfRElOyZFhIYAH3SZFh9o4sLtel4cBeQBbh/ARUJkmy2+leAowMc+OkFXXu0WRoWF2vRLTK5DifeSy4/w0TZA+vGVWCXLfAUgybfCjuP7wYbSWGerZSRdF90E0rLv7MayJt9Tuv6enUNKW4ub0DPcEDLv1DPCu9Y61BNNrSaz0Z4+ezK9sIXxlXRpRN2P+uKwFaPLIPz58ujV0Tol6u5VpOxuoU0ZZlVpo/YaN6igcCqLtFf6JOnjkliLAmI7DlfDVviu8uFpu82s05lTgrBmRf7Qmv79CjCmUPy807EKhlGwPDhLrq2JgotlhGhX0+pic+U2I+6eXI+NPMrkRjOmrV74Y8r+2D4GLxauRK7b/h0FpOAq0liH6jXad34Xlse+5iHM8U7V/p9QNjHGn+jX7MPREj+6oJuF+BUFXbcbzpp55YC9I/EzB8d69NB+vzdTTIfHmE9Huva6VKVhEvvj/6wjebkkRgMJBsCrm/OX0VvuTrLMBrVAR1m3UrKpxL6v3lIE7zWIgpgWGlhKoCY1PcppDP0t7hqZq/pO8t10Orh50rE8X9drrm17HgbupBw6o7Ue81kvQBpgg4/3+3TlZWUchtfuGHWyefzaqfn9HAEvP1vnpjv+MA/vDLAdmhfNo030jE+Mf7SnfUcMqyazIuSeMs79tprLEfZqjdLrU76g+Ko96GsoSFwKQ2e0l1fE0+8N5vqWr5tXT+d0S9H6c2jgfi5Fj79Et0duMNLtfGtBK0zTYqKsXfKNRg4qtVA0WQ4Nt83bP0muh8a3ZmvBpMShVtq8Acfk+cVWRpO4FSK1XhDajEoqH+yiFRxEe2VNdOLbeGhBG4NJsAuh7UhCT8njOI6R7ZMhyuSsD5fyiKmspPkNOJ/JgorJPsNVv4Ma8aaCoPQWUXXBQ3/qF4h+DghsiTKbyb3sewiqRQFz+NtjUCIVVdvt0lK9NN5ZND7FtpLStC9ySuT8eDj/deD/zt/7lPOFW15k1XiHsGyafS4CTC7r+h/s5xQTMnWPoSpIFCuOzv095l7irQTHOKiI0LbV1Xga/Ng20pYBCsQqJ5KbjojD0qCQBz/aS5SPUGwUM6qbA2TOqhpUSf4Uud2fR4ICu/03AAdAx4SAUEHbeFFpgLtpux6d119odJgLhd7eSF3sDqCQa9w7xo8d2BWODnNVvEwZB9jqCyAQZCS3uLl6E92E71yfx6D3cjYh6j7qWQqWTVnByGSYhQSpPET3tpBGZEDdU+Ywihz+AMKZefp/7T3nj3JYSfTFPH1JLFawz2lK8/4Mup8BuFZ1kUt0IXG5xwCMcJHG6bxtceGgw4j0MFhLaFKu+liGdMAzzZbCoG4bYnss4GVBx365aZTl+eSBtyCovqZGHan3kL1rUmXK9D+UipITbm+E0lNEx4jW7JRdi6R2bQt55PbjXMyGELzSYPbawkzTo8vKWQX8mnruwgAUINtKnyueLwnB9tmu7n96OFrxnm0f7yHUV2YTGk9RUWBj8nWoF/haycQWlSsG+SWm9O51b0rBmQHiZT5ysvXs6MyREtE02b/MK2Tu4ib/+P63f07vE4t4FGA6ueog5lmDLV3cgLtVCHconBnKlywnV+h/JIkBQb3KORUWPGxLoHnCyGjhN9HPC96U75ZzlxjY8ToaMZ7izYzx/zItZnjNz8A1VxYLFmWi2fzk4TpbQqaVX2FKv7I4wwP2PJRpEmF0LaIBUjDtw8e98Ao6BvlbeizmbDJ5TUOPzQK6VSadbL4EizkZmP0ucpPNlLtMwLLFo4Q2I5OnTVWpmvIH6GLNsPiKq+15l60YDl0JCFdfGfjpCAnr1/h21myahwryzrcgprJ1G4Gyb/P7PG+s2uxhTGCxM5ZbL6nFE9+P9K9gQm7IiUd5X9woqJjMQTWq7/IbEm90NOVlvKy0ncRcBz9gCbtoDiTOgchiDD/bpR3XpK7iScHHeVyiOwePNK9bG9lGGsRCE3o99nZrZcmSDZQePMXYdvOvhNgjBVLzCHaV432XSzg5GWJieGy5kgkWkOSfCCXpkPHFjo3uylXLHF5U7/1nFcBJynUcNkZvbhoZWIV7qY34C1mm9otTfDdIg+lK93mipi6bNF+veNwTK7SrXkkyBmFyA17DMyx9wJy9E8ub3gH/nMnTo2dUB8L3kWxpvh4P0IlPaUF9Q/t8jmg3fRR8PXiCB3ft97/QtXyjNEILJ9+T7ktKqy1kUGoyc+FuOLbxUXonKXtmyPYMjJKPMNvk9sbdEKSoAtGneUjjwmG+y2eO5JRheztZ1NPG8+yNTy2Jcb5bBjqFDn6nHbTayD+YiTbvPqe+HDZmCIUXg1uxYslHhYFzzpIGDft1r8m7MDh+ZeQy//6TSq1dPEu3MH6j5GH5zmTY6Tak0R0MiB/k9AVkFIebYNFF22KF1bzFNQ6KVbLVxeZmhv3PWc6qRJ2ZUh263nP2+PG7PPgSdWv+DNbPh0vZA2uvbIR6Jkj4AmbZlXhhLNP19IwKVUoaLF7ecJDvLRTETeJJ42apkT9XllLDRwlaC+XOskWknjaVQo94TelSPplg0jlScjL6eMZMsqpRpuwFY30E8f/BDXUW6W54cUZKF9kDjtBHLKHZ852dcrBBy1Ho3V21/Tfh+noMwroCHy3Sjw06/VAGzbRCXFjjsALtnlgtDlqLOaPp826n2eYmfXH2me+tfHSwwHEvc85whwoz1bv3rMB+IfVEEgQP6fHqbL3AG/IRkcVvvLSihPaHh6gb1ylZ7TJZ7ZSXzh3FQOHLRsp/EBuwFPhRFLQRqMe0HcDWQ2wI+RHj7pH9sk9lUCsHdR3c/K0KN3vQh/8U4/c41FeKYoL2aG2n929qC0tCIrl9KfIQ9RNlNwUGUYuP9VsNLIJu7XLG+4K+pR6SkC0RZ8ZmHo7iaIkAnluh7DWz+69YlLUfEy2CcKbDG3R5oJcPy2lB8+c4NGi9vl8XhqZ21SpuMC3uZRggEM74W5Wk0GigHCpvagRTruAkf45CQx9MGuK5FTaki0EGOxZ63t6jM+ffwWc/tmUyPPG424C66ItO+SKjXB+1rtPrRvx/U4Wn8vtPSfyxRxGKfFxE7AtN6tZGDeLzXLh7tRbh8Ctz2dElX8KAvLrZi6SuLKkI0pHY0NyCvP7ZEwdyGYY77vJZQ2fOaYf92gvC0O8HVYv+PtyXOQqnqMahK13W2cigaydF+/0W487BUtFcgwuDHEZNRBY11FgqAeVq5XzteIQG3chWJBw7uST68tSTn/dDY9W3RZAt2UWwrr+aNaI//JigemUztVdHVvxQvuJ0k4FXJQ/JC/YhZLGyGki0umeuegE3dix/zhR06K0V0uvxjsKCaHlrpJ+LW+GM8k4uiEkx+t/MnTCYXgCBhI1ArhfiXU9snbZwPgIMJn3pRP0xYYEkXJkEABThZG7yC8NiwztM57c1iDTNnutyXVy+Z6fOuyBC9GQQ0KsK0L8T0OCN15JlTFiMzViNMosL73s7y1C+1wYI4rZefwhJXUTo3y9aMqVVBudMWWSeau752V/iVEwCCdj7J9qsh9cJD5VWmILcs7DyTksCz3LtUqpij4Pmxa22q4Xt5mugBTtw+V155oVHuQxk1niZNQxjdxWDd+85l9WmSNW9KxDC516qyqFkp4m8O53RnMKaTpxNRzxtFx3+cwfJfsEdabpabtyweuVOeuaY5RMU4xfsyWCB5dyx4vS1QRxPp5SQgH9YzFLLrju7ecP/8d8OsJhQgYuIFsc/Om8GhamkmenwSnYbF9z3BlAhNUYklv1l98TgslZPmKonf9d0J7/3OGTPYGmA7bY/Y5W3Okv84UHqyOHLDXgM+pJc10npIVKzj7BVYPCVHKXnECd5/0z6Q9d5KS3ZQpTcjhE9p71Q/WJ1QNomMsONLb9dDdeE70v9IC/3/68zNUQrSF+jwKgmtuWoTpJNF0YPlcPv8ZONTGfoW20i3nAMtx9D1HBWvoxTutaAsf1PApJlKKFnI8QGsQp+LJ5mzd9E2B8Qwrrigcl1rzm3XxHED5BNxoAONxO8M9TnTt7P2gEwexDrq65D2wzCyXFfuN/Njj+2EMh67tuDPidFbCB1DbA0bg77eThinOQrfuMNYoJkLGDjk/WJeWzImvXN5/AOoHpsXUp5rLJstcyX8WSBmxPc6GYfG3m5EBYnOQDfte6OPrPyTtjymrSagYc+Bu87uC1cGh5ub14JR/IZCVKCjZHMSYHg3jFN0P+0fPHtuHoMjvOvcAnmPabVWgTm9GHaYOASQkmPNs8CXyq8VVD06J6ZIUqDSlgXDnPWuKAcv4zHf8XjjZCfiGfJ0K6MMlQGw0ayO78aiEnFWiVI7bNIdvM3PjxznjVAMJqMshSSkThgKi3vXoYeYEia2h1WFVeoElb4eu5yZH97S1amERux+DJCIk+vXOrETB1XRrC7Kvn+MUqLKqLu3n9ermXJqH3nTdB3EcC1Hs4cXHj5bGJ/bX9Ia50ZMJQsQ9xZlBmZdPzh90V9C5FXRYpV/ynI4WFGX82tYlx9xp6e2LH2gJtCRvbaNzoM0xPpmI9vaxyJmSIlnG7Xqq/MohDYsEaXRseRv37YTIF9gsFG7/snG6V7l2wGKNPmKX4IAa+icmvaSTjHiqczB1LCF7G8+VZJ9CqtJ9bbT8NnLN72o0CqtgQupdyXCg0VNDX4KtL/3MibrUmEaK1YpmUhS9K3uNn2AjXVFktkWgc0a8syBLVcJQeTT2TTwovbq8jttTK8ypDZQQGlVITzrXpFviQDZ4ZyX5ui6Mi1GBTkh3mGwSNUkiM8YClfuJ6mF6twUdyufV6BtGsQRACOLOn+bz52C9YBnuhFR/xSJyrXhEL8AVYYJJpIlid26SBXyL6WXstP2SOCSuTao1SBrFgP1w178EiSpUOxgXhdeJgG+MEwkUuWQpwVIHUuXNkUcU+Vv06MJqLIlC0FQGLsW3Jw+vd44vnre3lfTGcW2cZjan2gwfKRixDtMeI6HWFZo58xlrKl7KKXf5EhJKPPxTojz2I9E0tsPm9MiT5F9ESmgMq5kmy270rXjRk6b9KOQohSJEYdt1gyFXWOyV/kKlgcukSU1dyib4M5xNI0pbti3+Nk20J3RICyBUnAI48aLgGsZ4TkylIHgm9SJyMSN5ysLLpw7QuXXm7Wr1KWnY2KWeKZ40h0sMfGGXMS4oZgBFaIE5QTtUaPMPsXFSh1aHGkuk9LD+R+E32BwzteDiN6d1Pm5ac1Ol88WOf/BHvZcPSZbVxLN0wB9nT2nHssAOLlQkZjFzKJT5entKUTY8mMiV6IF+MKyPnLkMrWRIC0Enfi8Vb/mN6Ki+wRghwOLCmBdiMyeFcpjvkHY98I5bWINibXIXO0FfAD4nWgj6u51mzN9tSdFXDgWAxX46bCKOkhsms3gn7SPxF+xCNhE1cADY0nTnJBGph5tkuIH0WZeweTveIlZr+VQIKZULjC8A+lT9/uEcTWV4ZD1EC7Os3RAZeLHfbAOoSfZ1usvwLfTWlQiyXLT486gsw5sG3tl7l/zL5nwxhFDZNhDNdNkqhffwS9Q42ZzNV6Sn35JrVsbyCXt73OlEkJyxcA1mPwQP8KBF0DD5iSvXnFZkkb0pukvzDPySyQbxysAdmnYC+TMRX2meOnXNOeB9CxbbIpRjaCI3+DmPRYEJgL3INjnc28lzQyCoQGr0iunXNlICtd13vSkHsFlHKFp72SaUqTfX9ODu5JckU4zca1aQw3vuuunJq+Jufgzjg2TCwWigJPiUjf/gvxgzXeft/UUe98CPaSG5V2Uj2ibWXV3nQBseZZbm5BAc2PE/ZRNjuuoYwoIHpNp5yqsJ8ULYsT3ZCv5v0zHpMxjpMXPb65QipcS28WBsKuOp3F2iYs/XDxH5yCOQ2uNJC5fVNJjxATyfoJSXFxXBeTyPddko/L9I0ctKl7EQUFS0OS9+HgrdeMgjJTrGxNEtDijlvViQqqPDpUYZPYdbBkFH+vrPRtGykK20hskdA3Tgh8+S/xtomz3n9ktGwG3TJ5ErDEq2CU8LL7fQgc1dv8LKFqtMV+xume96miRhhDhU4rlgmZlqZ7YmeVOjGaptTBk8KVhJiIcRrFqmYCdFitXJmhzTfrMB08C6V+fCyH4x811yUQw4EL2P6xpt8/qchbYrVXI4w7BNRSKK7lH4e54eN88t1TnVHH3vmeDUW/04nS6PiKnZrJpsY2daCXMFDsDymITrQ5y2YwTal5I+RefQ4lq1s9iFZBv3bdNtanJkB0SUvLGWmRglRdWDsyofP0hEONMVTN2TV7GrZUG1jXADeY6jD6X/LUhGMNl3IKFEcPdhA1rogCmO2TdbPcWd7UBfk+9Cs3SGdg3E5/Dw90TAsX5xe0AyaB73CH03qbDR4SlsvbhxQ/bKdJRCRUJoFqyVjpxImVeLEMM7kNw45NL9wutjBcFfvjz8eqokE3TU3qTYtQ6UK0mTRcElvO821mWg0IjUyRpe/gpzNSYRro6Corerq5zU5aJoLAjD/Zh/stD4sqhtINnawcSSnQZbGhcFTjJNGw0lYTJVkwJpZrmm6+wHaK8s/E3Gt/kfBsfRbQixAn+kjVYKl3Koe+g9m0JLvEuEIXkwQXjHE4Ay/jHgOoVc7yKLfUnszpKG5TuBYEzlDVRSVpipuoVYjq8nmSkrSCWyqySZanFcRn8KxsElv6B32MOnZUxls2WTNxgfOaqfuvHqjW8SXyQqcuuLKzurxnvkr5qltP8wTx8bs0h4H6e0a4P/lsLGXnIkw0PLsDvovb0+fgTSBuCkGkLQ74I9of8C9siGGXgKuQlLgx2/bL8hr0+XOl3fuZhUC3h9DiSazcm+aljBi/CDLzAlFecZQDv6qe4V01wITcf9kksgue/x6ei6HUMWDxNAmBGQKJSEp0lzlOvd8FcNtJO6HvmuikPHbUcuKeFRfgVkUXMpZOFB2d0ZDTt8MvVNGUOIitzLGxSrrA08AUB4a/79cCIvcwf///SmCDnhrytWub4GPkwhlLRHaue9bTmYWjEVcBsAKSZ8Si/gSqxjy3z01eNzUlnWHCiTj4qB/OOk7vGs5nmi1YA3pJqxHYvhKoEsT6KX6oaeVRaTcuUsQJrI/YaCk2XezUXAORM03N7f8WSgSRpuQO6fyeIilXPEhhByYkYSn3l+o/bO4gCZXtbXBrbktU7gY9ioP9ScXjBvIBgaVJkPb5Eo61FYyuSdKFj7YTX0RqB2Ai1Z+DBoIJA6yy11aA1z36nsGPO3d845E+/gJp6ShlDpjb6zYRgAhA6rVJnrZ8m6S0W38BeTFPEV3axFijLsaxpHi3IU4HhY5qB/7XcHaseEQHn8IZiGX7UEFY6529qhgffkjBEpG9wqTI+90V2eOxVipfgAFPcGzSfnetosGUGFoDjEAEeLMjFvIST8YlZtJCfX1oZPUzb1Neza2LZ49Pr6A0zYQUfwcZl8KzPLzEfgwXA18z7CgOXjpW/6EJy9bs0LaZmX9PZDWZQHeg6pvNCpmYdXZi+k+kELRuWa5kCnx3luVxSg99+lQEwJmjWgZJS81LiWO/hrW1MgXy0LYzIBkFAcd6EszpufJ1qxJvPUuT85GjuAeV/Yi9nugNNzsN0wWvbodEKcvWuIJgpDlgsgZfzE9ry5paJ8eTy7BdtrMfNyKlBNTbDgU+IosunzKrDIkYgbcOw5dyBokUjYxZlNiMfgf8238DV+WMvZVXDAKJOD4ovTgIaL0WhX+to7yk6Eeq4aZbf56J7IbmJRDRzV5TaNzCKONdlqE45IDpcAM6nw8wUSa1ZIkKupO1nD20tyXMtdWla9Jlw/ypnbrYFMFrm30oSMSqjJihPKUI0X8c7MLnLwd6Q98qNS3SRWQw3d92M34N74Qz/MTqCeLIV12H9e8TUZ6is+CcbdyItHMpqIK7bU0aBoYd+DP24LpdaN9tSDQauAlfjjl/nSOugknlkss386nYimIY6murro2Yg4ubpOIn1vwiImWKUB5bFUIvr0s3HbJwi3/g+nsR95/zL0QG+PSVGCssAQif9P463sglJORPWhEelcOu8ioXuooI/jNb/fIRb8cD28lh9KBf+FybQz/5xuUHcaL7AHf5cA3NMM8VE2UbccN74+pthUrnsemTKUXrjwPa7TzUnOaYhRH5stISgP2P1Pk3j6NzFSvROjvMkX/xt+tunEwoyrauBgrTminSyURQHRe3Dx+0DpjzqoUDP8UFZM2581DPxtLXupkQWdPk46x4tV1xgU9zlxxAmX47WGTsPjWE+5c+HMiWSM2EqREQrdnYgOMNVzlC7dRkV7jafWAB3l9B0hvdZzHRf2/dvRvfD5SUVUuex9CrOZty6TaYJnIPZSWpJdz7MrKRjdGP86ZVzmDMZw4R7lDPGHCFihqsfKCOz4om3kxLEOXiypmYyR9mcFVkkJvFdWRFk30hwf6mZP0T+PPjsydaj9IOzH/9qas7uCV8vWilAs8BE3+ja8sgV7RIun9m0zy6y5QtifJsUVniGBsezuKeqHuXgF0pmBOjatTy2375ppZmpMi/VcuRiE0Xrds+lmqu8tNjIf93FWqD0kAPSPmqvgbND7ZQFaKGLoKa9jZvkwqAUbzUbrxhqGeye+YlG2iGZS8e+qPIcAF29ZXttkZRruReI1b4kCAkg1l6HSHVWgwUNZK4Fq0JXWvSXd4klujintfs3QW3Weycq2GYLQ2suOXkMtOEF2u6ZjknVCj3wJcZkh4f1BpibG4AKP9E/s8U313dddCT4mQaQt9+oH48eyg9H1PXBnXb20UsWf9Vh/efJONUwOa0uMhGJhSS/KKT2Rbjem/qMIYXSLEKcgqgtygSUnTUFNs4v7g43iSA/szMggJuohGsfPUNrNYRzTye7YUflxAXvpKehSL8/xWQ8tAZ34iklC+9Ml/JKonoGMh/f8uq+5g+HgM3QNwmCMpz3avmAnhfdpYv+u2Iw835POy46BaRHBgKvPkYSOcRG2dOTYzS9kZg87CNyidOqvJmy8Wyu1a8FAz8tx67ihspEZbk547w0jg6UmJ48xOATLvf9zJzsWKsh52F0hhMbR1Yo2h/hODbOY9yLc7+aCuuian/n9IMuDkzoMoH+m0ERqB8pbvw9m1Rao5z3KEDaOc7ed4i/PGkHkDzZaqGtz0RlzZx+07OYIjYlaX1SZdPk4EnFTGv18g5rJxW33NqOI880XBGukuCd1FFrrGEvKKU9fsiHgfdz4PSmjIMIbJoLl6A1SKhuUuoZKIVQdvhtm4OJAIVktqmtiVV/UuKyy1ZjQVrLL0V0MUV96CbOAk8WhNRPaspc4dEPcvZSACmd4uYSPUA9Jw83TfXgVx6wEng1WxLIUmvKwl1nkwPRmgEwvEPV03a4W96XztG4DeMGaeX/cTklm5+iHccXbIyrTmgL8sYfxy1bsQkwS4GSsKVqWsno8gX7+YeFBjkYLeqYgzi9TYDgubtWXgjyfFrWxS6OlizB2gmqnwxFMfM6ki2fz8vS7hYeq3aqlbMo2Z1fr8bEdOIDVZb6QmSEE2k7yJFby+pm6nA5EU4BjPLVt93fHxiK69bi2gyK7NWt8IS7TEUPSQYBtVE4zlCMlzkNejD8Qt2ivCl2sPr6db7bdnwMplUip6gRIqByCkRuMVztKdDxdmv/MW4LOfi4Xyfqku5ffvhMNGd8EWNBVKJXpujb7tX5BvgOkN+0AaM7TgnUI89WVL1feH5YtKSanoAzUGE0x4aVraPr6Kd97vjeXjEjthZLwBtYUTZTJLHcAx2VfTqhI1YVSfMhV6ecZWZRtHFeiDJaoj3/RjxB1bxxfWtt/IQg1n6jV2z2Y6jxqLgCH2hZ6RAhSq84C1fvkLz7OdLOPlfUMD3DEvw3wOCwd8cBXYAdIv33gh0bwy1qVOgqeQBh7KjcZ8jglWpkufr9M1JWG9AHPk65MGzYpb5dvoMpViZhjuEPBVmupyURurRDzNWn/4qewfrimL5hmkzd7Lz5QWeUQeRFIbagWQkvGOxWd6Wn1Te55h4w8QQxiloL/jV51n9xPaNlP3hpDoDyLtvWPoZ0oyn/E22AEYtFpxo5/uGAVacW+mEUdDmcv7/Gzve2sFws6ZubRrUSDsaCqCRTio+stnOGsTZHExXkeViXhwEpSjjBMiz4CgT1zB4GoplWQhnKCbIcpMWMWkcA2UhdWbw1stpiIA2SJZbCrM/Uf7FXI8H909hQuCG7Sjk/YPFwAkBJmHJFC4IIYnm5cW+laXoiqKbstvPSzn/7+XgGKNKUTskThXUsw9P5fcskuqP4LtJ66YHWev6pPMvXBH6wRSBMlwL16yvRSbEbVnXrzA6wBrxI2ao02XKw8IpwQo0b1QXzPBmS9omErYiOAG4kx07dbcy2SpKiWyvydlUVlsYTXZwpQUFUxE9tJtCyJE1F6WX/mdnXKP25p5EV/3bLyFarAE+pKhUXAokWQyuOG5r0EVF474ON77EXlHXew0uNeE8rf8CUneOFj8WQFhcyD2PJp6luOtd1yUcz7K4BxV+vJCu2BWaawM92pSx1jGzlcbsjl22EgP+648cIOr2Rk4DoL2dxsL0/4Bvi0zlAbDcGVfSVyQYst+qB7n19N7mnuEPMwrXOujSjskkEB0RVR57vhKw1jP31VxL3Xjk06k3uK5CjpSjS1uEE1HDdXsHGwQL7spOL8pVKY6fcwTAaIE4YmrrTLtCKC+uZs3xyeVWqAIaknDdkshGvlr3YiKWyvT+Zd4Ok/y/5IjKU7VzPSs0pMVpPXRLW0tLBq6FRy9U8rEn3+Sia+j6w8nV6m90lug0IF/9Pb6uvWIDefj9id7WQbeJ5PN69y3om4EUir1xRGAYoNnDH/jm7dZefo4MQ8zV534l2qHm7ydrAxkgihhNB9fUe/hnkHloE5wEOBPfOPtAL3LHOht4hr+ZEV1iqyCTcRJizRcpzMg+nFT4IRJPGwiJOA26OfXtm1OgQvgxC6c1CF+IrTf6GmYS8MxVPDSQWAL0DkSZIy1gGZL6yTDXhn+mUkZmEEtSlsAWT9p32I30eAxlhbztPp2y2QG7ZmnUpPVm9sgUsW5JhNaOooe8y1vQHFcT7hwycksojiSFuWmAGdgdPu5UkYfoTdsWrlwK0XtzSTwf2/OscC7UCR1yV5i8k/yiKyEQbkncgnxlgE+55wACz2aTT9yMVTln9T/k0IwXKo/HewM5X84a10JBprQ+UE/Rl0/FBDVp/bXL98q3P1A4cg+XLES/imvwJltl+L7Aursq9PQFaOuMrQEueceB9Gb/yRRKAO45tgOPTCwX4AtwRTmu/datvO4gMbndle5e37sIZDr/Yo1DVWk/JukgShIbblnVAeXcVnsejHLPMWH4qRKtJWquActGvFMvGFhV2eKDjvG6f2w/n3oEE5w8EGewP1nGCfJQlVjLqPuiR1Lzk8GhhXfdlTkGfi8iSnajaDbko6o3pthjErMZMiLtbzea4wzLmQRFXfEZX3WLCSzX+jX8dKLdMHPv/13inRKu/Eg6iEumxf8gpAutLJQnAS8h9MMT988OWk17TyGpgOO7H36aRp0/rwWQOd/nNWhXetJdU3DLTb8EvMizTzL02X5HQtCCYOtdalOFNKIIbQ8bxeqPd+96UELCt/1TenRSjG3dXdkU60U2uBNwZfLuSoyeMB1bxbMSPQqImyVKABrcrnS+ip17NLAd6cRFRG2bSzpqeY9lWx7uJc632A27IlDZ5fiAu/36jNKdEiauegEi1DcxczuskYkneVQZ2jn5+rl+tesz7fA9MMXi2dSTFPjcYYDVxCd5i7wHRfyAVplFZsfnURBjV6oFiDU1+RLQdXZ+c3TW4D8jRtB/U/DvmR1ug71wMVcMPFCQxXq/IaNALHVbgDIf6CiUGJQiCw3Fy95tL0ndDddQEc2Z5PqkfRNAi1TTRUlbwyPND8eGtt1SMupizf4gtL0/SueJwgFDfSGKWbQ0OSoluvqhjfELlWlsPviKybUMxWIst9OT/k/tmZQ9QGQ4K694TJ8S1YMREqzVvlOoL8zUpzTcxC9KwWxSf1xXOEIbto654aAb5VPjtz2IcrCMLq7CyruOkvs7myxe/RIAcYs8whaJNqv1MQqq1Ib0JLt5C8/Os7uCtqsZaeFN6+WF6IOY7qXGmNdXF8ZjjD+ALUZ+Rks2VxaYAXfFyv8nKHRm37HYkZEYgYy2DqAHfKXB1BVWxjNMxzNAvQGo0wYpT7/Bu4ugr5c92AKeo4ncYgI/4XmFd8vSdIKr7tT1gLTj5qwb5RwWjHmoFAINih/s8If1jbxtqCWQHOvOUcCC7A6KgYEQsFeq3gJOVZbzKpTZ1spIWaCwd//pKOZOsESTPoklO3MDZgmeZ2U/+Qa28LHvrrvH7YEGSqbiRfVy1Qh8qo1HHL25ykq9o8Hkw79g2CD1JZlXl61Pj5/04CbJ3IizINncWe71jI6XkzeUpVMWU0qCZdqyW8UwJ0+MP/xAz4lM7TKckHQ+ljUlmbCHk0Gk3AFrD/e71V+J2yrE3y5XQXfLflW/vDbaCbh6A9yY37ANKPaYgy3iaKoVyEDRUWJa4ZYc2RHk1DGouc20k+KfTgDQ7BOFYM9ReD32zErcDdInl7W0czaPtSHUIcC00pmkILa1jutNxb5AIkVxtWjnBHwQ/diXkPJlucC5CtRHxu1FnOvKv8pNYI/HzLCGQvu5n5CuaUGI3Ky0yjAoQwmD7wcysnQ7RbxZbYM77lnQGjsPupZUzZkrZOQyP58ABdCklXYPgal3mcDXFJPX+Ei5ro4lu93NPpe66f0m1TBr+4/6F3pkffutJb3wEV2riS2fK3IUhg8ZNUfZuoV/KisMdggL9C1QOHkGnpxIawfXsHn0K58ubJbu9E3WtAvlYatvCtVGVjbprEDbeJZjTmlbjKGwT+bUOPfAaRqdKZIF3v4GKINdxttMG2AeY0wIB5MOa9Us3Nw2AQ/8k6SueI1xlITyCC6+SaHemnxU+/odiXZDu/LkIkK8StHE8ukUO6SvdZRryS06iHwkdvzxKlMXmJu8shmpOGshmKFuwHomHQwqHUWboc0HluAm/7bndNijIk+2Y6TeaxmJL2pbUWn+6/DYRwQyE7uVYBt60PmrIP2FhIOOzEWikc0ZdjQa2WsACXDPJYnls3dOUvWL7qEy81XPOZezj3eYrgZte2uZloJSSFIlZ7FEujeve2tHFP+4YZlRCCS9awAwUSWy74JAokYYwxTfSxkodzlY2d7h5ieW3azPcU/WzTshUU6EPKFF5V0kbBJTKHYFhZJ4v3koy3NhNsnx257zAqIlbhttiluy15xh3n53luukb2BAXoo/RSMcg/rHGeAkMbYOYRvdLfOCvoINla6TQEEaUqlgfD8yNvPsrG1nCf9u5UqnlFGqCxFX6+pnIZLZ0DIkEb/jq0ENbJHiilbDkC/3QTLpIPqJF0yafpD5mOAvy/Yh/kA9hXBlcyZ3P3It2QkSZZP2lKsFEPzkAlslcD5cufAceAK6hJWAnO4kkMDtsuOgFxNBy3/U26pGG5cxNRwUo3+ocCQzhPqJEhh4RTEjQ0sOFUc8n0qiG/1KjckEYjFOaALXyShebIiQI0rWn3y1Sp01lPS8dg16kg6cZpG0u+UEpkUfPEoFBuBUus9opQ3Y7C2yBh1nmvo2lvHVufluA/z6f+j/Z+AOIJ5bix4eBjJc/F9ZeRC3tr10ajRlRzyCq/3dYKewMcx7FUHHGhxg7m+Av9xq0x234pCBSCZznH+0ye/j4lC8yIZgNYUi3inlQISVs819RqnhjWs3vmDT3Br8wpazerL5wX8wvzi/afdZpDguSFfKEe5rdDrzT3Qvqa6eLPd8nHg1hfJRFYpkDAWRoOmYUNSvoc3vp7yz3/4omsd5tEo9KrxGM7juZ93DkXEnz/XYq9g35gCQm8YFQlE71YP04fmAWXcIlFucZ7Q8pxfoo9p22UCCcFYiJ814eujco4CfC6WHJ9QBS7S8ICHepIyAnCAzPXoHd12i3uwDCgAhFvPxjSZJA43KDDkjd7ritqJSnN84FRdDBeRWnysdLxCMUFk8nfTPwgPVaI720Wvd76yhuTUOkSph4X3odm1mQtTowTTw10qR7TBtZ/aplnkwPZ9qUVzambR0Fjp+8mhd1VVsd3Ey5BUuqS7iCvwe5ty58U/nmuwNgYp/xzfKK2wKtrcWqSlRw94hn0p8Mdg6Icz0voT6NSZZudLqQKuFaP8p6ZHRqG0C3TzHz/F1wMT4PRSmU8ZY5L0R+At9bKVIXckF93GITeClRHh6hcmMCX9cO457Gabuq60hgDSExTkKQj3ufGyjgVLrL/6MeApwMASrkbBLd3VWtXWqOBLew0pOW/hGRr9H6SGhJSE3idkzNfbMoSv7JSxyNNAvwwa1iDXIHKYbNW4CrdUMeAI7nZHK1YI4dOtS5wygiSx/75s6HIzTo3XxzAalwGJL0Tq+jTfVGzNrIMhFwzoVMj9L0Z+XRXEYj4nElPFZ+8YnUDJthQFW5sNS9TDF2SWZvu/cy7ZlZSk/RS7RxKl+2NNAJ23fNoVvGxFgA8+LFvtH1lEY6XGwAVqeBJpLZK58CrA8UsWDdS9zAAErRKDg0pk3QlEJpRFWsX7Ms96SN0DZsHGKveI3WNBA8AXCDljBALdT5Hdz9mH4fwKljqNG1aJTUwcBVw4MLsKpKDxDX1XNGTQhUkqhqxAdWXmZhMHpr1nmFHLaEGfb8OMhjiS94qNukssOp9v+Ww3aSsrbpElOUVV4xFLNVMIMbaD3Y1uiyX1wcu5w624IxqCvhBeeQ8d42vKIHEY0T7tVQ690B0jjpUSGC6Uhi5O69ZbDfskQxTU2uUqG99+j1keVSIZsOLpyXor3sSesEV0lgHS4gbzrxYVx/XNrwRLAmk3BZ7FC/7g0yTJgZjWvuXNuzPytKMyjf+An2DbRYUUW+OqMtJ/iLmrHeYFNWdL+/Zb41YzcYGUdOUF+1wJnvhrrKh0OvU1/54XDuNLCvjXiBetGWU4mblNFJnSCILEM+omDvvUsty3Dl0TvDi6BbpRWyrOeJeiVXDodp0SPzzAEeYEu6gshjoLHMcRB9oCxqPvwv1KCE61muUjtUNpnM31J0LwIWFeQJoaUbY5RvMQQy15z+yPMN1eyODGJtmvLzPZbNFvBtKnbzyT2L3VqZ45YW3EWTGtuElVK+mJht+YxEWYMOjsr7cQHblFuzsDzPxzlndu2quLFuySqvWzsdNpogbvpZCXHoU4Vgoa3cxWDfWRT7eLec5NqoIuaOwAo9XX3r9DccYpdZyCsJ+Wq4SF9uoRnnA3/bekD05O4+nNB+LCSAjAnb5UBZXgTiUcqqt1jIWzhktHyHpn+p0Gs35dVSDvD0rDasVjkE12J3lT3JNipfGq5ZRqONSrwn2UM5t1SgjpV9XwpHk3DphfqA0XRivI200DNIiigkhURX61vwGmAbp29TyLFzVaJ2xIerhZRJ36EXaEsG0FiLMj00WDOegeTVm/h25OWmGTr1vdfEmNwNwDBy+kQdonPvzGqOt4+kM5WSTqK+N5g7RS+aBsBCeFlEhAocgkjDAKmIy4WC3Xrrv2KawzcPXm2HPYDEjgYFKnaJsXh82UcNCtfL/hJP4fKec8DdlfLCDexs9HnIGofaudjVNo4uixl9UK8SbUVOffah76ZJzRTj3lxn8gwaysfTZqSnX2ejkq8Hi3q5yE7M6BE9dp+dDjM4YTFX8rEegN7qSFGLBu7KafdW27Xhf0Xp++l/hpN2XLsQDsdwgxOhbs8PKe1GiToGnpHCCerPnEjKPWZ8x4DesMyZS18OVaCkq8YkqMKuu3r0U3zwuLtNf4Q+7xwRYsk2ZQ4SfC5YbFITKOJr4XEL9q8+1BwZ1XrNgh4ivI1NM+WbXKH1jvO6fwpQfIcuWytBmtec3fGlgS7DO3hgqHndRBfh9tbC7lNFlNyxnvbgR+FGIMmcD6c1cgeNml+kyZmdisw/om0HgGLPZduveWqjtSGBM7Ta7boVipLCoWIRxPYF+shFh5ith3Ch5N41N2HC9oU9h3p9sM2npiVTJyOw4AWPfImDlTZ2NBVW1YmM6yiVqQQTmBjWLLml45nFWM6QssCxPsaWXXSKGRx08K3YozF6RtuDNkVn2weaLoabWtiuGW8cKTeSh+f+CU/p+dN/UZ8mCBseXzouyIT9wW7P6G2zQXMkFSdd4MGd6Ahp67xKbn8fCA896yUHHPcnmVsUXSdgDSGB/UHCj7ConqbSx86zMgqE22jt3D78OolfQew4/jdV95CXZSZ7SKKCQIAo+HVtdzCzDB22X7pDRwTHGaLclzbfZmyhf9/Y3lSV/7AJihBeUPFonXUqN/irR2DikeBKcK+Yn1xhn0bZEVwwyqa5HjXii9hZS7kWa1L/0Mi5OY1CKoluO0d3kyBjNamjN6E7zCARkoqgiCYwiTGKBYneRcxbK2goavzToeu7B3PgKi/rSdcsGB1tukc82Q6GtpZiRHOUHJQFioNEccRj6VCapsxEMZnZrudPYk78eflF4V+E7mDEzxuiAW5KG+k/VEajpAdC8aCk8aO3+JGAA/+/kzefdn58R6Ek49lGbLGLpGUVZdKhDuJA+beCwxplEXTtnR93L1gFnOTNnboCL6//ncZikbtZ+A8ffHtZCUV/xLAFl9ffDQoah36BgSmZIbaTF2znmPCCva9YWfh6jVvMVZL5+eqWKwuY40N93b2VupezbjbP6cGzcjwsAw4U5wdSn7CZJdttiQQlp/NQ50zhwBDa9/HQtgfVdpUyvX8QbGuLJWFqgkBA480+5QZ0nbfV3K1q4wKDvhcB651q67VT+Oy24TUXKB7XbJbzdT7l/jAmQkVoL7S4vz+KKZgsMCOu8lDPBi+ZkPbfnLzvfnqXf4SrT70Uk8exwppvLMUeK41/9CsHBtO/mPpDSWL18fhpfzPw7NpsAXMqWm+0iMDT3uNewnjFXwHI3DgYgoBdE8lY/L97YlVcu/A9ednzwQaxTJwvuKcKWHalZPkftOdz2YBaoC/hcAHYxaKF+EgW09Es4eA9WHaiwBJbPgQjPcnlo8v/QW/x7UMDPzp044wcss0R/H7PDX4MvAGgpOUv9w/V8V8Jyz2bZQvAkzJXpq6Gy3cBkMp6pfmyRbx9Ghv/mjNw1RzKjLkfrgmG0DsxyDk0szDKLgo9tg+5gf7eJy7Xgvv6U6wDd53qguJq4Tl+sDFMUC75gQ1HuWyMh3glJGJ3XR/YecSAdfROF08aeNm4mba8YQ6BFFCR3Cgzu81ZIECqgfG9dX11NzzSHAmxC0lAhkMB04d164S08wxDvVxB1fJ+cPXj12Yka0ccIrxkeIS5YAxbmH2hGrm/D52mOE/2owUsHcE7csQojsIQj8ft+TAFtG5Gqfw8CtYMqsQ9bAQEcxA8rw9uXm2Wn7z+qCTMtkRglMvPuwwVwycB5vRQTtZ/j9ufyNOO1GIgeHPoTewPQjoCfpYs9wurzNE4DaB1wixCuzKI3fM5z5mYXsjNEDdtmYCSWJggslOr5M/qjg5mZLQ9BC/ryyVEampRRIueWlyf8zaTKf6DTi1RdsJCayHfIy7Y6CowQ6oLt7UkX+VyQOJ7NfSyhy+fQtM4pI1MYjlXWV9WPFfpxjQ+0YwbGCKqeixMOfHrztgTf2Sj6FsXhGSgOQ5jfpm/6hqCU8KL+XudhA9ja9d1O3eHYxp0VAgXR0ZGEBSkJaa3onPX2JWw0CFJRAZwtW8/27z0UKiQPNKrA3LmO9fn1aZwbSJFRAh/dP/muUxTNr25t+4WGNiwEyugeCZmq1ToKs+9hmoM67PhJuHoEgnttgnVNQJKsLkuucNBI+jp69W768mEGDZYHiv8pekNYe8vHTdKJLovjMx5moRSpbK3iQ89mcY4AgYH6uzLSnyQjJC7/dkG80FK7D8KN+D8a01MFH6ayYM/ckIFMhOaRiZ6Pu3Gno4j5iM8/6vTPIIvQgzQcJgNy58W7yCVNFmhJJ3WnTIE9OVPGvar5NBjnpY3dcbE+PzSF6gtzEknTIWluhHi+RorQRzExPmYkTuCRZRsjpyD+tojI4mMClv8uay9wTbdOa0mGiOemuDjyTpn3cFpqJkKcft/vqVSg4rGtBt7LpnevSEj2gDma/Lt6tS++WogMXHRcdSCrjs7/8gKuvHkMpuGMBINWxPqL/g953+aOHXj0CsiYpTaOusyAIDrbINTKJs0+DBsaBsS5E7vehVY9PbMFHKLuhV6VXg+7EBL+hB+4EU+yYwh389XFx1bgl+7WtbaGp/o3IUUDXORYadz7UOLUqsM0oWjyc1TWYgZ6Fk7IqoOOmsxT9bwXbJFMYjU44cjG2zS7jl1CWvpdUXUKplfzGXnkxjRgcMUs7H7dC04AHGb661Qhn3JLwQSo8G+8NEKBEj1FamIcQ7u19sNyfe025sSbKAldXeD6gbtZ3iV915SYUfRCyv2AeNi2h8O8R1EoiQKVIg3KOontc2vNrcM8gn3863cNo7pQCmW9r/ECa8ZeSM6211YrP3Ulv3Fi5S+ODn7WgMlB3c7A7APVgYjT+64MXFl6wzD7E84YFkcX0Q0Jqc5GqsQftoTxrXRzAqItQrF3VEw0UQ7OI+eE0h8sr/4J5w+6fVJ9cAiKN7AW60LkRB4QE0pSc8sUQvjC8m79HrLGmngffYIyZzetnaE/iiS4RFENUMxOz9JouIYNXzcEFtjn69jfESvB1T/s2JnCBNZ90LFW7aMnvt+CZm6bxNlW1hRRH22WpJCiv4VENuO28PhqyRK6e+kcLnhVkgxoXdjJIsA7qRofIOEFXE1rvZ6/eeIOW5rIeGpZ+PPEM7i9HsxdCfy8l8FkVwGyY+RLymvmblfyIZxgSK4vRprFVdGLmVsNuSzNMeRB82IdqJ87a/woeibbXaJYgxIzLW7RvXeARO+Ll5oml/hH77weKL2xQgScJi5jW93mO38JWbE4dSWIFDvvGlWsLnmkeTAiOdX1ZG21OsckvZlTKCCZloIRpSVLh4NjPzk18bnJiFhUrmiyEzzqyvnY2qiIDDmRn9RMUy3FaFzD4EstlHJmf7CldVmriTgiE5BaxkSMRJLJuGUtcaDhOgEBmClNo3S699hUAtfNkE/et3yhAMBdbEDqbUI4QU9BYJcPqrx+Y2rMcwJDPsVRLLyvwHrEp3K/ArkfmBAA/9coDk95AXrZ7PGT7cBxWe2afA2QWfJ7mLbdoZRrXmmvV2bHehGTJKLkzpvlK6GVFDwIBqSh+qH94rG35ndu95k+uPVI4gCBGxyPr/1HbNM5Awzh3Ybhcw/El83+RxfAMRtRj2lwdktE0ji8jc6lj1BHloXPNlVuXcjWBJ4/mJCrUS6ya6QCvv7TWxm2ti5JRaV4ppUgYeF2jeLZRz1eVgzpX71guuWtIvYv72sTj6N1Kmr0WeWjuzn0JrmabSuirju7x/T2h8LKWatGkJ+++E8hbK2r7dXS/wR37c/c/PqRBo2HEGMRFwSptpzwIydi7HuD7oPlXspH0zRX5xu3crJ7ypuBf1YBXQq7GPiy6C2FUJnJM/6VNYJV2jurxUxTEDf9/esh4zHqwBMkiGVC2LSXC4Kq2Wa1CV0wID5sAxYXLbWJcO4ub2IcWmxcL+L4r5GShoSDPxXsVkiMi4EtxsRM505bNlV006+8WvP/n0Lnw4O7qTZp+CrKs/xnRCvdqW9CCASL1X9lww05mNJZ7asW7XFnAyDUf6iuRwbwnsX7r9c7HF8/Uu2drvR3sjopvpqCSvTFXg+Y+SyMntiRf/cjN5Dp9jhnuNWTeypHwkSoTa0OKYuuWQX3ockv9XJbSNDIwIgZ4kCDNbI3GgpvPhh92f4zoU78QQNi/ONZ0J94Kj0njR1wiIsKt5sneUnlo2pV/5XYxeVhetk1mWAguqz0vrPXGZ/obAv9OrxqcGhWlVQAYhf4jmqiRh/07rZOlRbTBkME8AWB3UTbyeR/a1UBxKBJqObtFH/LNijrCuMaWKpEEB43+lEdjJySV79kMsSaj+Umng02a5l3f8eTiaau0jYgQ8xUZKlL6FBzDH2KJV6tiRgAQ7dotQgWWSaT8va96APWIialB4zeoF3a2uouvrK+sZ0JzIgSgvsqXSAp5g1xm8m3ysycVw47nNzPY9TcXAMBGFnKBV/cAEED/3GkNfa1o3gzDULddc7W6LbMENi5CkeCW3S299kpwgYOcBsN+OsSTFz51qLtCDvf0yhoxpjfGFxfHAFpqAmk+1Jrhe6BnTJ2/KgmfQoVc6IiQvqMx8TaHDmhThicf02FygGj2Y31pQaAR/vN+6/ImTtayVDDD9rIuDNGHxy4Eo6ygajap/1gvF7ir/iq6W9RYJ9PWOXG4Tff2qudT659u7gt2Kg3twfCeyoLkN6m/qs8/mnzsnhD7nYqqOpFkt+Miz9IhsAY93vGD36l2wY5z6pf+cldARXVrYICtbRT407C1deyWxJY9r3xiHovtfF0jlxAfrImULgM4Bv45bPb/6NRU15poD5GPIlG0LRGvx041VFvxfSxNDSIC+PFv/Nfl7PpBjaWXeWlMDGeJysHROm1QfwwJebqvAWgbTwdKlsfFcnrQrAHM2LMmv+fUeSp2snsyRDPdA65mv65DG5VcJR+Glf8oaXhi7XR8Gcpr2Vo8GxLkTq1Nl8pMN815nfLyu29FQ7taEVvevdEeuENUuG/5o7FAado+T5vNOlyGck6tRDWoZKxmBJXpwwy8aIASdvL24gU4SOGeQb74PpLYegeg2vQedYLvp6wMkx4zIF25X6yMlLCDmfmDQzjq1cJPcPSPUQB+XfyWP+Wl3Mr1ujHXo+HjTcXnOifzEpnsTF3HLm8FLsGTc1FGVQqFUWAhlQVnQbOt2s897ocYHubNwCb/oi5Rw1l8P7vLykQvQ7mjUdm0IKWPwvmdvLxRACAPEGKUFzsi1Gq3p2HRU1kArm/m379235eMmFCHoKHHAvmJsidZUYFuehAbTrK+4BEHvYGrtJ7V5+Qsz1L7m7e1+/GMKuRowJVjQQxWMfHqxlmhg9yVbLaWvMdALuBYUDvc6wjSz9SB6xKawtkFIav3owcrojeiB2RN2Jvr96NntfLk0OXDtIAbLIClwaz0ZUeO3BfszGVIGJQBUIR7b5waD7gIbs9K50AgtbRb/iGl0bEO7oYbvV42Fkxu8NlxMELdcisyZhpfAQRhgGJ03FGiI3zu7WpvmuSXyhjTBa2ZEyNwolpa4zUlXgzcS6aT4UgBc+cN/4SLNsMb+pQAuGgOwLn9rrfgLMfoh9rmF7J7G7hTcLws/2TJL/FWWS/aGDIyxoToc9CDcRBHLteZP2XgnQan6hYfyD2PBEqXctp2y1EX1P3qnwkK5k94u/FI4w65XhufBIuNcxn0F+bH+EfmP190mikD/Dmfux7ovX+2TuSNVaKfwXzF5AqvHnhWJvk+xrDzvio3ZEUYtJQXgZn0jjhE00R2lCOFeLvQWDPsMnjNUOdYdFTRDcgMhOjiXaZ5GD7Ek0CO6GFbjXgIQkd3Vb9sULAjlVAN1XagJnBBBnpd8cd9usVE7rSaWFOj1Me92jcVgGQzoAXDCHVzjsVVFL75AqN5qgM1oD49IC7SvK2m84g2BBbnk2sRYsTbw0BJCrvwQuDYu+gIDb/CeSBNqkd5ZXFT0Ztp0ZdaWfZsbMR8pktAbFb7koKxBt0XiGXf/rjc6XGnU2/KG8ZtEqx5hnDoKU2qu69jLnEizIbJqDg6HYzL46qoAArGT/tpNzt61uywH3k4vJhb96dueTE1MLC664nxX3Bdvx2g8Xle1u5+yWhyp13aJkd7Pt9rlc8KYgUw+eL+PgYTR+TE7XlYgznkpNGi+C0smiNgB+pThJvgzP7q/RX89Loctom3dxdHhqItgDQAaO3wgvm9AMpqeHvnzKJDLfGdpnP4/axaiePLjPcg5oHU322cwVa4n6cWu04p/0rqK+bE48Vdedt1juiAN5cSDP8pvg5L0OJyyA6UDBH6LWyAYXW2M3DE7+NtokcJO611DMebgCEduDfYugT62eNFi8u5brAU8qHFfPjrQuhJdyRZgJoNWpVpWe2vFqlTJv87kkrpOO3xpOyeGut6uqbRBNVqXOl2q+7d+VR0d9xyhXnprX3WA5hX222kGJg7hWYfqHtJucVBafirSPiLlD7GDsqnW7m57ORZz4AdG2JlhHIZF8/mrAf/ve3ViPh8tqZ9QmB2rpfOqrVPaGPaOEhrrr3zs3pCTwSnV4G7weL7gVgk3Ai6onaLFk9JvWrTp/nZozDpDUkyJm+Jj64pfOGo7nmWvbpBoeI56344s3sQ43tP4UGANu1fIWOCyI5FBbItx8Q/G9uCChVPtaVlh62CfWeWk89F7wBP+96PK2p1+TlAwBZX+vuSNG1zV4xrZNde3IvkpIpkALB4cXwfnul7fzmJGX0CsTmV3o4TgAsM/4wLtCy5LQsr4pGL0BOiu5zIjhwLauRkUUk+67Co67y/8HdmZDxcTZnw8/S+5y/qElpsBMmYXwiRN7GMeDZXIQN2NJlSQpdMV9kRIyDgpMrW5KbrxlvMM5FL2paZJaL+oBhrJytMXf6RL+3WGJwlqmXttogsyX2JVW1BodsU19Lksf3cSQ81/s0blmlXLu1ekUntMCqcGFoBcCLJfdz6BDQC4bVAJN+Xek++onJJvilaveidCR7IkLsMRKowmgD775Q7F2cWlrJ+dnl44FRanSmdepUUR1q4pW6OVU3HkhPEgI0C2BdIf872V7CrSreE1e2o5HVz4PCNtgqV9r/l2EHYmGaZdepFGEL7oIpQv6LRPJLg4sJr18mRGWdm6XSfR2yBWs4JQvRG3zWw2hFVHHpKQ404rlhIhbkVnR51YSzKo/G7nrIX5Rjc1G+oMC+vcBFAA0Ybni7nXmBhGGKnreiHVsbdnRqpHknsfdKySXnjslYIrJf02K3Wm+VxwoWS01TPPFGHhVtEHN2nvPhsAdhZoPDZKbCq9P+QPCaoSO322NTZGunzdyQEwHxCb99qz5O78MYB4Zk1Bvft+D4BMx0jTN1JQhqA/VXlB8mz2WJSYsXqCX40EjQzN5JTm2xYWaRttkaTOJMfcYO079QTWkx+rxQkKOukrdw0ooHkUOUgIi8H4LGkct5Oz30ZVZBZxEt0PNSqomiQSqx7D0dYF2xJkzz2Fr37+lb3CsBm620tY9CGbfCri65ztmipPDy1XEjsTveyxc6CyT78Q4sqyXQJFMcZuxqXwSIQZsqHNgQz3oy1qToD7UGhPk3k5K3GTZlpYfIzjEOlfn2kz4xdn9pH/CW4moGBHnDSm6YveGF++IxM16LtxoITjB4xqTyTyi7LKuXu6Ubm2d6Ec4rs562+iuLpfJYA9rloQz8qZwtnkl9aO8iUA8TZJejlAC5USzfOuMIaYIGB9FFPPKSlO0xESsDocCSvmOsfqjsblU6QbVyNb8rejqKUhEerNwgvyfY3DYVwSgjwnjm6L/nyauVzrXOjSrKprdUJYxk+bk1BXzdNdZVAMWhCVvyUMWMqdGYuX4XagC7N+d7LB3gLk6n+lgkwfb9P0348S1P/551MMMFuAH7mKuFl+iT3dF6rutfCEjfGZzNAWIC61E17nMyHgtrjIYYYgg2b7zsSbYK34Q2E/+FXD8DrER7BFl2ZxzZeCtkUmmdq34AJHQlUj51bkoNuLsTmlEB7ovFFcv9ftnKWIjnNBU3aHhNN6DXxLQ/n4FH+6JD9u68GVQr+w82LhE0Mb/b2bdlITYS5IrFdpzXFmlidKGcZx5UPZY7zuHsxIlAR6O/+cUdZ/vqpLnab8fxOWw97pLPfUxKzEx2LVjrYkdMco28zxEvH1yxikV1MlFM6CMlruRyGUOJ3HOIzERz3tEE+zheX811u3qZjImpdys4xl4SnLXEolWsM8/TUGsRV96zlRv4tpHQ85mpAgR+K+UACd+P7NCQJjQDITLZvu6KSK7IDcMGLhi+41rlzv6TrGSVF5mYxj+oJQ+ByX9DAwhxoDJUu5kF+Cd06Xd2Why2rtNnG1PDM8fVpCIkB1fQ3FfZ7T1Y7F/SyphkrE7IBTl7+d+2lDj8jRWZGmP4YtfLtcVF1ft3nuukPT211nSpG9SVz3FFpHis3iseUw2zLSvmNltd0Us1obqoExSJUCEKf9t91FRov07ZWLUMO0BgBiiwzdq/FCE2BUhKzCZN1C/758uyCDBu/Fj9d+Edabj10+rug5zZOpV/zYcOZ42s4sgkGmR8716w2Hk8GatEY608H3RcKQVva4drJDRdav5qVRzZ41DqH+V+aYN6qWXa4kCYUPs/Dg/2aYADp691XEGtS4+EeUMVlXC4Yq3Ke2OzIkohFNZSkksGgC4qW6wTjyqRYgmADjMfZMwd7iHl5jYm/N/EQEweTOA6+jX/AZfdd1Gkdvtjo2UgG+SjNY9tgj7IxMlrEqcKc2S45GUWLlvLX3TgDhLnqS2hK+X7GmPneNLeNJDYv9z97yyDytfWaXy0+p/tyfO8EOa2IZqCeSeCvJCw8TCOQUdrBrIpPDdbNfJRbKYfqbDrLJIfnJVPQZW6UpJnbHaCdtzJOskiTdMxIT1mcDyy3omY3r0x+wAlVRQm4DmML31IvCp1aPf7fn1A9eUbyShNHFC3/q66goF3/2FuA5wgfp/n3wiQP+Y46GAtaDhRZnHiC4IOn1rI+pOJ51soNN03zFaNP+2Y9az2PkS9tEIRcXBPdwSaznMls3zdnJcO579QyMmTnmBEOVLNKCC7cXRsESm0D0YRQdA7iaoU6yBf5f9TwPMGzEnEuVbTW7maJqAhr+8l/zIF+lwkefvZZwNkVGDZ10YLtqJMDAXepEsrD+imr5i45vT0ZWJhcSUXsa/r5MrYzWNXePY9Zqm7EJw0w3udHCkD0FKUH+BnviH313sg8hIIHES/pvSMDpEWIy528wdTjSddueIducjcDMnYn6K2hRRzIukywdt7p/ZHTUcvrk5EBYqexfAHYkKPNaYBtH1u84UUqVb+3T/OTf2ZXiPvuByUnz27Pr2CDi7Y6iVb7r1H7h2FeeEJwtLB9T/aEDtkdV7DwSSc4LJgsweAx/DcgZojxPff6HEq2L18t5UeDAD38RTVSLEZAhIDhzUYFV/lLGiUp4OJ0C/APqnUtNPOt7oTumqSS1QseLQ+71iWP7yeIHOcd+vmfEwFIPSC0KIeDV5rqMofogcPVeiJMs8sQhji3bZzSxq2uy6+9NXSqqHTlsj30WgNLUvpVjgvzFumUOUnosDSgcUprZKwjE6Djc2j6Q1nDxQPXWjb2PfjlzgXUwQmu4Z55ahj+k/VTaKQ3Qd+Op/TK+i1NRFxRl9HrGtr4xhII3STjySKTFbzRKa3WeiIEzx6d50zCO9UX9dViO18kGK2qRuE7UwiHKvVulTAP7AgzMZRi7bqlYwyszfGKZz9B1AIBvYCiiaN7eBcu2IpgSpZ5+urNt3d/x+RtREj+5reP5GmW/Wgrt8u0fsqpMBJ3AGETsCaS23blGCp1g4zOXPeKp/X0kIAlzPrpEJIMUNHlReX0zGqt3JN50k9AKWqIlpgc3xCauaOgOcZrIGJkKf74Jm/ZJ0XMBKFM1pxT6UjAH40ZqIiGgiZFJHgKvleTdJ8BoTyEWiBBrSKs0hao2gelvk8MswWpgYFliCdqg2Z8WeUEdxJDOvdavxjxogB5xZYt1je3MHkwOdg0WddW8Fl4SNy6lOnXnAA7Lc63ipK5lqWIc9hJFs+xjVe8H11eb4j30KDUYcUz/pSe6cB8LXQXYWmI/M8gfzxsQ3IEHpADO9NpF6Uom54VaieN1E/lTj+T3ifYp2grNUI7GruPc0Twz94irXmmbdxK/D5JFsTB5zvj30Od6HzEFgSicCETSVQqhKwug/6veI1pIQd1vCXs69UZ6ZMn8gBHfrj9Sex6lpy9SQrV0eI20Qgb5lTGgUZ3HU6xpd4z5HbCikNrEV0jJO3UywupgVFbb+aocxvHMCOfFbHoMGZoq+4U/zgxB8e44cF3fVp80xiy9yCbs0BintVlWezxbt8h2thBtbBD9wiYW8vFm7mUKjSmzv8idVMT7AxqWshf6e8A2Q/vKTpc8iwAzexClfn6r2twoWh1Ww41a5YxN0UKI8jy8DlzbSMUPGJc/ZoaBRIRpUBzbv92yAaltS8ziZJzp0eruzsJDknBX0EdKzhFNlqf+GxLL7Ti5wdcE9kDR7GYGq80kHdb+MvyLtysYTtlUNiPvW5ciz0G7LgWpilaZFpH4PzZa4Bn76vZq8BNyM03zOhkRI8eVAdUm0TMI1IbbAzHRhQ0A3dEeWVi/zy3wBAtX88edBiPBbFReuW/LZGN8OHvkgfrZEU+OJX/q6T/G0q+KE6DSECJJOBzDo4nVV+xiuBRvtuUEB7e73pZZDkp7uJZD6aTWbjZByg/HlNRQwkn1ERpP0Y3fkyr85cwfw0XbWO/3wHkJZ+HXk+96RDLnXUyapEnS3k/p62ccmhcVd/Qxp0NT8X9sqXCzYY3Gf24UvAd0S3BfbUMIEsIWPfxRhY2s9+ykiJpvgsA09r6/6CM5SD5oR6P6qRxldKbjUFR13vj/YfPZAEW3VUYjL6qp29IU+KC58YZrJUU1ZMXcrJSKeF9lDwatt2Ajvv7lD8wg76wXNXu3r+yfTcUQixPBgV7L66/BnfQc2pppEBB38RQzT75nu+2RoKBD3oKXpPQ94KudDGy1zAf7rJ+/HXIkD48TikCHEdTHJBfn1aiTkcPeAupingHgh2XpdLrUCEF0DEWOXd8SERgQz1YAjMsaVBB1Cipay/RH97vVabLGMPMh9UKn1CIVms0JWgJD/w+El6yIqU1SdsOOy33HU6H8/rI0oSXgKfWSDiyX+5AK63WbXHLWasbX3P6wEEs+sG1ih9j6P4uS+slsNAtofKUId6F7ji9Fwd1+aDqbZ0bv/W5U2A2ag5QCiw9xyVzKOUPMtJcsvzvQtah1Q2lJ2HSl8JDlPFnoSmEx2g2V7d2+h8HSmKKeGhuZu7shaIhV8+SwjYNnpzN2eHwFTLQA5bH8ZingIAG4//Fvbh5Y+pJTpYoQf3A60J7yA6E0SRmGEdiIsssCkJZ5T/AcnAnuc/P+wsLR//C62hLnKw+Idxm92MmIzLV7NGheo=